
Microsoft Visual Studio Solution File, Format Version 12.00
# Visual Studio 15
VisualStudioVersion = 15.0.27130.0
MinimumVisualStudioVersion = 10.0.40219.1
Project("{2150E333-8FDC-42A3-9474-1A3956D46DE8}") = "01. Core Layer", "01. Core Layer", "{DC594C05-CB33-45CA-BFCA-8FABFC971B92}"
EndProject
Project("{2150E333-8FDC-42A3-9474-1A3956D46DE8}") = "02. Data Layer", "02. Data Layer", "{47DF44AD-D64F-4162-8701-00B5BA69446E}"
EndProject
Project("{2150E333-8FDC-42A3-9474-1A3956D46DE8}") = "03. Api Layer", "03. Api Layer", "{FDC83E89-45E5-4864-BF54-8F32AD5FB443}"
EndProject
Project("{2150E333-8FDC-42A3-9474-1A3956D46DE8}") = "04. Website Layer", "04. Website Layer", "{6222D99A-FA9B-4640-A7FB-DA3C02642485}"
EndProject
Project("{9A19103F-16F7-4668-BE54-9A1E7A4F7556}") = "RpEid.Website", "src\Apis\RpEid\RpEid.Website\RpEid.Website.csproj", "{D0B3C475-92DB-42E2-9C1F-08707A3353A2}"
EndProject
Project("{9A19103F-16F7-4668-BE54-9A1E7A4F7556}") = "RpEid.Api", "src\Apis\RpEid\RpEid.Api\RpEid.Api.csproj", "{AD8E587B-64C2-44CE-98A9-851FE8970E3D}"
EndProject
Project("{9A19103F-16F7-4668-BE54-9A1E7A4F7556}") = "SimpleIdentityServer.Client", "..\IdServer\SimpleIdentityServer\src\Apis\SimpleIdServer\SimpleIdentityServer.Client\SimpleIdentityServer.Client.csproj", "{DFB73D0E-8B49-43B5-80B6-446F03DB69DB}"
EndProject
Project("{9A19103F-16F7-4668-BE54-9A1E7A4F7556}") = "SimpleIdentityServer.Core.Common", "..\IdServer\SimpleIdentityServer\src\Apis\SimpleIdServer\SimpleIdentityServer.Core.Common\SimpleIdentityServer.Core.Common.csproj", "{8F308695-A006-4D5A-908C-2671E3A20D6A}"
EndProject
Project("{9A19103F-16F7-4668-BE54-9A1E7A4F7556}") = "SimpleIdentityServer.UserInfoIntrospection", "..\IdServer\SimpleIdentityServer\src\Apis\SimpleIdServer\SimpleIdentityServer.UserInfoIntrospection\SimpleIdentityServer.UserInfoIntrospection.csproj", "{90186C29-61DE-4F93-9541-1691BC1E30E2}"
EndProject
Project("{9A19103F-16F7-4668-BE54-9A1E7A4F7556}") = "SimpleIdentityServer.Core.Jwt", "..\IdServer\SimpleIdentityServer\src\Apis\SimpleIdServer\SimpleIdentityServer.Core.Jwt\SimpleIdentityServer.Core.Jwt.csproj", "{E0E98289-6DD4-437D-89D7-968F58600E91}"
EndProject
Project("{9A19103F-16F7-4668-BE54-9A1E7A4F7556}") = "System.Security.Cryptography.Algorithms.Extensions", "..\IdServer\SimpleIdentityServer\src\Lib\System.Security.Cryptography.Algorithms.Extensions\System.Security.Cryptography.Algorithms.Extensions.csproj", "{E82F5C31-860F-4C65-A301-C83A02E6C899}"
EndProject
Global
	GlobalSection(SolutionConfigurationPlatforms) = preSolution
		Debug|Any CPU = Debug|Any CPU
		Release|Any CPU = Release|Any CPU
	EndGlobalSection
	GlobalSection(ProjectConfigurationPlatforms) = postSolution
		{D0B3C475-92DB-42E2-9C1F-08707A3353A2}.Debug|Any CPU.ActiveCfg = Debug|Any CPU
		{D0B3C475-92DB-42E2-9C1F-08707A3353A2}.Debug|Any CPU.Build.0 = Debug|Any CPU
		{D0B3C475-92DB-42E2-9C1F-08707A3353A2}.Release|Any CPU.ActiveCfg = Release|Any CPU
		{D0B3C475-92DB-42E2-9C1F-08707A3353A2}.Release|Any CPU.Build.0 = Release|Any CPU
		{AD8E587B-64C2-44CE-98A9-851FE8970E3D}.Debug|Any CPU.ActiveCfg = Debug|Any CPU
		{AD8E587B-64C2-44CE-98A9-851FE8970E3D}.Debug|Any CPU.Build.0 = Debug|Any CPU
		{AD8E587B-64C2-44CE-98A9-851FE8970E3D}.Release|Any CPU.ActiveCfg = Release|Any CPU
		{AD8E587B-64C2-44CE-98A9-851FE8970E3D}.Release|Any CPU.Build.0 = Release|Any CPU
		{DFB73D0E-8B49-43B5-80B6-446F03DB69DB}.Debug|Any CPU.ActiveCfg = Debug|Any CPU
		{DFB73D0E-8B49-43B5-80B6-446F03DB69DB}.Debug|Any CPU.Build.0 = Debug|Any CPU
		{DFB73D0E-8B49-43B5-80B6-446F03DB69DB}.Release|Any CPU.ActiveCfg = Release|Any CPU
		{DFB73D0E-8B49-43B5-80B6-446F03DB69DB}.Release|Any CPU.Build.0 = Release|Any CPU
		{8F308695-A006-4D5A-908C-2671E3A20D6A}.Debug|Any CPU.ActiveCfg = Debug|Any CPU
		{8F308695-A006-4D5A-908C-2671E3A20D6A}.Debug|Any CPU.Build.0 = Debug|Any CPU
		{8F308695-A006-4D5A-908C-2671E3A20D6A}.Release|Any CPU.ActiveCfg = Release|Any CPU
		{8F308695-A006-4D5A-908C-2671E3A20D6A}.Release|Any CPU.Build.0 = Release|Any CPU
		{90186C29-61DE-4F93-9541-1691BC1E30E2}.Debug|Any CPU.ActiveCfg = Debug|Any CPU
		{90186C29-61DE-4F93-9541-1691BC1E30E2}.Debug|Any CPU.Build.0 = Debug|Any CPU
		{90186C29-61DE-4F93-9541-1691BC1E30E2}.Release|Any CPU.ActiveCfg = Release|Any CPU
		{90186C29-61DE-4F93-9541-1691BC1E30E2}.Release|Any CPU.Build.0 = Release|Any CPU
		{E0E98289-6DD4-437D-89D7-968F58600E91}.Debug|Any CPU.ActiveCfg = Debug|Any CPU
		{E0E98289-6DD4-437D-89D7-968F58600E91}.Debug|Any CPU.Build.0 = Debug|Any CPU
		{E0E98289-6DD4-437D-89D7-968F58600E91}.Release|Any CPU.ActiveCfg = Release|Any CPU
		{E0E98289-6DD4-437D-89D7-968F58600E91}.Release|Any CPU.Build.0 = Release|Any CPU
		{E82F5C31-860F-4C65-A301-C83A02E6C899}.Debug|Any CPU.ActiveCfg = Debug|Any CPU
		{E82F5C31-860F-4C65-A301-C83A02E6C899}.Debug|Any CPU.Build.0 = Debug|Any CPU
		{E82F5C31-860F-4C65-A301-C83A02E6C899}.Release|Any CPU.ActiveCfg = Release|Any CPU
		{E82F5C31-860F-4C65-A301-C83A02E6C899}.Release|Any CPU.Build.0 = Release|Any CPU
	EndGlobalSection
	GlobalSection(SolutionProperties) = preSolution
		HideSolutionNode = FALSE
	EndGlobalSection
	GlobalSection(NestedProjects) = preSolution
		{D0B3C475-92DB-42E2-9C1F-08707A3353A2} = {6222D99A-FA9B-4640-A7FB-DA3C02642485}
		{AD8E587B-64C2-44CE-98A9-851FE8970E3D} = {FDC83E89-45E5-4864-BF54-8F32AD5FB443}
		{DFB73D0E-8B49-43B5-80B6-446F03DB69DB} = {DC594C05-CB33-45CA-BFCA-8FABFC971B92}
		{8F308695-A006-4D5A-908C-2671E3A20D6A} = {DC594C05-CB33-45CA-BFCA-8FABFC971B92}
		{90186C29-61DE-4F93-9541-1691BC1E30E2} = {DC594C05-CB33-45CA-BFCA-8FABFC971B92}
		{E0E98289-6DD4-437D-89D7-968F58600E91} = {DC594C05-CB33-45CA-BFCA-8FABFC971B92}
		{E82F5C31-860F-4C65-A301-C83A02E6C899} = {DC594C05-CB33-45CA-BFCA-8FABFC971B92}
	EndGlobalSection
	GlobalSection(ExtensibilityGlobals) = postSolution
		SolutionGuid = {B3AAF07D-FF0E-49D4-906C-333FFB421BC3}
	EndGlobalSection
EndGlobal
