
Microsoft Visual Studio Solution File, Format Version 12.00
# Visual Studio 15
VisualStudioVersion = 15.0.27130.2024
MinimumVisualStudioVersion = 10.0.40219.1
Project("{9A19103F-16F7-4668-BE54-9A1E7A4F7556}") = "SimpleIdentityServer.Eid", "src\Apis\Eid\SimpleIdentityServer.Eid\SimpleIdentityServer.Eid.csproj", "{ED6CD139-5878-4033-B1F7-C8F1E32B6363}"
EndProject
Project("{9A19103F-16F7-4668-BE54-9A1E7A4F7556}") = "SimpleIdentityServer.Eid.Common", "src\Apis\Eid\SimpleIdentityServer.Eid.Common\SimpleIdentityServer.Eid.Common.csproj", "{17326F4F-8E54-4604-A70F-35464E078933}"
EndProject
Project("{9A19103F-16F7-4668-BE54-9A1E7A4F7556}") = "SimpleIdentityServer.Eid.Sign", "src\Apis\Eid\SimpleIdentityServer.Eid.Sign\SimpleIdentityServer.Eid.Sign.csproj", "{43D9B4BD-5E97-4010-8C78-7DF4E0FDF840}"
EndProject
Project("{9A19103F-16F7-4668-BE54-9A1E7A4F7556}") = "SimpleIdentityServer.Eid.UI", "src\Apis\Eid\SimpleIdentityServer.Eid.UI\SimpleIdentityServer.Eid.UI.csproj", "{679EB5D6-22C9-47AE-9A0A-A24A94B9DDE4}"
EndProject
Project("{9A19103F-16F7-4668-BE54-9A1E7A4F7556}") = "PcscDotNet", "src\Apis\Eid\PcscDotNet\PcscDotNet.csproj", "{A22D0464-1B9A-4835-BD60-7CBF96728B27}"
EndProject
Project("{9A19103F-16F7-4668-BE54-9A1E7A4F7556}") = "SimpleIdentityServer.Eid.Ehealth", "src\Apis\Eid\SimpleIdentityServer.Eid.Ehealth\SimpleIdentityServer.Eid.Ehealth.csproj", "{14AB2FB1-0391-4EC1-A30E-ED3CEFA79D46}"
EndProject
Project("{2150E333-8FDC-42A3-9474-1A3956D46DE8}") = "03. Testing Layer", "03. Testing Layer", "{A0321FBA-DF9D-4FCC-AADE-C2A7978A1F59}"
EndProject
Project("{9A19103F-16F7-4668-BE54-9A1E7A4F7556}") = "SimpleIdentityServer.Eid.Tests", "tests\SimpleIdentityServer.Eid.Tests\SimpleIdentityServer.Eid.Tests.csproj", "{80F948D3-6F52-4DF1-9D3E-B38C36879E37}"
EndProject
Project("{2150E333-8FDC-42A3-9474-1A3956D46DE8}") = "01. Eid Layer", "01. Eid Layer", "{2CE3A303-2D72-4136-8462-B48AE744574A}"
EndProject
Project("{2150E333-8FDC-42A3-9474-1A3956D46DE8}") = "02. OpenId Layer", "02. OpenId Layer", "{9A497463-C557-4F14-9060-78A5FE27E200}"
EndProject
Project("{9A19103F-16F7-4668-BE54-9A1E7A4F7556}") = "SimpleIdentityServer.Eid.OpenId", "src\Apis\Eid\SimpleIdentityServer.Eid.OpenId\SimpleIdentityServer.Eid.OpenId.csproj", "{944386F6-B87C-4F5A-94AC-74AF87A6BF81}"
EndProject
Project("{9A19103F-16F7-4668-BE54-9A1E7A4F7556}") = "SimpleIdentityServer.Eid.OpenId.Core", "src\Apis\Eid\SimpleIdentityServer.Eid.OpenId.Core\SimpleIdentityServer.Eid.OpenId.Core.csproj", "{4BE57B51-CC08-45D7-8CF0-B3DF062D749D}"
EndProject
Global
	GlobalSection(SolutionConfigurationPlatforms) = preSolution
		Debug|Any CPU = Debug|Any CPU
		Release|Any CPU = Release|Any CPU
	EndGlobalSection
	GlobalSection(ProjectConfigurationPlatforms) = postSolution
		{ED6CD139-5878-4033-B1F7-C8F1E32B6363}.Debug|Any CPU.ActiveCfg = Debug|Any CPU
		{ED6CD139-5878-4033-B1F7-C8F1E32B6363}.Debug|Any CPU.Build.0 = Debug|Any CPU
		{ED6CD139-5878-4033-B1F7-C8F1E32B6363}.Release|Any CPU.ActiveCfg = Release|Any CPU
		{ED6CD139-5878-4033-B1F7-C8F1E32B6363}.Release|Any CPU.Build.0 = Release|Any CPU
		{17326F4F-8E54-4604-A70F-35464E078933}.Debug|Any CPU.ActiveCfg = Debug|Any CPU
		{17326F4F-8E54-4604-A70F-35464E078933}.Debug|Any CPU.Build.0 = Debug|Any CPU
		{17326F4F-8E54-4604-A70F-35464E078933}.Release|Any CPU.ActiveCfg = Release|Any CPU
		{17326F4F-8E54-4604-A70F-35464E078933}.Release|Any CPU.Build.0 = Release|Any CPU
		{43D9B4BD-5E97-4010-8C78-7DF4E0FDF840}.Debug|Any CPU.ActiveCfg = Debug|Any CPU
		{43D9B4BD-5E97-4010-8C78-7DF4E0FDF840}.Debug|Any CPU.Build.0 = Debug|Any CPU
		{43D9B4BD-5E97-4010-8C78-7DF4E0FDF840}.Release|Any CPU.ActiveCfg = Release|Any CPU
		{43D9B4BD-5E97-4010-8C78-7DF4E0FDF840}.Release|Any CPU.Build.0 = Release|Any CPU
		{679EB5D6-22C9-47AE-9A0A-A24A94B9DDE4}.Debug|Any CPU.ActiveCfg = Debug|Any CPU
		{679EB5D6-22C9-47AE-9A0A-A24A94B9DDE4}.Debug|Any CPU.Build.0 = Debug|Any CPU
		{679EB5D6-22C9-47AE-9A0A-A24A94B9DDE4}.Release|Any CPU.ActiveCfg = Release|Any CPU
		{679EB5D6-22C9-47AE-9A0A-A24A94B9DDE4}.Release|Any CPU.Build.0 = Release|Any CPU
		{A22D0464-1B9A-4835-BD60-7CBF96728B27}.Debug|Any CPU.ActiveCfg = Debug|Any CPU
		{A22D0464-1B9A-4835-BD60-7CBF96728B27}.Debug|Any CPU.Build.0 = Debug|Any CPU
		{A22D0464-1B9A-4835-BD60-7CBF96728B27}.Release|Any CPU.ActiveCfg = Release|Any CPU
		{A22D0464-1B9A-4835-BD60-7CBF96728B27}.Release|Any CPU.Build.0 = Release|Any CPU
		{14AB2FB1-0391-4EC1-A30E-ED3CEFA79D46}.Debug|Any CPU.ActiveCfg = Debug|Any CPU
		{14AB2FB1-0391-4EC1-A30E-ED3CEFA79D46}.Debug|Any CPU.Build.0 = Debug|Any CPU
		{14AB2FB1-0391-4EC1-A30E-ED3CEFA79D46}.Release|Any CPU.ActiveCfg = Release|Any CPU
		{14AB2FB1-0391-4EC1-A30E-ED3CEFA79D46}.Release|Any CPU.Build.0 = Release|Any CPU
		{80F948D3-6F52-4DF1-9D3E-B38C36879E37}.Debug|Any CPU.ActiveCfg = Debug|Any CPU
		{80F948D3-6F52-4DF1-9D3E-B38C36879E37}.Debug|Any CPU.Build.0 = Debug|Any CPU
		{80F948D3-6F52-4DF1-9D3E-B38C36879E37}.Release|Any CPU.ActiveCfg = Release|Any CPU
		{80F948D3-6F52-4DF1-9D3E-B38C36879E37}.Release|Any CPU.Build.0 = Release|Any CPU
		{944386F6-B87C-4F5A-94AC-74AF87A6BF81}.Debug|Any CPU.ActiveCfg = Debug|Any CPU
		{944386F6-B87C-4F5A-94AC-74AF87A6BF81}.Debug|Any CPU.Build.0 = Debug|Any CPU
		{944386F6-B87C-4F5A-94AC-74AF87A6BF81}.Release|Any CPU.ActiveCfg = Release|Any CPU
		{944386F6-B87C-4F5A-94AC-74AF87A6BF81}.Release|Any CPU.Build.0 = Release|Any CPU
		{4BE57B51-CC08-45D7-8CF0-B3DF062D749D}.Debug|Any CPU.ActiveCfg = Debug|Any CPU
		{4BE57B51-CC08-45D7-8CF0-B3DF062D749D}.Debug|Any CPU.Build.0 = Debug|Any CPU
		{4BE57B51-CC08-45D7-8CF0-B3DF062D749D}.Release|Any CPU.ActiveCfg = Release|Any CPU
		{4BE57B51-CC08-45D7-8CF0-B3DF062D749D}.Release|Any CPU.Build.0 = Release|Any CPU
	EndGlobalSection
	GlobalSection(SolutionProperties) = preSolution
		HideSolutionNode = FALSE
	EndGlobalSection
	GlobalSection(NestedProjects) = preSolution
		{ED6CD139-5878-4033-B1F7-C8F1E32B6363} = {2CE3A303-2D72-4136-8462-B48AE744574A}
		{17326F4F-8E54-4604-A70F-35464E078933} = {2CE3A303-2D72-4136-8462-B48AE744574A}
		{43D9B4BD-5E97-4010-8C78-7DF4E0FDF840} = {2CE3A303-2D72-4136-8462-B48AE744574A}
		{679EB5D6-22C9-47AE-9A0A-A24A94B9DDE4} = {2CE3A303-2D72-4136-8462-B48AE744574A}
		{A22D0464-1B9A-4835-BD60-7CBF96728B27} = {2CE3A303-2D72-4136-8462-B48AE744574A}
		{14AB2FB1-0391-4EC1-A30E-ED3CEFA79D46} = {2CE3A303-2D72-4136-8462-B48AE744574A}
		{80F948D3-6F52-4DF1-9D3E-B38C36879E37} = {A0321FBA-DF9D-4FCC-AADE-C2A7978A1F59}
		{944386F6-B87C-4F5A-94AC-74AF87A6BF81} = {9A497463-C557-4F14-9060-78A5FE27E200}
		{4BE57B51-CC08-45D7-8CF0-B3DF062D749D} = {9A497463-C557-4F14-9060-78A5FE27E200}
	EndGlobalSection
	GlobalSection(ExtensibilityGlobals) = postSolution
		SolutionGuid = {FFB2834E-13F7-40B1-A7D9-561DA8F91949}
	EndGlobalSection
EndGlobal
