
Microsoft Visual Studio Solution File, Format Version 12.00
# Visual Studio 15
VisualStudioVersion = 15.0.27130.0
MinimumVisualStudioVersion = 10.0.40219.1
Project("{2150E333-8FDC-42A3-9474-1A3956D46DE8}") = "01. Other Layer", "01. Other Layer", "{C543E3A7-12FE-40D2-B6EC-88764D7BF0AA}"
EndProject
Project("{2150E333-8FDC-42A3-9474-1A3956D46DE8}") = "02. Core Layer", "02. Core Layer", "{F7EDF26F-9971-4772-8CDF-5A900A370498}"
EndProject
Project("{2150E333-8FDC-42A3-9474-1A3956D46DE8}") = "04. Startup Layer", "04. Startup Layer", "{0A7B69EE-E1A1-4B92-BA6A-DA5C3AC27294}"
EndProject
Project("{2150E333-8FDC-42A3-9474-1A3956D46DE8}") = "05. Testing Layer", "05. Testing Layer", "{106A7981-9FC9-4197-BE79-5356E094FFF7}"
EndProject
Project("{9A19103F-16F7-4668-BE54-9A1E7A4F7556}") = "SimpleIdentityServer.DocumentManagement.Startup", "src\Apis\DocumentManagement\SimpleIdentityServer.DocumentManagement.Startup\SimpleIdentityServer.DocumentManagement.Startup.csproj", "{31948A22-FBD5-4E9C-AC46-81E4943390BF}"
EndProject
Project("{9A19103F-16F7-4668-BE54-9A1E7A4F7556}") = "SimpleIdentityServer.DocumentManagement.Core", "src\Apis\DocumentManagement\SimpleIdentityServer.DocumentManagement.Core\SimpleIdentityServer.DocumentManagement.Core.csproj", "{F6272C27-FC01-42E0-A1E1-20CAA0B2F767}"
EndProject
Project("{9A19103F-16F7-4668-BE54-9A1E7A4F7556}") = "SimpleIdentityServer.DocumentManagement.Api", "src\Apis\DocumentManagement\SimpleIdentityServer.DocumentManagement.Api\SimpleIdentityServer.DocumentManagement.Api.csproj", "{FD064315-EFCF-43B3-B78A-A5D3C8CB435D}"
EndProject
Project("{2150E333-8FDC-42A3-9474-1A3956D46DE8}") = "03. Data Layer", "03. Data Layer", "{D9377393-225F-4CEF-BCB7-88C45F658ED5}"
EndProject
Project("{9A19103F-16F7-4668-BE54-9A1E7A4F7556}") = "SimpleIdentityServer.DocumentManagement.EF", "src\Apis\DocumentManagement\SimpleIdentityServer.DocumentManagement.EF\SimpleIdentityServer.DocumentManagement.EF.csproj", "{0D9D8C91-7550-4A1A-ACDC-E3AEE8E08CBF}"
EndProject
Project("{9A19103F-16F7-4668-BE54-9A1E7A4F7556}") = "SimpleIdentityServer.DocumentManagement.EF.InMemory", "src\Apis\DocumentManagement\SimpleIdentityServer.DocumentManagement.EF.InMemory\SimpleIdentityServer.DocumentManagement.EF.InMemory.csproj", "{A06F6AC2-1AA6-41C7-9BE4-ADB5B95474D3}"
EndProject
Project("{9A19103F-16F7-4668-BE54-9A1E7A4F7556}") = "SimpleIdentityServer.DocumentManagement.Core.Tests", "tests\SimpleIdentityServer.DocumentManagement.Core.Tests\SimpleIdentityServer.DocumentManagement.Core.Tests.csproj", "{4A702762-C1F1-4F92-BBCF-5545AE72BC4D}"
EndProject
Project("{9A19103F-16F7-4668-BE54-9A1E7A4F7556}") = "SimpleIdentityServer.Uma.Client", "..\IdServer\SimpleIdentityServer\src\Apis\Uma\SimpleIdentityServer.Uma.Client\SimpleIdentityServer.Uma.Client.csproj", "{1ACF8F2E-A71D-4EEE-BB3E-4E491D3C85DE}"
EndProject
Project("{9A19103F-16F7-4668-BE54-9A1E7A4F7556}") = "SimpleIdentityServer.Uma.Common", "..\IdServer\SimpleIdentityServer\src\Apis\Uma\SimpleIdentityServer.Uma.Common\SimpleIdentityServer.Uma.Common.csproj", "{075048DD-50C4-47C8-9433-6106AA9D8968}"
EndProject
Project("{9A19103F-16F7-4668-BE54-9A1E7A4F7556}") = "SimpleIdentityServer.Core.Common", "..\IdServer\SimpleIdentityServer\src\Apis\SimpleIdServer\SimpleIdentityServer.Core.Common\SimpleIdentityServer.Core.Common.csproj", "{2B814FE2-C895-4F1B-9DC6-30AEF99050CF}"
EndProject
Project("{9A19103F-16F7-4668-BE54-9A1E7A4F7556}") = "SimpleIdentityServer.Common.TokenStore", "src\Apis\Common\SimpleIdentityServer.Common.TokenStore\SimpleIdentityServer.Common.TokenStore.csproj", "{2B1503F4-68A2-44FA-9045-2156BFD39317}"
EndProject
Project("{9A19103F-16F7-4668-BE54-9A1E7A4F7556}") = "SimpleIdentityServer.Common.TokenStore.InMemory", "src\Apis\Common\SimpleIdentityServer.Common.TokenStore.InMemory\SimpleIdentityServer.Common.TokenStore.InMemory.csproj", "{31438C3C-409F-48DB-8121-13585943BB8C}"
EndProject
Project("{9A19103F-16F7-4668-BE54-9A1E7A4F7556}") = "SimpleIdentityServer.Client", "..\IdServer\SimpleIdentityServer\src\Apis\SimpleIdServer\SimpleIdentityServer.Client\SimpleIdentityServer.Client.csproj", "{0783C5A6-1EEF-42A5-8CC9-092003C53A77}"
EndProject
Project("{9A19103F-16F7-4668-BE54-9A1E7A4F7556}") = "SimpleIdentityServer.Core.Jwt", "..\IdServer\SimpleIdentityServer\src\Apis\SimpleIdServer\SimpleIdentityServer.Core.Jwt\SimpleIdentityServer.Core.Jwt.csproj", "{7D45C04C-12E9-4ECD-AA23-DFB57C558C1C}"
EndProject
Project("{9A19103F-16F7-4668-BE54-9A1E7A4F7556}") = "SimpleIdentityServer.DocumentManagement.Common", "src\Apis\DocumentManagement\SimpleIdentityServer.DocumentManagement.Common\SimpleIdentityServer.DocumentManagement.Common.csproj", "{DF1B5668-6D86-42D7-A593-B58B01F743BB}"
EndProject
Project("{9A19103F-16F7-4668-BE54-9A1E7A4F7556}") = "SimpleIdentityServer.Common.Dtos", "src\Apis\Common\SimpleIdentityServer.Common.Dtos\SimpleIdentityServer.Common.Dtos.csproj", "{8B694A4F-B7ED-4151-99CA-3B0EF8C66581}"
EndProject
Project("{9A19103F-16F7-4668-BE54-9A1E7A4F7556}") = "SimpleIdentityServer.UserInfoIntrospection", "..\IdServer\SimpleIdentityServer\src\Apis\SimpleIdServer\SimpleIdentityServer.UserInfoIntrospection\SimpleIdentityServer.UserInfoIntrospection.csproj", "{0125F7E5-8832-427F-B867-F6233779CFD2}"
EndProject
Global
	GlobalSection(SolutionConfigurationPlatforms) = preSolution
		Debug|Any CPU = Debug|Any CPU
		Release|Any CPU = Release|Any CPU
	EndGlobalSection
	GlobalSection(ProjectConfigurationPlatforms) = postSolution
		{31948A22-FBD5-4E9C-AC46-81E4943390BF}.Debug|Any CPU.ActiveCfg = Debug|Any CPU
		{31948A22-FBD5-4E9C-AC46-81E4943390BF}.Debug|Any CPU.Build.0 = Debug|Any CPU
		{31948A22-FBD5-4E9C-AC46-81E4943390BF}.Release|Any CPU.ActiveCfg = Release|Any CPU
		{31948A22-FBD5-4E9C-AC46-81E4943390BF}.Release|Any CPU.Build.0 = Release|Any CPU
		{F6272C27-FC01-42E0-A1E1-20CAA0B2F767}.Debug|Any CPU.ActiveCfg = Debug|Any CPU
		{F6272C27-FC01-42E0-A1E1-20CAA0B2F767}.Debug|Any CPU.Build.0 = Debug|Any CPU
		{F6272C27-FC01-42E0-A1E1-20CAA0B2F767}.Release|Any CPU.ActiveCfg = Release|Any CPU
		{F6272C27-FC01-42E0-A1E1-20CAA0B2F767}.Release|Any CPU.Build.0 = Release|Any CPU
		{FD064315-EFCF-43B3-B78A-A5D3C8CB435D}.Debug|Any CPU.ActiveCfg = Debug|Any CPU
		{FD064315-EFCF-43B3-B78A-A5D3C8CB435D}.Debug|Any CPU.Build.0 = Debug|Any CPU
		{FD064315-EFCF-43B3-B78A-A5D3C8CB435D}.Release|Any CPU.ActiveCfg = Release|Any CPU
		{FD064315-EFCF-43B3-B78A-A5D3C8CB435D}.Release|Any CPU.Build.0 = Release|Any CPU
		{0D9D8C91-7550-4A1A-ACDC-E3AEE8E08CBF}.Debug|Any CPU.ActiveCfg = Debug|Any CPU
		{0D9D8C91-7550-4A1A-ACDC-E3AEE8E08CBF}.Debug|Any CPU.Build.0 = Debug|Any CPU
		{0D9D8C91-7550-4A1A-ACDC-E3AEE8E08CBF}.Release|Any CPU.ActiveCfg = Release|Any CPU
		{0D9D8C91-7550-4A1A-ACDC-E3AEE8E08CBF}.Release|Any CPU.Build.0 = Release|Any CPU
		{A06F6AC2-1AA6-41C7-9BE4-ADB5B95474D3}.Debug|Any CPU.ActiveCfg = Debug|Any CPU
		{A06F6AC2-1AA6-41C7-9BE4-ADB5B95474D3}.Debug|Any CPU.Build.0 = Debug|Any CPU
		{A06F6AC2-1AA6-41C7-9BE4-ADB5B95474D3}.Release|Any CPU.ActiveCfg = Release|Any CPU
		{A06F6AC2-1AA6-41C7-9BE4-ADB5B95474D3}.Release|Any CPU.Build.0 = Release|Any CPU
		{4A702762-C1F1-4F92-BBCF-5545AE72BC4D}.Debug|Any CPU.ActiveCfg = Debug|Any CPU
		{4A702762-C1F1-4F92-BBCF-5545AE72BC4D}.Debug|Any CPU.Build.0 = Debug|Any CPU
		{4A702762-C1F1-4F92-BBCF-5545AE72BC4D}.Release|Any CPU.ActiveCfg = Release|Any CPU
		{4A702762-C1F1-4F92-BBCF-5545AE72BC4D}.Release|Any CPU.Build.0 = Release|Any CPU
		{1ACF8F2E-A71D-4EEE-BB3E-4E491D3C85DE}.Debug|Any CPU.ActiveCfg = Debug|Any CPU
		{1ACF8F2E-A71D-4EEE-BB3E-4E491D3C85DE}.Debug|Any CPU.Build.0 = Debug|Any CPU
		{1ACF8F2E-A71D-4EEE-BB3E-4E491D3C85DE}.Release|Any CPU.ActiveCfg = Release|Any CPU
		{1ACF8F2E-A71D-4EEE-BB3E-4E491D3C85DE}.Release|Any CPU.Build.0 = Release|Any CPU
		{075048DD-50C4-47C8-9433-6106AA9D8968}.Debug|Any CPU.ActiveCfg = Debug|Any CPU
		{075048DD-50C4-47C8-9433-6106AA9D8968}.Debug|Any CPU.Build.0 = Debug|Any CPU
		{075048DD-50C4-47C8-9433-6106AA9D8968}.Release|Any CPU.ActiveCfg = Release|Any CPU
		{075048DD-50C4-47C8-9433-6106AA9D8968}.Release|Any CPU.Build.0 = Release|Any CPU
		{2B814FE2-C895-4F1B-9DC6-30AEF99050CF}.Debug|Any CPU.ActiveCfg = Debug|Any CPU
		{2B814FE2-C895-4F1B-9DC6-30AEF99050CF}.Debug|Any CPU.Build.0 = Debug|Any CPU
		{2B814FE2-C895-4F1B-9DC6-30AEF99050CF}.Release|Any CPU.ActiveCfg = Release|Any CPU
		{2B814FE2-C895-4F1B-9DC6-30AEF99050CF}.Release|Any CPU.Build.0 = Release|Any CPU
		{2B1503F4-68A2-44FA-9045-2156BFD39317}.Debug|Any CPU.ActiveCfg = Debug|Any CPU
		{2B1503F4-68A2-44FA-9045-2156BFD39317}.Debug|Any CPU.Build.0 = Debug|Any CPU
		{2B1503F4-68A2-44FA-9045-2156BFD39317}.Release|Any CPU.ActiveCfg = Release|Any CPU
		{2B1503F4-68A2-44FA-9045-2156BFD39317}.Release|Any CPU.Build.0 = Release|Any CPU
		{31438C3C-409F-48DB-8121-13585943BB8C}.Debug|Any CPU.ActiveCfg = Debug|Any CPU
		{31438C3C-409F-48DB-8121-13585943BB8C}.Debug|Any CPU.Build.0 = Debug|Any CPU
		{31438C3C-409F-48DB-8121-13585943BB8C}.Release|Any CPU.ActiveCfg = Release|Any CPU
		{31438C3C-409F-48DB-8121-13585943BB8C}.Release|Any CPU.Build.0 = Release|Any CPU
		{0783C5A6-1EEF-42A5-8CC9-092003C53A77}.Debug|Any CPU.ActiveCfg = Debug|Any CPU
		{0783C5A6-1EEF-42A5-8CC9-092003C53A77}.Debug|Any CPU.Build.0 = Debug|Any CPU
		{0783C5A6-1EEF-42A5-8CC9-092003C53A77}.Release|Any CPU.ActiveCfg = Release|Any CPU
		{0783C5A6-1EEF-42A5-8CC9-092003C53A77}.Release|Any CPU.Build.0 = Release|Any CPU
		{7D45C04C-12E9-4ECD-AA23-DFB57C558C1C}.Debug|Any CPU.ActiveCfg = Debug|Any CPU
		{7D45C04C-12E9-4ECD-AA23-DFB57C558C1C}.Debug|Any CPU.Build.0 = Debug|Any CPU
		{7D45C04C-12E9-4ECD-AA23-DFB57C558C1C}.Release|Any CPU.ActiveCfg = Release|Any CPU
		{7D45C04C-12E9-4ECD-AA23-DFB57C558C1C}.Release|Any CPU.Build.0 = Release|Any CPU
		{DF1B5668-6D86-42D7-A593-B58B01F743BB}.Debug|Any CPU.ActiveCfg = Debug|Any CPU
		{DF1B5668-6D86-42D7-A593-B58B01F743BB}.Debug|Any CPU.Build.0 = Debug|Any CPU
		{DF1B5668-6D86-42D7-A593-B58B01F743BB}.Release|Any CPU.ActiveCfg = Release|Any CPU
		{DF1B5668-6D86-42D7-A593-B58B01F743BB}.Release|Any CPU.Build.0 = Release|Any CPU
		{8B694A4F-B7ED-4151-99CA-3B0EF8C66581}.Debug|Any CPU.ActiveCfg = Debug|Any CPU
		{8B694A4F-B7ED-4151-99CA-3B0EF8C66581}.Debug|Any CPU.Build.0 = Debug|Any CPU
		{8B694A4F-B7ED-4151-99CA-3B0EF8C66581}.Release|Any CPU.ActiveCfg = Release|Any CPU
		{8B694A4F-B7ED-4151-99CA-3B0EF8C66581}.Release|Any CPU.Build.0 = Release|Any CPU
		{0125F7E5-8832-427F-B867-F6233779CFD2}.Debug|Any CPU.ActiveCfg = Debug|Any CPU
		{0125F7E5-8832-427F-B867-F6233779CFD2}.Debug|Any CPU.Build.0 = Debug|Any CPU
		{0125F7E5-8832-427F-B867-F6233779CFD2}.Release|Any CPU.ActiveCfg = Release|Any CPU
		{0125F7E5-8832-427F-B867-F6233779CFD2}.Release|Any CPU.Build.0 = Release|Any CPU
	EndGlobalSection
	GlobalSection(SolutionProperties) = preSolution
		HideSolutionNode = FALSE
	EndGlobalSection
	GlobalSection(NestedProjects) = preSolution
		{31948A22-FBD5-4E9C-AC46-81E4943390BF} = {0A7B69EE-E1A1-4B92-BA6A-DA5C3AC27294}
		{F6272C27-FC01-42E0-A1E1-20CAA0B2F767} = {F7EDF26F-9971-4772-8CDF-5A900A370498}
		{FD064315-EFCF-43B3-B78A-A5D3C8CB435D} = {F7EDF26F-9971-4772-8CDF-5A900A370498}
		{0D9D8C91-7550-4A1A-ACDC-E3AEE8E08CBF} = {D9377393-225F-4CEF-BCB7-88C45F658ED5}
		{A06F6AC2-1AA6-41C7-9BE4-ADB5B95474D3} = {D9377393-225F-4CEF-BCB7-88C45F658ED5}
		{4A702762-C1F1-4F92-BBCF-5545AE72BC4D} = {106A7981-9FC9-4197-BE79-5356E094FFF7}
		{1ACF8F2E-A71D-4EEE-BB3E-4E491D3C85DE} = {C543E3A7-12FE-40D2-B6EC-88764D7BF0AA}
		{075048DD-50C4-47C8-9433-6106AA9D8968} = {C543E3A7-12FE-40D2-B6EC-88764D7BF0AA}
		{2B814FE2-C895-4F1B-9DC6-30AEF99050CF} = {C543E3A7-12FE-40D2-B6EC-88764D7BF0AA}
		{2B1503F4-68A2-44FA-9045-2156BFD39317} = {C543E3A7-12FE-40D2-B6EC-88764D7BF0AA}
		{31438C3C-409F-48DB-8121-13585943BB8C} = {C543E3A7-12FE-40D2-B6EC-88764D7BF0AA}
		{0783C5A6-1EEF-42A5-8CC9-092003C53A77} = {C543E3A7-12FE-40D2-B6EC-88764D7BF0AA}
		{7D45C04C-12E9-4ECD-AA23-DFB57C558C1C} = {C543E3A7-12FE-40D2-B6EC-88764D7BF0AA}
		{DF1B5668-6D86-42D7-A593-B58B01F743BB} = {F7EDF26F-9971-4772-8CDF-5A900A370498}
		{8B694A4F-B7ED-4151-99CA-3B0EF8C66581} = {C543E3A7-12FE-40D2-B6EC-88764D7BF0AA}
		{0125F7E5-8832-427F-B867-F6233779CFD2} = {C543E3A7-12FE-40D2-B6EC-88764D7BF0AA}
	EndGlobalSection
	GlobalSection(ExtensibilityGlobals) = postSolution
		SolutionGuid = {8D2966C7-42AE-44DA-8F5E-9BADBEB674A8}
	EndGlobalSection
EndGlobal
