
Microsoft Visual Studio Solution File, Format Version 12.00
# Visual Studio 15
VisualStudioVersion = 15.0.27130.0
MinimumVisualStudioVersion = 10.0.40219.1
Project("{2150E333-8FDC-42A3-9474-1A3956D46DE8}") = "01. Core", "01. Core", "{D3274B2A-7992-412D-A2BC-CD2DDA51F24E}"
EndProject
Project("{2150E333-8FDC-42A3-9474-1A3956D46DE8}") = "03. Host", "03. Host", "{5DEBCF0A-FE01-425F-BFE2-F1EADDD6D8D2}"
EndProject
Project("{2150E333-8FDC-42A3-9474-1A3956D46DE8}") = "04. Test", "04. Test", "{5AD816CA-C393-428F-9F06-98B45120B02C}"
EndProject
Project("{2150E333-8FDC-42A3-9474-1A3956D46DE8}") = "01. Unit Tests", "01. Unit Tests", "{28801ACE-3A1D-4868-90AB-B30043A20AED}"
EndProject
Project("{9A19103F-16F7-4668-BE54-9A1E7A4F7556}") = "SimpleIdentityServer.Manager.Core.Tests", "tests\SimpleIdentityServer.Manager.Core.Tests\SimpleIdentityServer.Manager.Core.Tests.csproj", "{FCB0F13A-B412-4340-B077-D3E7A60A9DD7}"
EndProject
Project("{9A19103F-16F7-4668-BE54-9A1E7A4F7556}") = "SimpleIdentityServer.Manager.Host", "src\Apis\Manager\SimpleIdentityServer.Manager.Host\SimpleIdentityServer.Manager.Host.csproj", "{43FC813E-E3FD-4712-933A-81E95FDBE62A}"
EndProject
Project("{9A19103F-16F7-4668-BE54-9A1E7A4F7556}") = "SimpleIdentityServer.Manager.Host.Startup", "src\Apis\Manager\SimpleIdentityServer.Manager.Host.Startup\SimpleIdentityServer.Manager.Host.Startup.csproj", "{D2E9DB17-987D-419D-8E14-1CBBF984041F}"
EndProject
Project("{2150E333-8FDC-42A3-9474-1A3956D46DE8}") = "WebApiContrib", "WebApiContrib", "{5D407E0D-4A55-4AA6-AC79-93F82BC7EE57}"
EndProject
Project("{9A19103F-16F7-4668-BE54-9A1E7A4F7556}") = "SimpleIdentityServer.Manager.Core", "src\Apis\Manager\SimpleIdentityServer.Manager.Core\SimpleIdentityServer.Manager.Core.csproj", "{38D5CDA2-1F6E-4D04-B135-B58A9D8CF51D}"
EndProject
Project("{2150E333-8FDC-42A3-9474-1A3956D46DE8}") = "Other", "Other", "{1C42D034-BFF4-4352-88E3-E55DC6139B19}"
EndProject
Project("{9A19103F-16F7-4668-BE54-9A1E7A4F7556}") = "SimpleIdentityServer.Manager.Client", "src\Apis\Manager\SimpleIdentityServer.Manager.Client\SimpleIdentityServer.Manager.Client.csproj", "{FF64F100-9639-49E7-A1CC-09D004735FBF}"
EndProject
Project("{2150E333-8FDC-42A3-9474-1A3956D46DE8}") = "02. Data Layer", "02. Data Layer", "{64068288-0730-45DB-BE3C-68F22F53997A}"
EndProject
Project("{2150E333-8FDC-42A3-9474-1A3956D46DE8}") = "01. OPENID", "01. OPENID", "{1D898F1E-AD66-4BAF-B24F-A7530425F46A}"
EndProject
Project("{9A19103F-16F7-4668-BE54-9A1E7A4F7556}") = "SimpleIdentityServer.Manager.Common", "src\Apis\Manager\SimpleIdentityServer.Manager.Common\SimpleIdentityServer.Manager.Common.csproj", "{08151BF4-E3D3-4AE6-8455-AED206652C2B}"
EndProject
Project("{9A19103F-16F7-4668-BE54-9A1E7A4F7556}") = "SimpleIdentityServer.EF", "..\IdServer\SimpleIdentityServer\src\Apis\SimpleIdServer\SimpleIdentityServer.EF\SimpleIdentityServer.EF.csproj", "{9A963564-AF80-4B9D-AC46-C248F0D77261}"
EndProject
Project("{9A19103F-16F7-4668-BE54-9A1E7A4F7556}") = "SimpleIdentityServer.EF.SqlServer", "..\IdServer\SimpleIdentityServer\src\Apis\SimpleIdServer\SimpleIdentityServer.EF.SqlServer\SimpleIdentityServer.EF.SqlServer.csproj", "{04296435-9C69-4943-A5CC-069E3BA56E48}"
EndProject
Project("{9A19103F-16F7-4668-BE54-9A1E7A4F7556}") = "SimpleIdentityServer.EF.InMemory", "..\IdServer\SimpleIdentityServer\src\Apis\SimpleIdServer\SimpleIdentityServer.EF.InMemory\SimpleIdentityServer.EF.InMemory.csproj", "{1FCFDC59-3367-48C4-92F8-AD77603E0BAD}"
EndProject
Project("{9A19103F-16F7-4668-BE54-9A1E7A4F7556}") = "System.Security.Cryptography.Algorithms.Extensions", "..\IdServer\SimpleIdentityServer\src\Lib\System.Security.Cryptography.Algorithms.Extensions\System.Security.Cryptography.Algorithms.Extensions.csproj", "{58F5F3D6-5CA8-44F7-9560-50085B6396DD}"
EndProject
Project("{9A19103F-16F7-4668-BE54-9A1E7A4F7556}") = "WebApiContrib.Core.Concurrency", "..\IdServer\SimpleIdentityServer\src\Lib\WebApiContrib\WebApiContrib.Core.Concurrency\WebApiContrib.Core.Concurrency.csproj", "{450D533C-92A6-4947-8EF9-EE0283A708AD}"
EndProject
Project("{9A19103F-16F7-4668-BE54-9A1E7A4F7556}") = "WebApiContrib.Core.Storage.InMemory", "..\IdServer\SimpleIdentityServer\src\Lib\WebApiContrib\WebApiContrib.Core.Storage.InMemory\WebApiContrib.Core.Storage.InMemory.csproj", "{CE178B14-8696-4881-AE66-E6B9260328F4}"
EndProject
Project("{9A19103F-16F7-4668-BE54-9A1E7A4F7556}") = "SimpleIdentityServer.Core", "..\IdServer\SimpleIdentityServer\src\Apis\SimpleIdServer\SimpleIdentityServer.Core\SimpleIdentityServer.Core.csproj", "{03B0D92F-B51C-40FC-99F3-A5D266AB91C3}"
EndProject
Project("{9A19103F-16F7-4668-BE54-9A1E7A4F7556}") = "SimpleIdentityServer.Core.Common", "..\IdServer\SimpleIdentityServer\src\Apis\SimpleIdServer\SimpleIdentityServer.Core.Common\SimpleIdentityServer.Core.Common.csproj", "{4B93CB2B-BAB3-49BD-84A7-ACB8DCFCE747}"
EndProject
Project("{9A19103F-16F7-4668-BE54-9A1E7A4F7556}") = "SimpleIdentityServer.Core.Jwt", "..\IdServer\SimpleIdentityServer\src\Apis\SimpleIdServer\SimpleIdentityServer.Core.Jwt\SimpleIdentityServer.Core.Jwt.csproj", "{E2D5BB26-26DC-48C8-AE33-EB2790858C2A}"
EndProject
Project("{9A19103F-16F7-4668-BE54-9A1E7A4F7556}") = "SimpleIdentityServer.OAuth2Introspection", "..\IdServer\SimpleIdentityServer\src\Apis\SimpleIdServer\SimpleIdentityServer.OAuth2Introspection\SimpleIdentityServer.OAuth2Introspection.csproj", "{41510F08-5A6D-43B6-AC8C-06FFBD56504D}"
EndProject
Project("{9A19103F-16F7-4668-BE54-9A1E7A4F7556}") = "SimpleIdentityServer.AccessToken.Store.InMemory", "..\IdServer\SimpleIdentityServer\src\Apis\Common\SimpleIdentityServer.AccessToken.Store.InMemory\SimpleIdentityServer.AccessToken.Store.InMemory.csproj", "{F35160B2-C879-41C2-B092-971DBFAE02CA}"
EndProject
Project("{9A19103F-16F7-4668-BE54-9A1E7A4F7556}") = "SimpleIdentityServer.Client", "..\IdServer\SimpleIdentityServer\src\Apis\SimpleIdServer\SimpleIdentityServer.Client\SimpleIdentityServer.Client.csproj", "{CF6118F1-99DA-4419-8CC3-71E55E95C1E7}"
EndProject
Project("{9A19103F-16F7-4668-BE54-9A1E7A4F7556}") = "SimpleIdentityServer.Manager.Host.Tests", "tests\SimpleIdentityServer.Manager.Host.Tests\SimpleIdentityServer.Manager.Host.Tests.csproj", "{03EDC0EE-9343-464D-A41B-9BBDA74B3FD4}"
EndProject
Project("{9A19103F-16F7-4668-BE54-9A1E7A4F7556}") = "SimpleIdentityServer.OAuth.Logging", "..\IdServer\SimpleIdentityServer\src\Apis\SimpleIdServer\SimpleIdentityServer.OAuth.Logging\SimpleIdentityServer.OAuth.Logging.csproj", "{29EF760C-F6CD-4E4C-B854-712EF7221FEB}"
EndProject
Project("{9A19103F-16F7-4668-BE54-9A1E7A4F7556}") = "SimpleIdentityServer.OpenId.Logging", "..\IdServer\SimpleIdentityServer\src\Apis\SimpleIdServer\SimpleIdentityServer.OpenId.Logging\SimpleIdentityServer.OpenId.Logging.csproj", "{7F1FAD40-379F-41E0-A85B-27D260D010E1}"
EndProject
Project("{9A19103F-16F7-4668-BE54-9A1E7A4F7556}") = "SimpleIdentityServer.Manager.Logging", "src\Apis\Manager\SimpleIdentityServer.Manager.Logging\SimpleIdentityServer.Manager.Logging.csproj", "{D0486CDF-CE83-41CF-9CAD-C31F05BA8CF4}"
EndProject
Project("{9A19103F-16F7-4668-BE54-9A1E7A4F7556}") = "SimpleIdentityServer.Logging", "..\IdServer\SimpleIdentityServer\src\Apis\Common\SimpleIdentityServer.Logging\SimpleIdentityServer.Logging.csproj", "{408A97A1-2532-400F-B6D1-7732EE9CE491}"
EndProject
Project("{9A19103F-16F7-4668-BE54-9A1E7A4F7556}") = "WebApiContrib.Core.Storage", "..\IdServer\SimpleIdentityServer\src\Lib\WebApiContrib\WebApiContrib.Core.Storage\WebApiContrib.Core.Storage.csproj", "{2D1CEC3C-14B1-449F-BF33-ACF18C1BA9A5}"
EndProject
Project("{9A19103F-16F7-4668-BE54-9A1E7A4F7556}") = "SimpleIdentityServer.License", "src\Apis\License\SimpleIdentityServer.License\SimpleIdentityServer.License.csproj", "{44DC5596-D681-4DE7-ACD2-6BB19442F0B1}"
EndProject
Project("{9A19103F-16F7-4668-BE54-9A1E7A4F7556}") = "SimpleIdentityServer.Module", "..\IdServer\SimpleIdentityServer\src\Apis\Common\SimpleIdentityServer.Module\SimpleIdentityServer.Module.csproj", "{156C594E-EFEB-49D8-A3F0-3067CFE5010F}"
EndProject
Project("{9A19103F-16F7-4668-BE54-9A1E7A4F7556}") = "SimpleIdentityServer.AccessToken.Store", "..\IdServer\SimpleIdentityServer\src\Apis\Common\SimpleIdentityServer.AccessToken.Store\SimpleIdentityServer.AccessToken.Store.csproj", "{F403E637-0EF7-48D7-A873-D1568CCD9AE9}"
EndProject
Project("{9A19103F-16F7-4668-BE54-9A1E7A4F7556}") = "SimpleIdentityServer.Common.Client", "..\IdServer\SimpleIdentityServer\src\Apis\Common\SimpleIdentityServer.Common.Client\SimpleIdentityServer.Common.Client.csproj", "{4FB8712E-D965-4E36-8D16-7D4D57D1B350}"
EndProject
Project("{9A19103F-16F7-4668-BE54-9A1E7A4F7556}") = "SimpleIdentityServer.Common.Dtos", "..\IdServer\SimpleIdentityServer\src\Apis\Common\SimpleIdentityServer.Common.Dtos\SimpleIdentityServer.Common.Dtos.csproj", "{B8801E0F-9E69-4A4A-8C70-DB202FA45D7E}"
EndProject
Project("{2150E333-8FDC-42A3-9474-1A3956D46DE8}") = "SimpleBus", "SimpleBus", "{20315B53-CCD6-4FCF-84A4-8DF0E5327631}"
EndProject
Project("{9A19103F-16F7-4668-BE54-9A1E7A4F7556}") = "SimpleBus.Core", "..\IdServer\SimpleIdentityServer\src\Lib\Bus\SimpleBus.Core\SimpleBus.Core.csproj", "{CCC236B0-F26D-4EE5-A68A-014E83D01DE5}"
EndProject
Project("{9A19103F-16F7-4668-BE54-9A1E7A4F7556}") = "SimpleIdentityServer.OAuth.Events", "..\IdServer\SimpleIdentityServer\src\Apis\SimpleIdServer\SimpleIdentityServer.OAuth.Events\SimpleIdentityServer.OAuth.Events.csproj", "{F7553FBD-4AE3-4AF7-AA60-8A94F6F7D2C2}"
EndProject
Project("{9A19103F-16F7-4668-BE54-9A1E7A4F7556}") = "SimpleIdentityServer.OpenId.Events", "..\IdServer\SimpleIdentityServer\src\Apis\SimpleIdServer\SimpleIdentityServer.OpenId.Events\SimpleIdentityServer.OpenId.Events.csproj", "{C1A7AA25-120B-439D-B61A-AEA68667925C}"
EndProject
Project("{9A19103F-16F7-4668-BE54-9A1E7A4F7556}") = "SimpleIdentityServer.Store", "..\IdServer\SimpleIdentityServer\src\Apis\SimpleIdServer\SimpleIdentityServer.Store\SimpleIdentityServer.Store.csproj", "{63711F3A-F283-4AB5-9777-8037E00311E1}"
EndProject
Project("{9A19103F-16F7-4668-BE54-9A1E7A4F7556}") = "SimpleIdentityServer.TwoFactorAuthentication", "..\IdServer\SimpleIdentityServer\src\Apis\SimpleIdServer\SimpleIdentityServer.TwoFactorAuthentication\SimpleIdentityServer.TwoFactorAuthentication.csproj", "{E10BEDEB-129B-4E99-8B6C-4EBEEB4DB3D3}"
EndProject
Project("{9A19103F-16F7-4668-BE54-9A1E7A4F7556}") = "SimpleIdentityServer.UserInfoIntrospection", "..\IdServer\SimpleIdentityServer\src\Apis\SimpleIdServer\SimpleIdentityServer.UserInfoIntrospection\SimpleIdentityServer.UserInfoIntrospection.csproj", "{EFD00D1C-04A2-496E-9BA6-8275DD6527BE}"
EndProject
Project("{9A19103F-16F7-4668-BE54-9A1E7A4F7556}") = "SimpleIdentityServer.AccountFilter", "..\IdServer\SimpleIdentityServer\src\Apis\SimpleIdServer\SimpleIdentityServer.AccountFilter\SimpleIdentityServer.AccountFilter.csproj", "{3F99E645-FC53-4D45-AA09-3648A1E1BE52}"
EndProject
Project("{2150E333-8FDC-42A3-9474-1A3956D46DE8}") = "SimpleIdServer", "SimpleIdServer", "{A5297CEE-CE03-4D0C-9445-F5F2AEBF3C9C}"
EndProject
Project("{2150E333-8FDC-42A3-9474-1A3956D46DE8}") = "License", "License", "{583A76B3-4043-4A0B-A2A0-195920754791}"
EndProject
Project("{9A19103F-16F7-4668-BE54-9A1E7A4F7556}") = "SimpleIdentityServer.Scim.Client", "..\IdServer\SimpleIdentityServer\src\Apis\Scim\SimpleIdentityServer.Scim.Client\SimpleIdentityServer.Scim.Client.csproj", "{E8345ED5-3361-4486-ABD7-FA223FEFCD3A}"
EndProject
Project("{9A19103F-16F7-4668-BE54-9A1E7A4F7556}") = "SimpleIdentityServer.Scim.Common", "..\IdServer\SimpleIdentityServer\src\Apis\Scim\SimpleIdentityServer.Scim.Common\SimpleIdentityServer.Scim.Common.csproj", "{C818CF5D-423B-4FF5-B801-80F4E2558684}"
EndProject
Global
	GlobalSection(SolutionConfigurationPlatforms) = preSolution
		Debug|Any CPU = Debug|Any CPU
		Fake|Any CPU = Fake|Any CPU
		Release|Any CPU = Release|Any CPU
	EndGlobalSection
	GlobalSection(ProjectConfigurationPlatforms) = postSolution
		{FCB0F13A-B412-4340-B077-D3E7A60A9DD7}.Debug|Any CPU.ActiveCfg = Debug|Any CPU
		{FCB0F13A-B412-4340-B077-D3E7A60A9DD7}.Debug|Any CPU.Build.0 = Debug|Any CPU
		{FCB0F13A-B412-4340-B077-D3E7A60A9DD7}.Fake|Any CPU.ActiveCfg = Debug|Any CPU
		{FCB0F13A-B412-4340-B077-D3E7A60A9DD7}.Fake|Any CPU.Build.0 = Debug|Any CPU
		{FCB0F13A-B412-4340-B077-D3E7A60A9DD7}.Release|Any CPU.ActiveCfg = Release|Any CPU
		{FCB0F13A-B412-4340-B077-D3E7A60A9DD7}.Release|Any CPU.Build.0 = Release|Any CPU
		{43FC813E-E3FD-4712-933A-81E95FDBE62A}.Debug|Any CPU.ActiveCfg = Debug|Any CPU
		{43FC813E-E3FD-4712-933A-81E95FDBE62A}.Debug|Any CPU.Build.0 = Debug|Any CPU
		{43FC813E-E3FD-4712-933A-81E95FDBE62A}.Fake|Any CPU.ActiveCfg = Debug|Any CPU
		{43FC813E-E3FD-4712-933A-81E95FDBE62A}.Fake|Any CPU.Build.0 = Debug|Any CPU
		{43FC813E-E3FD-4712-933A-81E95FDBE62A}.Release|Any CPU.ActiveCfg = Release|Any CPU
		{43FC813E-E3FD-4712-933A-81E95FDBE62A}.Release|Any CPU.Build.0 = Release|Any CPU
		{D2E9DB17-987D-419D-8E14-1CBBF984041F}.Debug|Any CPU.ActiveCfg = Debug|Any CPU
		{D2E9DB17-987D-419D-8E14-1CBBF984041F}.Debug|Any CPU.Build.0 = Debug|Any CPU
		{D2E9DB17-987D-419D-8E14-1CBBF984041F}.Fake|Any CPU.ActiveCfg = Debug|Any CPU
		{D2E9DB17-987D-419D-8E14-1CBBF984041F}.Fake|Any CPU.Build.0 = Debug|Any CPU
		{D2E9DB17-987D-419D-8E14-1CBBF984041F}.Release|Any CPU.ActiveCfg = Release|Any CPU
		{D2E9DB17-987D-419D-8E14-1CBBF984041F}.Release|Any CPU.Build.0 = Release|Any CPU
		{38D5CDA2-1F6E-4D04-B135-B58A9D8CF51D}.Debug|Any CPU.ActiveCfg = Debug|Any CPU
		{38D5CDA2-1F6E-4D04-B135-B58A9D8CF51D}.Debug|Any CPU.Build.0 = Debug|Any CPU
		{38D5CDA2-1F6E-4D04-B135-B58A9D8CF51D}.Fake|Any CPU.ActiveCfg = Debug|Any CPU
		{38D5CDA2-1F6E-4D04-B135-B58A9D8CF51D}.Fake|Any CPU.Build.0 = Debug|Any CPU
		{38D5CDA2-1F6E-4D04-B135-B58A9D8CF51D}.Release|Any CPU.ActiveCfg = Release|Any CPU
		{38D5CDA2-1F6E-4D04-B135-B58A9D8CF51D}.Release|Any CPU.Build.0 = Release|Any CPU
		{FF64F100-9639-49E7-A1CC-09D004735FBF}.Debug|Any CPU.ActiveCfg = Debug|Any CPU
		{FF64F100-9639-49E7-A1CC-09D004735FBF}.Debug|Any CPU.Build.0 = Debug|Any CPU
		{FF64F100-9639-49E7-A1CC-09D004735FBF}.Fake|Any CPU.ActiveCfg = Debug|Any CPU
		{FF64F100-9639-49E7-A1CC-09D004735FBF}.Fake|Any CPU.Build.0 = Debug|Any CPU
		{FF64F100-9639-49E7-A1CC-09D004735FBF}.Release|Any CPU.ActiveCfg = Release|Any CPU
		{FF64F100-9639-49E7-A1CC-09D004735FBF}.Release|Any CPU.Build.0 = Release|Any CPU
		{08151BF4-E3D3-4AE6-8455-AED206652C2B}.Debug|Any CPU.ActiveCfg = Debug|Any CPU
		{08151BF4-E3D3-4AE6-8455-AED206652C2B}.Debug|Any CPU.Build.0 = Debug|Any CPU
		{08151BF4-E3D3-4AE6-8455-AED206652C2B}.Fake|Any CPU.ActiveCfg = Debug|Any CPU
		{08151BF4-E3D3-4AE6-8455-AED206652C2B}.Fake|Any CPU.Build.0 = Debug|Any CPU
		{08151BF4-E3D3-4AE6-8455-AED206652C2B}.Release|Any CPU.ActiveCfg = Release|Any CPU
		{08151BF4-E3D3-4AE6-8455-AED206652C2B}.Release|Any CPU.Build.0 = Release|Any CPU
		{9A963564-AF80-4B9D-AC46-C248F0D77261}.Debug|Any CPU.ActiveCfg = Debug|Any CPU
		{9A963564-AF80-4B9D-AC46-C248F0D77261}.Debug|Any CPU.Build.0 = Debug|Any CPU
		{9A963564-AF80-4B9D-AC46-C248F0D77261}.Fake|Any CPU.ActiveCfg = Debug|Any CPU
		{9A963564-AF80-4B9D-AC46-C248F0D77261}.Fake|Any CPU.Build.0 = Debug|Any CPU
		{9A963564-AF80-4B9D-AC46-C248F0D77261}.Release|Any CPU.ActiveCfg = Release|Any CPU
		{9A963564-AF80-4B9D-AC46-C248F0D77261}.Release|Any CPU.Build.0 = Release|Any CPU
		{04296435-9C69-4943-A5CC-069E3BA56E48}.Debug|Any CPU.ActiveCfg = Debug|Any CPU
		{04296435-9C69-4943-A5CC-069E3BA56E48}.Debug|Any CPU.Build.0 = Debug|Any CPU
		{04296435-9C69-4943-A5CC-069E3BA56E48}.Fake|Any CPU.ActiveCfg = Debug|Any CPU
		{04296435-9C69-4943-A5CC-069E3BA56E48}.Fake|Any CPU.Build.0 = Debug|Any CPU
		{04296435-9C69-4943-A5CC-069E3BA56E48}.Release|Any CPU.ActiveCfg = Release|Any CPU
		{04296435-9C69-4943-A5CC-069E3BA56E48}.Release|Any CPU.Build.0 = Release|Any CPU
		{1FCFDC59-3367-48C4-92F8-AD77603E0BAD}.Debug|Any CPU.ActiveCfg = Debug|Any CPU
		{1FCFDC59-3367-48C4-92F8-AD77603E0BAD}.Debug|Any CPU.Build.0 = Debug|Any CPU
		{1FCFDC59-3367-48C4-92F8-AD77603E0BAD}.Fake|Any CPU.ActiveCfg = Debug|Any CPU
		{1FCFDC59-3367-48C4-92F8-AD77603E0BAD}.Fake|Any CPU.Build.0 = Debug|Any CPU
		{1FCFDC59-3367-48C4-92F8-AD77603E0BAD}.Release|Any CPU.ActiveCfg = Release|Any CPU
		{1FCFDC59-3367-48C4-92F8-AD77603E0BAD}.Release|Any CPU.Build.0 = Release|Any CPU
		{58F5F3D6-5CA8-44F7-9560-50085B6396DD}.Debug|Any CPU.ActiveCfg = Debug|Any CPU
		{58F5F3D6-5CA8-44F7-9560-50085B6396DD}.Debug|Any CPU.Build.0 = Debug|Any CPU
		{58F5F3D6-5CA8-44F7-9560-50085B6396DD}.Fake|Any CPU.ActiveCfg = Debug|Any CPU
		{58F5F3D6-5CA8-44F7-9560-50085B6396DD}.Fake|Any CPU.Build.0 = Debug|Any CPU
		{58F5F3D6-5CA8-44F7-9560-50085B6396DD}.Release|Any CPU.ActiveCfg = Release|Any CPU
		{58F5F3D6-5CA8-44F7-9560-50085B6396DD}.Release|Any CPU.Build.0 = Release|Any CPU
		{450D533C-92A6-4947-8EF9-EE0283A708AD}.Debug|Any CPU.ActiveCfg = Debug|Any CPU
		{450D533C-92A6-4947-8EF9-EE0283A708AD}.Debug|Any CPU.Build.0 = Debug|Any CPU
		{450D533C-92A6-4947-8EF9-EE0283A708AD}.Fake|Any CPU.ActiveCfg = Debug|Any CPU
		{450D533C-92A6-4947-8EF9-EE0283A708AD}.Fake|Any CPU.Build.0 = Debug|Any CPU
		{450D533C-92A6-4947-8EF9-EE0283A708AD}.Release|Any CPU.ActiveCfg = Release|Any CPU
		{450D533C-92A6-4947-8EF9-EE0283A708AD}.Release|Any CPU.Build.0 = Release|Any CPU
		{CE178B14-8696-4881-AE66-E6B9260328F4}.Debug|Any CPU.ActiveCfg = Debug|Any CPU
		{CE178B14-8696-4881-AE66-E6B9260328F4}.Debug|Any CPU.Build.0 = Debug|Any CPU
		{CE178B14-8696-4881-AE66-E6B9260328F4}.Fake|Any CPU.ActiveCfg = Debug|Any CPU
		{CE178B14-8696-4881-AE66-E6B9260328F4}.Fake|Any CPU.Build.0 = Debug|Any CPU
		{CE178B14-8696-4881-AE66-E6B9260328F4}.Release|Any CPU.ActiveCfg = Release|Any CPU
		{CE178B14-8696-4881-AE66-E6B9260328F4}.Release|Any CPU.Build.0 = Release|Any CPU
		{03B0D92F-B51C-40FC-99F3-A5D266AB91C3}.Debug|Any CPU.ActiveCfg = Debug|Any CPU
		{03B0D92F-B51C-40FC-99F3-A5D266AB91C3}.Debug|Any CPU.Build.0 = Debug|Any CPU
		{03B0D92F-B51C-40FC-99F3-A5D266AB91C3}.Fake|Any CPU.ActiveCfg = Debug|Any CPU
		{03B0D92F-B51C-40FC-99F3-A5D266AB91C3}.Fake|Any CPU.Build.0 = Debug|Any CPU
		{03B0D92F-B51C-40FC-99F3-A5D266AB91C3}.Release|Any CPU.ActiveCfg = Release|Any CPU
		{03B0D92F-B51C-40FC-99F3-A5D266AB91C3}.Release|Any CPU.Build.0 = Release|Any CPU
		{4B93CB2B-BAB3-49BD-84A7-ACB8DCFCE747}.Debug|Any CPU.ActiveCfg = Debug|Any CPU
		{4B93CB2B-BAB3-49BD-84A7-ACB8DCFCE747}.Debug|Any CPU.Build.0 = Debug|Any CPU
		{4B93CB2B-BAB3-49BD-84A7-ACB8DCFCE747}.Fake|Any CPU.ActiveCfg = Debug|Any CPU
		{4B93CB2B-BAB3-49BD-84A7-ACB8DCFCE747}.Fake|Any CPU.Build.0 = Debug|Any CPU
		{4B93CB2B-BAB3-49BD-84A7-ACB8DCFCE747}.Release|Any CPU.ActiveCfg = Release|Any CPU
		{4B93CB2B-BAB3-49BD-84A7-ACB8DCFCE747}.Release|Any CPU.Build.0 = Release|Any CPU
		{E2D5BB26-26DC-48C8-AE33-EB2790858C2A}.Debug|Any CPU.ActiveCfg = Debug|Any CPU
		{E2D5BB26-26DC-48C8-AE33-EB2790858C2A}.Debug|Any CPU.Build.0 = Debug|Any CPU
		{E2D5BB26-26DC-48C8-AE33-EB2790858C2A}.Fake|Any CPU.ActiveCfg = Debug|Any CPU
		{E2D5BB26-26DC-48C8-AE33-EB2790858C2A}.Fake|Any CPU.Build.0 = Debug|Any CPU
		{E2D5BB26-26DC-48C8-AE33-EB2790858C2A}.Release|Any CPU.ActiveCfg = Release|Any CPU
		{E2D5BB26-26DC-48C8-AE33-EB2790858C2A}.Release|Any CPU.Build.0 = Release|Any CPU
		{41510F08-5A6D-43B6-AC8C-06FFBD56504D}.Debug|Any CPU.ActiveCfg = Debug|Any CPU
		{41510F08-5A6D-43B6-AC8C-06FFBD56504D}.Debug|Any CPU.Build.0 = Debug|Any CPU
		{41510F08-5A6D-43B6-AC8C-06FFBD56504D}.Fake|Any CPU.ActiveCfg = Debug|Any CPU
		{41510F08-5A6D-43B6-AC8C-06FFBD56504D}.Fake|Any CPU.Build.0 = Debug|Any CPU
		{41510F08-5A6D-43B6-AC8C-06FFBD56504D}.Release|Any CPU.ActiveCfg = Release|Any CPU
		{41510F08-5A6D-43B6-AC8C-06FFBD56504D}.Release|Any CPU.Build.0 = Release|Any CPU
		{F35160B2-C879-41C2-B092-971DBFAE02CA}.Debug|Any CPU.ActiveCfg = Debug|Any CPU
		{F35160B2-C879-41C2-B092-971DBFAE02CA}.Debug|Any CPU.Build.0 = Debug|Any CPU
		{F35160B2-C879-41C2-B092-971DBFAE02CA}.Fake|Any CPU.ActiveCfg = Debug|Any CPU
		{F35160B2-C879-41C2-B092-971DBFAE02CA}.Fake|Any CPU.Build.0 = Debug|Any CPU
		{F35160B2-C879-41C2-B092-971DBFAE02CA}.Release|Any CPU.ActiveCfg = Release|Any CPU
		{F35160B2-C879-41C2-B092-971DBFAE02CA}.Release|Any CPU.Build.0 = Release|Any CPU
		{CF6118F1-99DA-4419-8CC3-71E55E95C1E7}.Debug|Any CPU.ActiveCfg = Debug|Any CPU
		{CF6118F1-99DA-4419-8CC3-71E55E95C1E7}.Debug|Any CPU.Build.0 = Debug|Any CPU
		{CF6118F1-99DA-4419-8CC3-71E55E95C1E7}.Fake|Any CPU.ActiveCfg = Debug|Any CPU
		{CF6118F1-99DA-4419-8CC3-71E55E95C1E7}.Fake|Any CPU.Build.0 = Debug|Any CPU
		{CF6118F1-99DA-4419-8CC3-71E55E95C1E7}.Release|Any CPU.ActiveCfg = Release|Any CPU
		{CF6118F1-99DA-4419-8CC3-71E55E95C1E7}.Release|Any CPU.Build.0 = Release|Any CPU
		{03EDC0EE-9343-464D-A41B-9BBDA74B3FD4}.Debug|Any CPU.ActiveCfg = Debug|Any CPU
		{03EDC0EE-9343-464D-A41B-9BBDA74B3FD4}.Debug|Any CPU.Build.0 = Debug|Any CPU
		{03EDC0EE-9343-464D-A41B-9BBDA74B3FD4}.Fake|Any CPU.ActiveCfg = Debug|Any CPU
		{03EDC0EE-9343-464D-A41B-9BBDA74B3FD4}.Fake|Any CPU.Build.0 = Debug|Any CPU
		{03EDC0EE-9343-464D-A41B-9BBDA74B3FD4}.Release|Any CPU.ActiveCfg = Release|Any CPU
		{03EDC0EE-9343-464D-A41B-9BBDA74B3FD4}.Release|Any CPU.Build.0 = Release|Any CPU
		{29EF760C-F6CD-4E4C-B854-712EF7221FEB}.Debug|Any CPU.ActiveCfg = Debug|Any CPU
		{29EF760C-F6CD-4E4C-B854-712EF7221FEB}.Debug|Any CPU.Build.0 = Debug|Any CPU
		{29EF760C-F6CD-4E4C-B854-712EF7221FEB}.Fake|Any CPU.ActiveCfg = Debug|Any CPU
		{29EF760C-F6CD-4E4C-B854-712EF7221FEB}.Fake|Any CPU.Build.0 = Debug|Any CPU
		{29EF760C-F6CD-4E4C-B854-712EF7221FEB}.Release|Any CPU.ActiveCfg = Release|Any CPU
		{29EF760C-F6CD-4E4C-B854-712EF7221FEB}.Release|Any CPU.Build.0 = Release|Any CPU
		{7F1FAD40-379F-41E0-A85B-27D260D010E1}.Debug|Any CPU.ActiveCfg = Debug|Any CPU
		{7F1FAD40-379F-41E0-A85B-27D260D010E1}.Debug|Any CPU.Build.0 = Debug|Any CPU
		{7F1FAD40-379F-41E0-A85B-27D260D010E1}.Fake|Any CPU.ActiveCfg = Debug|Any CPU
		{7F1FAD40-379F-41E0-A85B-27D260D010E1}.Fake|Any CPU.Build.0 = Debug|Any CPU
		{7F1FAD40-379F-41E0-A85B-27D260D010E1}.Release|Any CPU.ActiveCfg = Release|Any CPU
		{7F1FAD40-379F-41E0-A85B-27D260D010E1}.Release|Any CPU.Build.0 = Release|Any CPU
		{D0486CDF-CE83-41CF-9CAD-C31F05BA8CF4}.Debug|Any CPU.ActiveCfg = Debug|Any CPU
		{D0486CDF-CE83-41CF-9CAD-C31F05BA8CF4}.Debug|Any CPU.Build.0 = Debug|Any CPU
		{D0486CDF-CE83-41CF-9CAD-C31F05BA8CF4}.Fake|Any CPU.ActiveCfg = Debug|Any CPU
		{D0486CDF-CE83-41CF-9CAD-C31F05BA8CF4}.Fake|Any CPU.Build.0 = Debug|Any CPU
		{D0486CDF-CE83-41CF-9CAD-C31F05BA8CF4}.Release|Any CPU.ActiveCfg = Release|Any CPU
		{D0486CDF-CE83-41CF-9CAD-C31F05BA8CF4}.Release|Any CPU.Build.0 = Release|Any CPU
		{408A97A1-2532-400F-B6D1-7732EE9CE491}.Debug|Any CPU.ActiveCfg = Debug|Any CPU
		{408A97A1-2532-400F-B6D1-7732EE9CE491}.Debug|Any CPU.Build.0 = Debug|Any CPU
		{408A97A1-2532-400F-B6D1-7732EE9CE491}.Fake|Any CPU.ActiveCfg = Debug|Any CPU
		{408A97A1-2532-400F-B6D1-7732EE9CE491}.Fake|Any CPU.Build.0 = Debug|Any CPU
		{408A97A1-2532-400F-B6D1-7732EE9CE491}.Release|Any CPU.ActiveCfg = Release|Any CPU
		{408A97A1-2532-400F-B6D1-7732EE9CE491}.Release|Any CPU.Build.0 = Release|Any CPU
		{2D1CEC3C-14B1-449F-BF33-ACF18C1BA9A5}.Debug|Any CPU.ActiveCfg = Debug|Any CPU
		{2D1CEC3C-14B1-449F-BF33-ACF18C1BA9A5}.Debug|Any CPU.Build.0 = Debug|Any CPU
		{2D1CEC3C-14B1-449F-BF33-ACF18C1BA9A5}.Fake|Any CPU.ActiveCfg = Debug|Any CPU
		{2D1CEC3C-14B1-449F-BF33-ACF18C1BA9A5}.Fake|Any CPU.Build.0 = Debug|Any CPU
		{2D1CEC3C-14B1-449F-BF33-ACF18C1BA9A5}.Release|Any CPU.ActiveCfg = Release|Any CPU
		{2D1CEC3C-14B1-449F-BF33-ACF18C1BA9A5}.Release|Any CPU.Build.0 = Release|Any CPU
		{44DC5596-D681-4DE7-ACD2-6BB19442F0B1}.Debug|Any CPU.ActiveCfg = Debug|Any CPU
		{44DC5596-D681-4DE7-ACD2-6BB19442F0B1}.Debug|Any CPU.Build.0 = Debug|Any CPU
		{44DC5596-D681-4DE7-ACD2-6BB19442F0B1}.Fake|Any CPU.ActiveCfg = Debug|Any CPU
		{44DC5596-D681-4DE7-ACD2-6BB19442F0B1}.Fake|Any CPU.Build.0 = Debug|Any CPU
		{44DC5596-D681-4DE7-ACD2-6BB19442F0B1}.Release|Any CPU.ActiveCfg = Release|Any CPU
		{44DC5596-D681-4DE7-ACD2-6BB19442F0B1}.Release|Any CPU.Build.0 = Release|Any CPU
		{156C594E-EFEB-49D8-A3F0-3067CFE5010F}.Debug|Any CPU.ActiveCfg = Debug|Any CPU
		{156C594E-EFEB-49D8-A3F0-3067CFE5010F}.Debug|Any CPU.Build.0 = Debug|Any CPU
		{156C594E-EFEB-49D8-A3F0-3067CFE5010F}.Fake|Any CPU.ActiveCfg = Debug|Any CPU
		{156C594E-EFEB-49D8-A3F0-3067CFE5010F}.Fake|Any CPU.Build.0 = Debug|Any CPU
		{156C594E-EFEB-49D8-A3F0-3067CFE5010F}.Release|Any CPU.ActiveCfg = Release|Any CPU
		{156C594E-EFEB-49D8-A3F0-3067CFE5010F}.Release|Any CPU.Build.0 = Release|Any CPU
		{F403E637-0EF7-48D7-A873-D1568CCD9AE9}.Debug|Any CPU.ActiveCfg = Debug|Any CPU
		{F403E637-0EF7-48D7-A873-D1568CCD9AE9}.Debug|Any CPU.Build.0 = Debug|Any CPU
		{F403E637-0EF7-48D7-A873-D1568CCD9AE9}.Fake|Any CPU.ActiveCfg = Debug|Any CPU
		{F403E637-0EF7-48D7-A873-D1568CCD9AE9}.Fake|Any CPU.Build.0 = Debug|Any CPU
		{F403E637-0EF7-48D7-A873-D1568CCD9AE9}.Release|Any CPU.ActiveCfg = Release|Any CPU
		{F403E637-0EF7-48D7-A873-D1568CCD9AE9}.Release|Any CPU.Build.0 = Release|Any CPU
		{4FB8712E-D965-4E36-8D16-7D4D57D1B350}.Debug|Any CPU.ActiveCfg = Debug|Any CPU
		{4FB8712E-D965-4E36-8D16-7D4D57D1B350}.Debug|Any CPU.Build.0 = Debug|Any CPU
		{4FB8712E-D965-4E36-8D16-7D4D57D1B350}.Fake|Any CPU.ActiveCfg = Debug|Any CPU
		{4FB8712E-D965-4E36-8D16-7D4D57D1B350}.Fake|Any CPU.Build.0 = Debug|Any CPU
		{4FB8712E-D965-4E36-8D16-7D4D57D1B350}.Release|Any CPU.ActiveCfg = Release|Any CPU
		{4FB8712E-D965-4E36-8D16-7D4D57D1B350}.Release|Any CPU.Build.0 = Release|Any CPU
		{B8801E0F-9E69-4A4A-8C70-DB202FA45D7E}.Debug|Any CPU.ActiveCfg = Debug|Any CPU
		{B8801E0F-9E69-4A4A-8C70-DB202FA45D7E}.Debug|Any CPU.Build.0 = Debug|Any CPU
		{B8801E0F-9E69-4A4A-8C70-DB202FA45D7E}.Fake|Any CPU.ActiveCfg = Debug|Any CPU
		{B8801E0F-9E69-4A4A-8C70-DB202FA45D7E}.Fake|Any CPU.Build.0 = Debug|Any CPU
		{B8801E0F-9E69-4A4A-8C70-DB202FA45D7E}.Release|Any CPU.ActiveCfg = Release|Any CPU
		{B8801E0F-9E69-4A4A-8C70-DB202FA45D7E}.Release|Any CPU.Build.0 = Release|Any CPU
		{CCC236B0-F26D-4EE5-A68A-014E83D01DE5}.Debug|Any CPU.ActiveCfg = Debug|Any CPU
		{CCC236B0-F26D-4EE5-A68A-014E83D01DE5}.Debug|Any CPU.Build.0 = Debug|Any CPU
		{CCC236B0-F26D-4EE5-A68A-014E83D01DE5}.Fake|Any CPU.ActiveCfg = Debug|Any CPU
		{CCC236B0-F26D-4EE5-A68A-014E83D01DE5}.Fake|Any CPU.Build.0 = Debug|Any CPU
		{CCC236B0-F26D-4EE5-A68A-014E83D01DE5}.Release|Any CPU.ActiveCfg = Release|Any CPU
		{CCC236B0-F26D-4EE5-A68A-014E83D01DE5}.Release|Any CPU.Build.0 = Release|Any CPU
		{F7553FBD-4AE3-4AF7-AA60-8A94F6F7D2C2}.Debug|Any CPU.ActiveCfg = Debug|Any CPU
		{F7553FBD-4AE3-4AF7-AA60-8A94F6F7D2C2}.Debug|Any CPU.Build.0 = Debug|Any CPU
		{F7553FBD-4AE3-4AF7-AA60-8A94F6F7D2C2}.Fake|Any CPU.ActiveCfg = Debug|Any CPU
		{F7553FBD-4AE3-4AF7-AA60-8A94F6F7D2C2}.Fake|Any CPU.Build.0 = Debug|Any CPU
		{F7553FBD-4AE3-4AF7-AA60-8A94F6F7D2C2}.Release|Any CPU.ActiveCfg = Release|Any CPU
		{F7553FBD-4AE3-4AF7-AA60-8A94F6F7D2C2}.Release|Any CPU.Build.0 = Release|Any CPU
		{C1A7AA25-120B-439D-B61A-AEA68667925C}.Debug|Any CPU.ActiveCfg = Debug|Any CPU
		{C1A7AA25-120B-439D-B61A-AEA68667925C}.Debug|Any CPU.Build.0 = Debug|Any CPU
		{C1A7AA25-120B-439D-B61A-AEA68667925C}.Fake|Any CPU.ActiveCfg = Debug|Any CPU
		{C1A7AA25-120B-439D-B61A-AEA68667925C}.Fake|Any CPU.Build.0 = Debug|Any CPU
		{C1A7AA25-120B-439D-B61A-AEA68667925C}.Release|Any CPU.ActiveCfg = Release|Any CPU
		{C1A7AA25-120B-439D-B61A-AEA68667925C}.Release|Any CPU.Build.0 = Release|Any CPU
		{63711F3A-F283-4AB5-9777-8037E00311E1}.Debug|Any CPU.ActiveCfg = Debug|Any CPU
		{63711F3A-F283-4AB5-9777-8037E00311E1}.Debug|Any CPU.Build.0 = Debug|Any CPU
		{63711F3A-F283-4AB5-9777-8037E00311E1}.Fake|Any CPU.ActiveCfg = Debug|Any CPU
		{63711F3A-F283-4AB5-9777-8037E00311E1}.Fake|Any CPU.Build.0 = Debug|Any CPU
		{63711F3A-F283-4AB5-9777-8037E00311E1}.Release|Any CPU.ActiveCfg = Release|Any CPU
		{63711F3A-F283-4AB5-9777-8037E00311E1}.Release|Any CPU.Build.0 = Release|Any CPU
		{E10BEDEB-129B-4E99-8B6C-4EBEEB4DB3D3}.Debug|Any CPU.ActiveCfg = Debug|Any CPU
		{E10BEDEB-129B-4E99-8B6C-4EBEEB4DB3D3}.Debug|Any CPU.Build.0 = Debug|Any CPU
		{E10BEDEB-129B-4E99-8B6C-4EBEEB4DB3D3}.Fake|Any CPU.ActiveCfg = Debug|Any CPU
		{E10BEDEB-129B-4E99-8B6C-4EBEEB4DB3D3}.Fake|Any CPU.Build.0 = Debug|Any CPU
		{E10BEDEB-129B-4E99-8B6C-4EBEEB4DB3D3}.Release|Any CPU.ActiveCfg = Release|Any CPU
		{E10BEDEB-129B-4E99-8B6C-4EBEEB4DB3D3}.Release|Any CPU.Build.0 = Release|Any CPU
		{EFD00D1C-04A2-496E-9BA6-8275DD6527BE}.Debug|Any CPU.ActiveCfg = Debug|Any CPU
		{EFD00D1C-04A2-496E-9BA6-8275DD6527BE}.Debug|Any CPU.Build.0 = Debug|Any CPU
		{EFD00D1C-04A2-496E-9BA6-8275DD6527BE}.Fake|Any CPU.ActiveCfg = Debug|Any CPU
		{EFD00D1C-04A2-496E-9BA6-8275DD6527BE}.Fake|Any CPU.Build.0 = Debug|Any CPU
		{EFD00D1C-04A2-496E-9BA6-8275DD6527BE}.Release|Any CPU.ActiveCfg = Release|Any CPU
		{EFD00D1C-04A2-496E-9BA6-8275DD6527BE}.Release|Any CPU.Build.0 = Release|Any CPU
		{3F99E645-FC53-4D45-AA09-3648A1E1BE52}.Debug|Any CPU.ActiveCfg = Debug|Any CPU
		{3F99E645-FC53-4D45-AA09-3648A1E1BE52}.Debug|Any CPU.Build.0 = Debug|Any CPU
		{3F99E645-FC53-4D45-AA09-3648A1E1BE52}.Fake|Any CPU.ActiveCfg = Debug|Any CPU
		{3F99E645-FC53-4D45-AA09-3648A1E1BE52}.Fake|Any CPU.Build.0 = Debug|Any CPU
		{3F99E645-FC53-4D45-AA09-3648A1E1BE52}.Release|Any CPU.ActiveCfg = Release|Any CPU
		{3F99E645-FC53-4D45-AA09-3648A1E1BE52}.Release|Any CPU.Build.0 = Release|Any CPU
		{E8345ED5-3361-4486-ABD7-FA223FEFCD3A}.Debug|Any CPU.ActiveCfg = Debug|Any CPU
		{E8345ED5-3361-4486-ABD7-FA223FEFCD3A}.Debug|Any CPU.Build.0 = Debug|Any CPU
		{E8345ED5-3361-4486-ABD7-FA223FEFCD3A}.Fake|Any CPU.ActiveCfg = Debug|Any CPU
		{E8345ED5-3361-4486-ABD7-FA223FEFCD3A}.Fake|Any CPU.Build.0 = Debug|Any CPU
		{E8345ED5-3361-4486-ABD7-FA223FEFCD3A}.Release|Any CPU.ActiveCfg = Release|Any CPU
		{E8345ED5-3361-4486-ABD7-FA223FEFCD3A}.Release|Any CPU.Build.0 = Release|Any CPU
		{C818CF5D-423B-4FF5-B801-80F4E2558684}.Debug|Any CPU.ActiveCfg = Debug|Any CPU
		{C818CF5D-423B-4FF5-B801-80F4E2558684}.Debug|Any CPU.Build.0 = Debug|Any CPU
		{C818CF5D-423B-4FF5-B801-80F4E2558684}.Fake|Any CPU.ActiveCfg = Debug|Any CPU
		{C818CF5D-423B-4FF5-B801-80F4E2558684}.Fake|Any CPU.Build.0 = Debug|Any CPU
		{C818CF5D-423B-4FF5-B801-80F4E2558684}.Release|Any CPU.ActiveCfg = Release|Any CPU
		{C818CF5D-423B-4FF5-B801-80F4E2558684}.Release|Any CPU.Build.0 = Release|Any CPU
	EndGlobalSection
	GlobalSection(SolutionProperties) = preSolution
		HideSolutionNode = FALSE
	EndGlobalSection
	GlobalSection(NestedProjects) = preSolution
		{28801ACE-3A1D-4868-90AB-B30043A20AED} = {5AD816CA-C393-428F-9F06-98B45120B02C}
		{FCB0F13A-B412-4340-B077-D3E7A60A9DD7} = {28801ACE-3A1D-4868-90AB-B30043A20AED}
		{43FC813E-E3FD-4712-933A-81E95FDBE62A} = {5DEBCF0A-FE01-425F-BFE2-F1EADDD6D8D2}
		{D2E9DB17-987D-419D-8E14-1CBBF984041F} = {5DEBCF0A-FE01-425F-BFE2-F1EADDD6D8D2}
		{5D407E0D-4A55-4AA6-AC79-93F82BC7EE57} = {D3274B2A-7992-412D-A2BC-CD2DDA51F24E}
		{38D5CDA2-1F6E-4D04-B135-B58A9D8CF51D} = {D3274B2A-7992-412D-A2BC-CD2DDA51F24E}
		{1C42D034-BFF4-4352-88E3-E55DC6139B19} = {D3274B2A-7992-412D-A2BC-CD2DDA51F24E}
		{FF64F100-9639-49E7-A1CC-09D004735FBF} = {D3274B2A-7992-412D-A2BC-CD2DDA51F24E}
		{1D898F1E-AD66-4BAF-B24F-A7530425F46A} = {64068288-0730-45DB-BE3C-68F22F53997A}
		{08151BF4-E3D3-4AE6-8455-AED206652C2B} = {D3274B2A-7992-412D-A2BC-CD2DDA51F24E}
		{9A963564-AF80-4B9D-AC46-C248F0D77261} = {1D898F1E-AD66-4BAF-B24F-A7530425F46A}
		{04296435-9C69-4943-A5CC-069E3BA56E48} = {1D898F1E-AD66-4BAF-B24F-A7530425F46A}
		{1FCFDC59-3367-48C4-92F8-AD77603E0BAD} = {1D898F1E-AD66-4BAF-B24F-A7530425F46A}
		{58F5F3D6-5CA8-44F7-9560-50085B6396DD} = {1C42D034-BFF4-4352-88E3-E55DC6139B19}
		{450D533C-92A6-4947-8EF9-EE0283A708AD} = {5D407E0D-4A55-4AA6-AC79-93F82BC7EE57}
		{CE178B14-8696-4881-AE66-E6B9260328F4} = {5D407E0D-4A55-4AA6-AC79-93F82BC7EE57}
		{03B0D92F-B51C-40FC-99F3-A5D266AB91C3} = {A5297CEE-CE03-4D0C-9445-F5F2AEBF3C9C}
		{4B93CB2B-BAB3-49BD-84A7-ACB8DCFCE747} = {A5297CEE-CE03-4D0C-9445-F5F2AEBF3C9C}
		{E2D5BB26-26DC-48C8-AE33-EB2790858C2A} = {A5297CEE-CE03-4D0C-9445-F5F2AEBF3C9C}
		{41510F08-5A6D-43B6-AC8C-06FFBD56504D} = {A5297CEE-CE03-4D0C-9445-F5F2AEBF3C9C}
		{F35160B2-C879-41C2-B092-971DBFAE02CA} = {A5297CEE-CE03-4D0C-9445-F5F2AEBF3C9C}
		{CF6118F1-99DA-4419-8CC3-71E55E95C1E7} = {A5297CEE-CE03-4D0C-9445-F5F2AEBF3C9C}
		{03EDC0EE-9343-464D-A41B-9BBDA74B3FD4} = {28801ACE-3A1D-4868-90AB-B30043A20AED}
		{29EF760C-F6CD-4E4C-B854-712EF7221FEB} = {A5297CEE-CE03-4D0C-9445-F5F2AEBF3C9C}
		{7F1FAD40-379F-41E0-A85B-27D260D010E1} = {A5297CEE-CE03-4D0C-9445-F5F2AEBF3C9C}
		{D0486CDF-CE83-41CF-9CAD-C31F05BA8CF4} = {D3274B2A-7992-412D-A2BC-CD2DDA51F24E}
		{408A97A1-2532-400F-B6D1-7732EE9CE491} = {A5297CEE-CE03-4D0C-9445-F5F2AEBF3C9C}
		{2D1CEC3C-14B1-449F-BF33-ACF18C1BA9A5} = {5D407E0D-4A55-4AA6-AC79-93F82BC7EE57}
		{44DC5596-D681-4DE7-ACD2-6BB19442F0B1} = {583A76B3-4043-4A0B-A2A0-195920754791}
		{156C594E-EFEB-49D8-A3F0-3067CFE5010F} = {A5297CEE-CE03-4D0C-9445-F5F2AEBF3C9C}
		{F403E637-0EF7-48D7-A873-D1568CCD9AE9} = {A5297CEE-CE03-4D0C-9445-F5F2AEBF3C9C}
		{4FB8712E-D965-4E36-8D16-7D4D57D1B350} = {A5297CEE-CE03-4D0C-9445-F5F2AEBF3C9C}
		{B8801E0F-9E69-4A4A-8C70-DB202FA45D7E} = {A5297CEE-CE03-4D0C-9445-F5F2AEBF3C9C}
		{20315B53-CCD6-4FCF-84A4-8DF0E5327631} = {D3274B2A-7992-412D-A2BC-CD2DDA51F24E}
		{CCC236B0-F26D-4EE5-A68A-014E83D01DE5} = {20315B53-CCD6-4FCF-84A4-8DF0E5327631}
		{F7553FBD-4AE3-4AF7-AA60-8A94F6F7D2C2} = {A5297CEE-CE03-4D0C-9445-F5F2AEBF3C9C}
		{C1A7AA25-120B-439D-B61A-AEA68667925C} = {A5297CEE-CE03-4D0C-9445-F5F2AEBF3C9C}
		{63711F3A-F283-4AB5-9777-8037E00311E1} = {A5297CEE-CE03-4D0C-9445-F5F2AEBF3C9C}
		{E10BEDEB-129B-4E99-8B6C-4EBEEB4DB3D3} = {A5297CEE-CE03-4D0C-9445-F5F2AEBF3C9C}
		{EFD00D1C-04A2-496E-9BA6-8275DD6527BE} = {A5297CEE-CE03-4D0C-9445-F5F2AEBF3C9C}
		{3F99E645-FC53-4D45-AA09-3648A1E1BE52} = {A5297CEE-CE03-4D0C-9445-F5F2AEBF3C9C}
		{A5297CEE-CE03-4D0C-9445-F5F2AEBF3C9C} = {D3274B2A-7992-412D-A2BC-CD2DDA51F24E}
		{583A76B3-4043-4A0B-A2A0-195920754791} = {D3274B2A-7992-412D-A2BC-CD2DDA51F24E}
		{E8345ED5-3361-4486-ABD7-FA223FEFCD3A} = {A5297CEE-CE03-4D0C-9445-F5F2AEBF3C9C}
		{C818CF5D-423B-4FF5-B801-80F4E2558684} = {A5297CEE-CE03-4D0C-9445-F5F2AEBF3C9C}
	EndGlobalSection
	GlobalSection(ExtensibilityGlobals) = postSolution
		SolutionGuid = {EA28E198-EBC9-4C87-B84F-439D80617DC3}
	EndGlobalSection
EndGlobal
