
Microsoft Visual Studio Solution File, Format Version 12.00
# Visual Studio 15
VisualStudioVersion = 15.0.27130.0
MinimumVisualStudioVersion = 10.0.40219.1
Project("{2150E333-8FDC-42A3-9474-1A3956D46DE8}") = "01. Core Layer", "01. Core Layer", "{222F2595-1CFF-46D2-927D-4E1243126F7F}"
EndProject
Project("{9A19103F-16F7-4668-BE54-9A1E7A4F7556}") = "SimpleIdentityServer.EventStore.Handler", "src\Apis\Handlers\SimpleIdentityServer.EventStore.Handler\SimpleIdentityServer.EventStore.Handler.csproj", "{656BFC1E-F81F-4BB4-8333-2BA0108F86DD}"
EndProject
Project("{2150E333-8FDC-42A3-9474-1A3956D46DE8}") = "00. Other Layer", "00. Other Layer", "{754203B3-BF1E-44C3-A203-4246C1AFFAD3}"
EndProject
Project("{9A19103F-16F7-4668-BE54-9A1E7A4F7556}") = "SimpleBus.Core", "..\IdServer\SimpleIdentityServer\src\Lib\Bus\SimpleBus.Core\SimpleBus.Core.csproj", "{939DD0FC-3CF3-4D4C-B8CB-ACEDB9252FEE}"
EndProject
Project("{2150E333-8FDC-42A3-9474-1A3956D46DE8}") = "01. Events", "01. Events", "{9D64869B-A4E4-4CF9-87B1-7B38DB935E1B}"
EndProject
Project("{9A19103F-16F7-4668-BE54-9A1E7A4F7556}") = "SimpleIdentityServer.OAuth.Events", "..\IdServer\SimpleIdentityServer\src\Apis\SimpleIdServer\SimpleIdentityServer.OAuth.Events\SimpleIdentityServer.OAuth.Events.csproj", "{AD836099-0604-4CDC-87AC-CCBA1A2684BC}"
EndProject
Project("{9A19103F-16F7-4668-BE54-9A1E7A4F7556}") = "SimpleIdentityServer.OpenId.Events", "..\IdServer\SimpleIdentityServer\src\Apis\SimpleIdServer\SimpleIdentityServer.OpenId.Events\SimpleIdentityServer.OpenId.Events.csproj", "{C66108B1-EC75-4C0B-AB6A-F4F035326012}"
EndProject
Project("{9A19103F-16F7-4668-BE54-9A1E7A4F7556}") = "SimpleIdentityServer.Scim.Events", "..\IdServer\SimpleIdentityServer\src\Apis\Scim\SimpleIdentityServer.Scim.Events\SimpleIdentityServer.Scim.Events.csproj", "{E5C4493A-590D-49A8-B6E3-8211E9B603F3}"
EndProject
Project("{2150E333-8FDC-42A3-9474-1A3956D46DE8}") = "02. Bus", "02. Bus", "{C9623034-925E-402F-995A-234F0A99825E}"
EndProject
Project("{9A19103F-16F7-4668-BE54-9A1E7A4F7556}") = "SimpleBus.InMemory", "..\IdServer\SimpleIdentityServer\src\Lib\Bus\SimpleBus.InMemory\SimpleBus.InMemory.csproj", "{647D4CEC-C8C4-42C9-84DE-70FDEED0E209}"
EndProject
Project("{9A19103F-16F7-4668-BE54-9A1E7A4F7556}") = "SimpleBus.RabbitMq", "..\IdServer\SimpleIdentityServer\src\Lib\Bus\SimpleBus.RabbitMq\SimpleBus.RabbitMq.csproj", "{1BADE679-8474-437D-B121-D34AC1BE65B2}"
EndProject
Global
	GlobalSection(SolutionConfigurationPlatforms) = preSolution
		Debug|Any CPU = Debug|Any CPU
		Release|Any CPU = Release|Any CPU
	EndGlobalSection
	GlobalSection(ProjectConfigurationPlatforms) = postSolution
		{656BFC1E-F81F-4BB4-8333-2BA0108F86DD}.Debug|Any CPU.ActiveCfg = Debug|Any CPU
		{656BFC1E-F81F-4BB4-8333-2BA0108F86DD}.Debug|Any CPU.Build.0 = Debug|Any CPU
		{656BFC1E-F81F-4BB4-8333-2BA0108F86DD}.Release|Any CPU.ActiveCfg = Release|Any CPU
		{656BFC1E-F81F-4BB4-8333-2BA0108F86DD}.Release|Any CPU.Build.0 = Release|Any CPU
		{939DD0FC-3CF3-4D4C-B8CB-ACEDB9252FEE}.Debug|Any CPU.ActiveCfg = Debug|Any CPU
		{939DD0FC-3CF3-4D4C-B8CB-ACEDB9252FEE}.Debug|Any CPU.Build.0 = Debug|Any CPU
		{939DD0FC-3CF3-4D4C-B8CB-ACEDB9252FEE}.Release|Any CPU.ActiveCfg = Release|Any CPU
		{939DD0FC-3CF3-4D4C-B8CB-ACEDB9252FEE}.Release|Any CPU.Build.0 = Release|Any CPU
		{AD836099-0604-4CDC-87AC-CCBA1A2684BC}.Debug|Any CPU.ActiveCfg = Debug|Any CPU
		{AD836099-0604-4CDC-87AC-CCBA1A2684BC}.Debug|Any CPU.Build.0 = Debug|Any CPU
		{AD836099-0604-4CDC-87AC-CCBA1A2684BC}.Release|Any CPU.ActiveCfg = Release|Any CPU
		{AD836099-0604-4CDC-87AC-CCBA1A2684BC}.Release|Any CPU.Build.0 = Release|Any CPU
		{C66108B1-EC75-4C0B-AB6A-F4F035326012}.Debug|Any CPU.ActiveCfg = Debug|Any CPU
		{C66108B1-EC75-4C0B-AB6A-F4F035326012}.Debug|Any CPU.Build.0 = Debug|Any CPU
		{C66108B1-EC75-4C0B-AB6A-F4F035326012}.Release|Any CPU.ActiveCfg = Release|Any CPU
		{C66108B1-EC75-4C0B-AB6A-F4F035326012}.Release|Any CPU.Build.0 = Release|Any CPU
		{E5C4493A-590D-49A8-B6E3-8211E9B603F3}.Debug|Any CPU.ActiveCfg = Debug|Any CPU
		{E5C4493A-590D-49A8-B6E3-8211E9B603F3}.Debug|Any CPU.Build.0 = Debug|Any CPU
		{E5C4493A-590D-49A8-B6E3-8211E9B603F3}.Release|Any CPU.ActiveCfg = Release|Any CPU
		{E5C4493A-590D-49A8-B6E3-8211E9B603F3}.Release|Any CPU.Build.0 = Release|Any CPU
		{647D4CEC-C8C4-42C9-84DE-70FDEED0E209}.Debug|Any CPU.ActiveCfg = Debug|Any CPU
		{647D4CEC-C8C4-42C9-84DE-70FDEED0E209}.Debug|Any CPU.Build.0 = Debug|Any CPU
		{647D4CEC-C8C4-42C9-84DE-70FDEED0E209}.Release|Any CPU.ActiveCfg = Release|Any CPU
		{647D4CEC-C8C4-42C9-84DE-70FDEED0E209}.Release|Any CPU.Build.0 = Release|Any CPU
		{1BADE679-8474-437D-B121-D34AC1BE65B2}.Debug|Any CPU.ActiveCfg = Debug|Any CPU
		{1BADE679-8474-437D-B121-D34AC1BE65B2}.Debug|Any CPU.Build.0 = Debug|Any CPU
		{1BADE679-8474-437D-B121-D34AC1BE65B2}.Release|Any CPU.ActiveCfg = Release|Any CPU
		{1BADE679-8474-437D-B121-D34AC1BE65B2}.Release|Any CPU.Build.0 = Release|Any CPU
	EndGlobalSection
	GlobalSection(SolutionProperties) = preSolution
		HideSolutionNode = FALSE
	EndGlobalSection
	GlobalSection(NestedProjects) = preSolution
		{656BFC1E-F81F-4BB4-8333-2BA0108F86DD} = {222F2595-1CFF-46D2-927D-4E1243126F7F}
		{939DD0FC-3CF3-4D4C-B8CB-ACEDB9252FEE} = {C9623034-925E-402F-995A-234F0A99825E}
		{9D64869B-A4E4-4CF9-87B1-7B38DB935E1B} = {754203B3-BF1E-44C3-A203-4246C1AFFAD3}
		{AD836099-0604-4CDC-87AC-CCBA1A2684BC} = {9D64869B-A4E4-4CF9-87B1-7B38DB935E1B}
		{C66108B1-EC75-4C0B-AB6A-F4F035326012} = {9D64869B-A4E4-4CF9-87B1-7B38DB935E1B}
		{E5C4493A-590D-49A8-B6E3-8211E9B603F3} = {9D64869B-A4E4-4CF9-87B1-7B38DB935E1B}
		{C9623034-925E-402F-995A-234F0A99825E} = {754203B3-BF1E-44C3-A203-4246C1AFFAD3}
		{647D4CEC-C8C4-42C9-84DE-70FDEED0E209} = {C9623034-925E-402F-995A-234F0A99825E}
		{1BADE679-8474-437D-B121-D34AC1BE65B2} = {C9623034-925E-402F-995A-234F0A99825E}
	EndGlobalSection
	GlobalSection(ExtensibilityGlobals) = postSolution
		SolutionGuid = {5EA0E66F-7B4D-48E5-8011-BD69B0C62C47}
	EndGlobalSection
EndGlobal
