
Microsoft Visual Studio Solution File, Format Version 12.00
# Visual Studio 15
VisualStudioVersion = 15.0.27130.0
MinimumVisualStudioVersion = 10.0.40219.1
Project("{2150E333-8FDC-42A3-9474-1A3956D46DE8}") = "01. Core Layer", "01. Core Layer", "{736DB7E1-6AA9-466A-8470-EFC582B219FA}"
EndProject
Project("{2150E333-8FDC-42A3-9474-1A3956D46DE8}") = "03. API Host", "03. API Host", "{442923F7-F406-476D-B7C2-52892078172C}"
EndProject
Project("{2150E333-8FDC-42A3-9474-1A3956D46DE8}") = "02. Data Layer", "02. Data Layer", "{46443992-2A56-4DF1-92B7-6E4C7EA093FA}"
EndProject
Project("{2150E333-8FDC-42A3-9474-1A3956D46DE8}") = "00. Other Layer", "00. Other Layer", "{4EC3C9B3-7417-4BF9-A9A0-3259BD6A0D5B}"
EndProject
Project("{2150E333-8FDC-42A3-9474-1A3956D46DE8}") = "03. SimpleIdentityServer", "03. SimpleIdentityServer", "{454E693F-333D-471A-8B8B-A5DEC41749E2}"
EndProject
Project("{2150E333-8FDC-42A3-9474-1A3956D46DE8}") = "00. WebApiContrib", "00. WebApiContrib", "{8DC90666-132A-4B5B-90A5-090FE1E9283D}"
EndProject
Project("{2150E333-8FDC-42A3-9474-1A3956D46DE8}") = "01. Serilog", "01. Serilog", "{BBDA882F-6294-4D55-B82A-E4A3DAC8263C}"
EndProject
Project("{2150E333-8FDC-42A3-9474-1A3956D46DE8}") = "02. WsFederation", "02. WsFederation", "{36BAB6A7-4173-4524-AC24-69AA37096431}"
EndProject
Project("{2150E333-8FDC-42A3-9474-1A3956D46DE8}") = "04. Manager", "04. Manager", "{873E2C97-23BC-40AF-91CA-09921391D3A0}"
EndProject
Project("{2150E333-8FDC-42A3-9474-1A3956D46DE8}") = "06. UMA", "06. UMA", "{0EE61CD6-64BD-4CE1-84B8-15012D1A6393}"
EndProject
Project("{2150E333-8FDC-42A3-9474-1A3956D46DE8}") = "04. Website Host", "04. Website Host", "{847E94ED-FF4A-43EE-9D0F-28A5219E3E01}"
EndProject
Project("{2150E333-8FDC-42A3-9474-1A3956D46DE8}") = "09. Other", "09. Other", "{0F3B4FB9-1CD1-405D-A849-3F20A62BC6E4}"
EndProject
Project("{9A19103F-16F7-4668-BE54-9A1E7A4F7556}") = "WebApiContrib.Core.Concurrency", "..\IdServer\SimpleIdentityServer\src\Lib\WebApiContrib\WebApiContrib.Core.Concurrency\WebApiContrib.Core.Concurrency.csproj", "{E6F14E2B-8045-4D36-BDDD-FEF36CA9632F}"
EndProject
Project("{9A19103F-16F7-4668-BE54-9A1E7A4F7556}") = "WebApiContrib.Core.Storage", "..\IdServer\SimpleIdentityServer\src\Lib\WebApiContrib\WebApiContrib.Core.Storage\WebApiContrib.Core.Storage.csproj", "{CCB216F6-48BF-49F2-BDBC-67A784ADA706}"
EndProject
Project("{9A19103F-16F7-4668-BE54-9A1E7A4F7556}") = "WebApiContrib.Core.Storage.InMemory", "..\IdServer\SimpleIdentityServer\src\Lib\WebApiContrib\WebApiContrib.Core.Storage.InMemory\WebApiContrib.Core.Storage.InMemory.csproj", "{1BE53A08-E72C-4D8B-93A7-FB9FECCCEC3A}"
EndProject
Project("{9A19103F-16F7-4668-BE54-9A1E7A4F7556}") = "WebApiContrib.Core.Storage.Redis", "..\IdServer\SimpleIdentityServer\src\Lib\WebApiContrib\WebApiContrib.Core.Storage.Redis\WebApiContrib.Core.Storage.Redis.csproj", "{1097492B-BC57-49AF-974A-5E838E442E52}"
EndProject
Project("{9A19103F-16F7-4668-BE54-9A1E7A4F7556}") = "Serilog.Sinks.RabbitMQ", "..\IdServer\SimpleIdentityServer\src\Lib\Serilog\Serilog.Sinks.RabbitMQ\Serilog.Sinks.RabbitMQ.csproj", "{FAD35A1E-454E-407E-95A1-ECC0641396E1}"
EndProject
Project("{9A19103F-16F7-4668-BE54-9A1E7A4F7556}") = "Serilog.Sinks.ElasticSearch", "..\IdServer\SimpleIdentityServer\src\Lib\Serilog\Serilog.Sinks.ElasticSearch\Serilog.Sinks.ElasticSearch.csproj", "{34322C4B-638B-40C3-A292-003D5168398A}"
EndProject
Project("{9A19103F-16F7-4668-BE54-9A1E7A4F7556}") = "WsFederation", "..\IdServer\SimpleIdentityServer\src\Lib\WsFederation\WsFederation.csproj", "{81B72140-7EF8-4163-B302-2FE384E00051}"
EndProject
Project("{9A19103F-16F7-4668-BE54-9A1E7A4F7556}") = "SimpleIdentityServer.Client", "..\IdServer\SimpleIdentityServer\src\Apis\SimpleIdServer\SimpleIdentityServer.Client\SimpleIdentityServer.Client.csproj", "{AC4C756E-7B8F-4927-B876-AB17477D2765}"
EndProject
Project("{9A19103F-16F7-4668-BE54-9A1E7A4F7556}") = "SimpleIdentityServer.Core", "..\IdServer\SimpleIdentityServer\src\Apis\SimpleIdServer\SimpleIdentityServer.Core\SimpleIdentityServer.Core.csproj", "{5E0F8D95-1E28-4326-A371-76D84B99E38D}"
EndProject
Project("{9A19103F-16F7-4668-BE54-9A1E7A4F7556}") = "SimpleIdentityServer.Core.Common", "..\IdServer\SimpleIdentityServer\src\Apis\SimpleIdServer\SimpleIdentityServer.Core.Common\SimpleIdentityServer.Core.Common.csproj", "{1D0E7947-9AB9-4760-AE8C-CD2B199E9931}"
EndProject
Project("{9A19103F-16F7-4668-BE54-9A1E7A4F7556}") = "SimpleIdentityServer.Core.Jwt", "..\IdServer\SimpleIdentityServer\src\Apis\SimpleIdServer\SimpleIdentityServer.Core.Jwt\SimpleIdentityServer.Core.Jwt.csproj", "{D49CC2A2-4EEC-4154-95B5-2DAF1446124D}"
EndProject
Project("{9A19103F-16F7-4668-BE54-9A1E7A4F7556}") = "SimpleIdentityServer.EventStore.EF", "..\IdServer\SimpleIdentityServer\src\Apis\EventStore\SimpleIdentityServer.EventStore.EF\SimpleIdentityServer.EventStore.EF.csproj", "{EE7798CF-7C70-4BD7-A8EB-2C449DD5C19D}"
EndProject
Project("{9A19103F-16F7-4668-BE54-9A1E7A4F7556}") = "SimpleIdentityServer.Host", "..\IdServer\SimpleIdentityServer\src\Apis\SimpleIdServer\SimpleIdentityServer.Host\SimpleIdentityServer.Host.csproj", "{95DC31E4-077E-4A39-9EDA-79EB42353306}"
EndProject
Project("{9A19103F-16F7-4668-BE54-9A1E7A4F7556}") = "SimpleIdentityServer.Logging", "..\IdServer\SimpleIdentityServer\src\Apis\SimpleIdServer\SimpleIdentityServer.Logging\SimpleIdentityServer.Logging.csproj", "{0B0DA2D8-8FF4-458C-A43A-955829BC8680}"
EndProject
Project("{9A19103F-16F7-4668-BE54-9A1E7A4F7556}") = "SimpleIdentityServer.Manager.Client", "src\Apis\Manager\SimpleIdentityServer.Manager.Client\SimpleIdentityServer.Manager.Client.csproj", "{35717AF4-88C1-4596-867C-D3BFAF6A9FCF}"
EndProject
Project("{9A19103F-16F7-4668-BE54-9A1E7A4F7556}") = "SimpleIdentityServer.Manager.Core", "src\Apis\Manager\SimpleIdentityServer.Manager.Core\SimpleIdentityServer.Manager.Core.csproj", "{C2FC45CA-4E3D-4019-9856-D13B18929A7D}"
EndProject
Project("{9A19103F-16F7-4668-BE54-9A1E7A4F7556}") = "SimpleIdentityServer.Manager.Host", "src\Apis\Manager\SimpleIdentityServer.Manager.Host\SimpleIdentityServer.Manager.Host.csproj", "{F7ABF957-DD29-4A08-A0C7-6B806AA9FA68}"
EndProject
Project("{9A19103F-16F7-4668-BE54-9A1E7A4F7556}") = "SimpleIdentityServer.Uma.Client", "..\IdServer\SimpleIdentityServer\src\Apis\Uma\SimpleIdentityServer.Uma.Client\SimpleIdentityServer.Uma.Client.csproj", "{7620D583-77FE-4F61-AA01-050E1BDB7732}"
EndProject
Project("{9A19103F-16F7-4668-BE54-9A1E7A4F7556}") = "SimpleIdentityServer.Uma.Common", "..\IdServer\SimpleIdentityServer\src\Apis\Uma\SimpleIdentityServer.Uma.Common\SimpleIdentityServer.Uma.Common.csproj", "{9410BD7C-D1ED-4BBA-8A5E-1FA2C73928F7}"
EndProject
Project("{9A19103F-16F7-4668-BE54-9A1E7A4F7556}") = "SimpleIdentityServer.Uma.Core", "..\IdServer\SimpleIdentityServer\src\Apis\Uma\SimpleIdentityServer.Uma.Core\SimpleIdentityServer.Uma.Core.csproj", "{5EBB0DE4-183F-4F1B-8DB4-06B531595D74}"
EndProject
Project("{9A19103F-16F7-4668-BE54-9A1E7A4F7556}") = "SimpleIdentityServer.Uma.EF", "..\IdServer\SimpleIdentityServer\src\Apis\Uma\SimpleIdentityServer.Uma.EF\SimpleIdentityServer.Uma.EF.csproj", "{C0F4B65E-6F48-4533-AE59-FE9973F8F24F}"
EndProject
Project("{9A19103F-16F7-4668-BE54-9A1E7A4F7556}") = "System.Security.Cryptography.Algorithms.Extensions", "..\IdServer\SimpleIdentityServer\src\Lib\System.Security.Cryptography.Algorithms.Extensions\System.Security.Cryptography.Algorithms.Extensions.csproj", "{331AAB1E-3B07-43E6-9AE3-9D136DC0BA7E}"
EndProject
Project("{9A19103F-16F7-4668-BE54-9A1E7A4F7556}") = "SimpleIdentityServer.Manager.Host.Startup", "src\Apis\Manager\SimpleIdentityServer.Manager.Host.Startup\SimpleIdentityServer.Manager.Host.Startup.csproj", "{0771B739-9FE8-4D07-8B2A-A81067D272D0}"
EndProject
Project("{9A19103F-16F7-4668-BE54-9A1E7A4F7556}") = "SimpleIdentityServer.Startup", "..\IdServer\SimpleIdentityServer\src\Apis\SimpleIdServer\SimpleIdentityServer.Startup\SimpleIdentityServer.Startup.csproj", "{0ED43548-2A4E-4AC2-85F8-C4DD843236E0}"
EndProject
Project("{9A19103F-16F7-4668-BE54-9A1E7A4F7556}") = "SimpleIdentityServer.Uma.Startup", "..\IdServer\SimpleIdentityServer\src\Apis\Uma\SimpleIdentityServer.Uma.Startup\SimpleIdentityServer.Uma.Startup.csproj", "{6900E172-9041-4FC3-9EC2-F61068524B40}"
EndProject
Project("{9A19103F-16F7-4668-BE54-9A1E7A4F7556}") = "SimpleIdentityServer.ResourceManager.Host", "src\Apis\ResourceManager\SimpleIdentityServer.ResourceManager.Host\SimpleIdentityServer.ResourceManager.Host.csproj", "{A0ACC8D4-6C5D-409B-87F4-5B656278A550}"
EndProject
Project("{9A19103F-16F7-4668-BE54-9A1E7A4F7556}") = "SimpleIdentityServer.Uma.Host", "..\IdServer\SimpleIdentityServer\src\Apis\Uma\SimpleIdentityServer.Uma.Host\SimpleIdentityServer.Uma.Host.csproj", "{3748526B-08E9-4C16-9B81-4D90D9961B2D}"
EndProject
Project("{9A19103F-16F7-4668-BE54-9A1E7A4F7556}") = "SimpleIdentityServer.Manager.Common", "src\Apis\Manager\SimpleIdentityServer.Manager.Common\SimpleIdentityServer.Manager.Common.csproj", "{7520DDF5-B686-4B35-A24B-ADC067C7747D}"
EndProject
Project("{9A19103F-16F7-4668-BE54-9A1E7A4F7556}") = "SimpleIdentityServer.EF", "..\IdServer\SimpleIdentityServer\src\Apis\SimpleIdServer\SimpleIdentityServer.EF\SimpleIdentityServer.EF.csproj", "{2B028CE8-8D6B-4DB9-BC07-F7BDAF50114B}"
EndProject
Project("{9A19103F-16F7-4668-BE54-9A1E7A4F7556}") = "SimpleIdentityServer.UserInfoIntrospection", "..\IdServer\SimpleIdentityServer\src\Apis\SimpleIdServer\SimpleIdentityServer.UserInfoIntrospection\SimpleIdentityServer.UserInfoIntrospection.csproj", "{1A01C4D2-6CCD-43DE-AFDD-AC31B27C0C70}"
EndProject
Project("{9A19103F-16F7-4668-BE54-9A1E7A4F7556}") = "SimpleIdentityServer.OAuth2Introspection", "..\IdServer\SimpleIdentityServer\src\Apis\SimpleIdServer\SimpleIdentityServer.OAuth2Introspection\SimpleIdentityServer.OAuth2Introspection.csproj", "{F7FBA8F7-BFC1-4125-9463-4CF71F2F71A3}"
EndProject
Project("{9A19103F-16F7-4668-BE54-9A1E7A4F7556}") = "SimpleIdentityServer.Uma.Store.Redis", "..\IdServer\SimpleIdentityServer\src\Apis\Uma\SimpleIdentityServer.Uma.Store.Redis\SimpleIdentityServer.Uma.Store.Redis.csproj", "{2FE5D7D0-D20C-4966-A3B3-E855A44DE191}"
EndProject
Project("{2150E333-8FDC-42A3-9474-1A3956D46DE8}") = "05. SCIM", "05. SCIM", "{F1475C67-4B35-4454-827B-822B0358EDB6}"
EndProject
Project("{9A19103F-16F7-4668-BE54-9A1E7A4F7556}") = "SimpleIdentityServer.Scim.Host", "..\IdServer\SimpleIdentityServer\src\Apis\Scim\SimpleIdentityServer.Scim.Host\SimpleIdentityServer.Scim.Host.csproj", "{68598492-1EE3-403B-8E5F-3F5478C22159}"
EndProject
Project("{9A19103F-16F7-4668-BE54-9A1E7A4F7556}") = "SimpleIdentityServer.Scim.Client", "..\IdServer\SimpleIdentityServer\src\Apis\Scim\SimpleIdentityServer.Scim.Client\SimpleIdentityServer.Scim.Client.csproj", "{1D7C1E84-5778-468D-A220-C5C2983CD50B}"
EndProject
Project("{9A19103F-16F7-4668-BE54-9A1E7A4F7556}") = "SimpleIdentityServer.Scim.Common", "..\IdServer\SimpleIdentityServer\src\Apis\Scim\SimpleIdentityServer.Scim.Common\SimpleIdentityServer.Scim.Common.csproj", "{4B00F296-947F-45CA-A79D-622B118B134E}"
EndProject
Project("{2150E333-8FDC-42A3-9474-1A3956D46DE8}") = "05. Testing Layer", "05. Testing Layer", "{8429F2B1-6A9A-434C-923A-7ED5D361F710}"
EndProject
Project("{9A19103F-16F7-4668-BE54-9A1E7A4F7556}") = "SimpleIdentityServer.Authenticate.Basic", "..\IdServer\SimpleIdentityServer\src\Apis\SimpleIdServer\SimpleIdentityServer.Authenticate.Basic\SimpleIdentityServer.Authenticate.Basic.csproj", "{1A34EA4D-9829-4B2C-AB5E-35A984B92D32}"
EndProject
Project("{9A19103F-16F7-4668-BE54-9A1E7A4F7556}") = "SimpleIdentityServer.ProtectedWebsite.Mvc", "tests\SimpleIdentityServer.ProtectedWebsite.Mvc\SimpleIdentityServer.ProtectedWebsite.Mvc.csproj", "{BE28A970-F2F2-40DF-897C-808E6A0E4A8B}"
EndProject
Project("{9A19103F-16F7-4668-BE54-9A1E7A4F7556}") = "SimpleIdentityServer.ResourceManager.Core.Tests", "tests\SimpleIdentityServer.ResourceManager.Core.Tests\SimpleIdentityServer.ResourceManager.Core.Tests.csproj", "{CD9763B1-A838-47E0-BD43-F390EDF876CE}"
EndProject
Project("{2150E333-8FDC-42A3-9474-1A3956D46DE8}") = "01. Unit Tests", "01. Unit Tests", "{52A7AD31-E62D-4305-8689-395560BD7DA1}"
EndProject
Project("{2150E333-8FDC-42A3-9474-1A3956D46DE8}") = "02. Integration Tests", "02. Integration Tests", "{AEAE34B4-E310-4938-B746-EA97918262C5}"
EndProject
Project("{9A19103F-16F7-4668-BE54-9A1E7A4F7556}") = "SimpleIdentityServer.EventStore.Core", "..\IdServer\SimpleIdentityServer\src\Apis\EventStore\SimpleIdentityServer.EventStore.Core\SimpleIdentityServer.EventStore.Core.csproj", "{5C566782-FA3C-4216-8598-4B225F277245}"
EndProject
Project("{9A19103F-16F7-4668-BE54-9A1E7A4F7556}") = "SimpleBus.Core", "..\IdServer\SimpleIdentityServer\src\Lib\Bus\SimpleBus.Core\SimpleBus.Core.csproj", "{C57AC1B5-0A88-4D50-B0FE-1915316A54D4}"
EndProject
Project("{9A19103F-16F7-4668-BE54-9A1E7A4F7556}") = "SimpleBus.InMemory", "..\IdServer\SimpleIdentityServer\src\Lib\Bus\SimpleBus.InMemory\SimpleBus.InMemory.csproj", "{9430544B-23EA-47A9-B623-95FE9B86B4B9}"
EndProject
Project("{9A19103F-16F7-4668-BE54-9A1E7A4F7556}") = "SimpleIdentityServer.Scim.Db.EF", "..\IdServer\SimpleIdentityServer\src\Apis\Scim\SimpleIdentityServer.Scim.Db.EF\SimpleIdentityServer.Scim.Db.EF.csproj", "{188F803D-46CE-4722-856D-B0613DA8BF00}"
EndProject
Project("{9A19103F-16F7-4668-BE54-9A1E7A4F7556}") = "SimpleIdentityServer.Scim.Core", "..\IdServer\SimpleIdentityServer\src\Apis\Scim\SimpleIdentityServer.Scim.Core\SimpleIdentityServer.Scim.Core.csproj", "{7B02CADC-B99F-4FA5-B6D6-EF5EA2457C60}"
EndProject
Project("{9A19103F-16F7-4668-BE54-9A1E7A4F7556}") = "SimpleIdentityServer.Scim.Db.EF.InMemory", "..\IdServer\SimpleIdentityServer\src\Apis\Scim\SimpleIdentityServer.Scim.Db.EF.InMemory\SimpleIdentityServer.Scim.Db.EF.InMemory.csproj", "{23B24FCB-8952-47FE-B9BB-EBE4BC3E3D85}"
EndProject
Project("{9A19103F-16F7-4668-BE54-9A1E7A4F7556}") = "SimpleIdentityServer.Scim.EventStore.Handler", "..\IdServer\SimpleIdentityServer\src\Apis\Scim\SimpleIdentityServer.Scim.EventStore.Handler\SimpleIdentityServer.Scim.EventStore.Handler.csproj", "{C39EFFBA-10C7-4AB9-B19E-EDE6E33A9CE4}"
EndProject
Project("{9A19103F-16F7-4668-BE54-9A1E7A4F7556}") = "SimpleIdentityServer.Scim.Handler", "..\IdServer\SimpleIdentityServer\src\Apis\Scim\SimpleIdentityServer.Scim.Handler\SimpleIdentityServer.Scim.Handler.csproj", "{81826195-ECBA-4916-B0DD-3BA121CA097D}"
EndProject
Project("{9A19103F-16F7-4668-BE54-9A1E7A4F7556}") = "SimpleIdentityServer.Scim.Db.EF.SqlServer", "..\IdServer\SimpleIdentityServer\src\Apis\Scim\SimpleIdentityServer.Scim.Db.EF.SqlServer\SimpleIdentityServer.Scim.Db.EF.SqlServer.csproj", "{156FFE79-D24F-404E-90A2-3F281EE9C0BA}"
EndProject
Project("{9A19103F-16F7-4668-BE54-9A1E7A4F7556}") = "SimpleIdentityServer.Handler", "..\IdServer\SimpleIdentityServer\src\Apis\SimpleIdServer\SimpleIdentityServer.Handler\SimpleIdentityServer.Handler.csproj", "{A4022D5D-8CDB-4B64-A1A3-5482D43299C9}"
EndProject
Project("{9A19103F-16F7-4668-BE54-9A1E7A4F7556}") = "SimpleIdentityServer.EventStore.Handler", "..\IdServer\SimpleIdentityServer\src\Apis\SimpleIdServer\SimpleIdentityServer.EventStore.Handler\SimpleIdentityServer.EventStore.Handler.csproj", "{C7137981-AA55-4047-A774-979F3A4F82C9}"
EndProject
Project("{9A19103F-16F7-4668-BE54-9A1E7A4F7556}") = "SimpleIdentityServer.EventStore.SqlServer", "..\IdServer\SimpleIdentityServer\src\Apis\EventStore\SimpleIdentityServer.EventStore.SqlServer\SimpleIdentityServer.EventStore.SqlServer.csproj", "{A0384C50-9734-4354-B08F-FBF7D938307C}"
EndProject
Project("{9A19103F-16F7-4668-BE54-9A1E7A4F7556}") = "SimpleIdentityServer.EF.SqlServer", "..\IdServer\SimpleIdentityServer\src\Apis\SimpleIdServer\SimpleIdentityServer.EF.SqlServer\SimpleIdentityServer.EF.SqlServer.csproj", "{65B2BBD8-981E-48B7-A872-6ED9D86D95EF}"
EndProject
Project("{9A19103F-16F7-4668-BE54-9A1E7A4F7556}") = "SimpleIdentityServer.Common.Dtos", "src\Apis\Common\SimpleIdentityServer.Common.Dtos\SimpleIdentityServer.Common.Dtos.csproj", "{9F04606B-E2FA-4549-A78D-169F8F5A4915}"
EndProject
Project("{9A19103F-16F7-4668-BE54-9A1E7A4F7556}") = "SimpleIdentityServer.Common.Client", "src\Apis\Common\SimpleIdentityServer.Common.Client\SimpleIdentityServer.Common.Client.csproj", "{429F3643-BA03-4FC0-AC9E-73879F756B93}"
EndProject
Project("{2150E333-8FDC-42A3-9474-1A3956D46DE8}") = "07. Common", "07. Common", "{4877EED1-EB59-42C9-ABC3-7B4EB9B6BF29}"
EndProject
Project("{9A19103F-16F7-4668-BE54-9A1E7A4F7556}") = "SimpleIdentityServer.ResourceManager.API.Host.Tests", "tests\SimpleIdentityServer.ResourceManager.API.Host.Tests\SimpleIdentityServer.ResourceManager.API.Host.Tests.csproj", "{5222BA35-8855-4501-8752-416154FB47E0}"
EndProject
Project("{9A19103F-16F7-4668-BE54-9A1E7A4F7556}") = "SimpleIdentityServer.Scim.Startup", "..\IdServer\SimpleIdentityServer\src\Apis\Scim\SimpleIdentityServer.Scim.Startup\SimpleIdentityServer.Scim.Startup.csproj", "{8B56C9D8-BE03-40C3-84FA-ADCF4C183902}"
EndProject
Project("{9A19103F-16F7-4668-BE54-9A1E7A4F7556}") = "SimpleIdentityServer.Manager.Auth.Host.Startup", "src\Apis\Manager\SimpleIdentityServer.Manager.Auth.Host.Startup\SimpleIdentityServer.Manager.Auth.Host.Startup.csproj", "{207DF99B-A6B6-4E25-BB56-D204A617DDE7}"
EndProject
Project("{2150E333-8FDC-42A3-9474-1A3956D46DE8}") = "08. Parameter", "08. Parameter", "{0236DC8A-90BC-4FA8-B53D-887EAC749B2E}"
EndProject
Project("{9A19103F-16F7-4668-BE54-9A1E7A4F7556}") = "SimpleIdentityServer.Parameter.Client", "src\Apis\Parameter\SimpleIdentityServer.Parameter.Client\SimpleIdentityServer.Parameter.Client.csproj", "{0B6445C1-5AFE-4E8A-BC8C-6F199A4FA87B}"
EndProject
Project("{9A19103F-16F7-4668-BE54-9A1E7A4F7556}") = "SimpleIdentityServer.Parameter.Common", "src\Apis\Parameter\SimpleIdentityServer.Parameter.Common\SimpleIdentityServer.Parameter.Common.csproj", "{A8D098DF-8A23-41C7-A0C7-E81622D00008}"
EndProject
Project("{9A19103F-16F7-4668-BE54-9A1E7A4F7556}") = "SimpleIdentityServer.License", "src\Apis\License\SimpleIdentityServer.License\SimpleIdentityServer.License.csproj", "{A348D73B-9892-4EF1-8966-A9A91D2A08CB}"
EndProject
Project("{9A19103F-16F7-4668-BE54-9A1E7A4F7556}") = "SimpleIdentityServer.Profile.EF", "src\Apis\Profile\SimpleIdentityServer.Profile.EF\SimpleIdentityServer.Profile.EF.csproj", "{84EDC660-E878-466F-98D9-A850C26387BF}"
EndProject
Project("{9A19103F-16F7-4668-BE54-9A1E7A4F7556}") = "SimpleIdentityServer.Profile.Core", "src\Apis\Profile\SimpleIdentityServer.Profile.Core\SimpleIdentityServer.Profile.Core.csproj", "{B0BFFD5C-6EDF-4D2D-A7C1-D6D1EBD08794}"
EndProject
Project("{2150E333-8FDC-42A3-9474-1A3956D46DE8}") = "01. Profile", "01. Profile", "{63E73B65-5DCB-4ACD-A382-36B6DA32F23C}"
EndProject
Project("{9A19103F-16F7-4668-BE54-9A1E7A4F7556}") = "SimpleIdentityServer.Profile.EF.InMemory", "src\Apis\Profile\SimpleIdentityServer.Profile.EF.InMemory\SimpleIdentityServer.Profile.EF.InMemory.csproj", "{CCE3752E-0331-4CA9-8685-DA17B284FE22}"
EndProject
Project("{9A19103F-16F7-4668-BE54-9A1E7A4F7556}") = "SimpleIdentityServer.Profile.EF.Postgre", "src\Apis\Profile\SimpleIdentityServer.Profile.EF.Postgre\SimpleIdentityServer.Profile.EF.Postgre.csproj", "{226EF6D3-B288-4FF5-BCC5-8A58C08E2165}"
EndProject
Project("{9A19103F-16F7-4668-BE54-9A1E7A4F7556}") = "SimpleIdentityServer.Profile.EF.Sqlite", "src\Apis\Profile\SimpleIdentityServer.Profile.EF.Sqlite\SimpleIdentityServer.Profile.EF.Sqlite.csproj", "{FEBA61CD-FDB5-41C2-B0BB-BA17E4096CB9}"
EndProject
Project("{9A19103F-16F7-4668-BE54-9A1E7A4F7556}") = "SimpleIdentityServer.Profile.EF.SqlServer", "src\Apis\Profile\SimpleIdentityServer.Profile.EF.SqlServer\SimpleIdentityServer.Profile.EF.SqlServer.csproj", "{DF654391-118C-42D2-8933-7D03D339F8F9}"
EndProject
Project("{2150E333-8FDC-42A3-9474-1A3956D46DE8}") = "02. HierarchicalResource", "02. HierarchicalResource", "{3F1F3012-66FF-4A94-AC3D-F18734FADEF7}"
EndProject
Project("{9A19103F-16F7-4668-BE54-9A1E7A4F7556}") = "SimpleIdentityServer.HierarchicalResource.Core", "src\Apis\HierarchicalResource\SimpleIdentityServer.HierarchicalResource.Core\SimpleIdentityServer.HierarchicalResource.Core.csproj", "{50197B65-7F1C-49FF-BE76-CF994F37B6AD}"
EndProject
Project("{9A19103F-16F7-4668-BE54-9A1E7A4F7556}") = "SimpleIdentityServer.HierarchicalResource.EF", "src\Apis\HierarchicalResource\SimpleIdentityServer.HierarchicalResource.EF\SimpleIdentityServer.HierarchicalResource.EF.csproj", "{F2329E48-E3CE-4CE3-AC50-0EF9CE20598E}"
EndProject
Project("{2150E333-8FDC-42A3-9474-1A3956D46DE8}") = "02. HierarchicalResource", "02. HierarchicalResource", "{2ED8E95B-8A26-49E5-A590-001153F20A5F}"
EndProject
Project("{2150E333-8FDC-42A3-9474-1A3956D46DE8}") = "01. Profile", "01. Profile", "{34CA2543-5D47-4536-8F14-E1D0D5C84464}"
EndProject
Project("{9A19103F-16F7-4668-BE54-9A1E7A4F7556}") = "SimpleIdentityServer.HierarchicalResource.Host", "src\Apis\HierarchicalResource\SimpleIdentityServer.HierarchicalResource.Host\SimpleIdentityServer.HierarchicalResource.Host.csproj", "{86CA70B9-E1B8-4953-BB74-B79ADBA2AE02}"
EndProject
Project("{9A19103F-16F7-4668-BE54-9A1E7A4F7556}") = "SimpleIdentityServer.HierarchicalResource.Common", "src\Apis\HierarchicalResource\SimpleIdentityServer.HierarchicalResource.Common\SimpleIdentityServer.HierarchicalResource.Common.csproj", "{1000ECB1-74D2-4127-B3EB-84394B10271A}"
EndProject
Project("{9A19103F-16F7-4668-BE54-9A1E7A4F7556}") = "SimpleIdentityServer.Parameter.Host", "src\Apis\Parameter\SimpleIdentityServer.Parameter.Host\SimpleIdentityServer.Parameter.Host.csproj", "{BFDA335A-BA72-4AF8-8577-E24CC08041BA}"
EndProject
Project("{9A19103F-16F7-4668-BE54-9A1E7A4F7556}") = "SimpleIdentityServer.Parameter.Core", "src\Apis\Parameter\SimpleIdentityServer.Parameter.Core\SimpleIdentityServer.Parameter.Core.csproj", "{7782E35B-D047-423F-B268-F27A2F33BA0D}"
EndProject
Project("{9A19103F-16F7-4668-BE54-9A1E7A4F7556}") = "SimpleIdentityServer.HierarchicalResource.EF.InMemory", "src\Apis\HierarchicalResource\SimpleIdentityServer.HierarchicalResource.EF.InMemory\SimpleIdentityServer.HierarchicalResource.EF.InMemory.csproj", "{8AF2DF76-7C04-463D-85FC-7B3C84DB1250}"
EndProject
Project("{9A19103F-16F7-4668-BE54-9A1E7A4F7556}") = "SimpleIdentityServer.HierarchicalResource.EF.Postgre", "src\Apis\HierarchicalResource\SimpleIdentityServer.HierarchicalResource.EF.Postgre\SimpleIdentityServer.HierarchicalResource.EF.Postgre.csproj", "{C02531C6-7C3A-4EBC-B473-55B127449D15}"
EndProject
Project("{9A19103F-16F7-4668-BE54-9A1E7A4F7556}") = "SimpleIdentityServer.HierarchicalResource.EF.Sqlite", "src\Apis\HierarchicalResource\SimpleIdentityServer.HierarchicalResource.EF.Sqlite\SimpleIdentityServer.HierarchicalResource.EF.Sqlite.csproj", "{D92FA66E-665E-4133-A9D4-3FB17E492FE9}"
EndProject
Project("{9A19103F-16F7-4668-BE54-9A1E7A4F7556}") = "SimpleIdentityServer.HierarchicalResource.EF.SqlServer", "src\Apis\HierarchicalResource\SimpleIdentityServer.HierarchicalResource.EF.SqlServer\SimpleIdentityServer.HierarchicalResource.EF.SqlServer.csproj", "{993B934A-934B-4249-B79B-32DD788EE4F5}"
EndProject
Project("{9A19103F-16F7-4668-BE54-9A1E7A4F7556}") = "SimpleIdentityServer.Profile.Host", "src\Apis\Profile\SimpleIdentityServer.Profile.Host\SimpleIdentityServer.Profile.Host.csproj", "{B0BF74BE-A23F-401D-B2F1-2AE96CCD07D1}"
EndProject
Project("{2150E333-8FDC-42A3-9474-1A3956D46DE8}") = "01. Indep", "01. Indep", "{6BC5963E-FAA8-4102-A000-BF24DE0D9B37}"
EndProject
Project("{9A19103F-16F7-4668-BE54-9A1E7A4F7556}") = "SimpleIdentityServer.Profile.Startup", "src\Apis\Profile\SimpleIdentityServer.Profile.Startup\SimpleIdentityServer.Profile.Startup.csproj", "{4E781798-C5C5-405A-B8BD-B5DB9D45C2E5}"
EndProject
Project("{9A19103F-16F7-4668-BE54-9A1E7A4F7556}") = "SimpleIdentityServer.HierarchicalResource.Startup", "src\Apis\HierarchicalResource\SimpleIdentityServer.HierarchicalResource.Startup\SimpleIdentityServer.HierarchicalResource.Startup.csproj", "{FC37E1CD-BE4B-4E56-8637-5D7DF9C86BC4}"
EndProject
Project("{2150E333-8FDC-42A3-9474-1A3956D46DE8}") = "02. Merged", "02. Merged", "{9A02616B-4D01-41E4-835D-CD40635EFA28}"
EndProject
Project("{9A19103F-16F7-4668-BE54-9A1E7A4F7556}") = "SimpleIdentityServer.Merged.API.Startup", "src\Apis\ResourceManager\SimpleIdentityServer.Merged.API.Startup\SimpleIdentityServer.Merged.API.Startup.csproj", "{D85BCF70-61CA-495D-AF3A-9DCB821CAE42}"
EndProject
Project("{9A19103F-16F7-4668-BE54-9A1E7A4F7556}") = "SimpleIdentityServer.AccessToken.Store.InMemory", "..\IdServer\SimpleIdentityServer\src\Apis\Common\SimpleIdentityServer.AccessToken.Store.InMemory\SimpleIdentityServer.AccessToken.Store.InMemory.csproj", "{EB2F8180-B392-4255-9A1D-E936FDE4816F}"
EndProject
Project("{9A19103F-16F7-4668-BE54-9A1E7A4F7556}") = "SimpleIdentityServer.AccessToken.Store", "..\IdServer\SimpleIdentityServer\src\Apis\Common\SimpleIdentityServer.AccessToken.Store\SimpleIdentityServer.AccessToken.Store.csproj", "{865A8005-4245-4649-916B-B554161DF25D}"
EndProject
Global
	GlobalSection(SolutionConfigurationPlatforms) = preSolution
		Debug|Any CPU = Debug|Any CPU
		Release|Any CPU = Release|Any CPU
	EndGlobalSection
	GlobalSection(ProjectConfigurationPlatforms) = postSolution
		{E6F14E2B-8045-4D36-BDDD-FEF36CA9632F}.Debug|Any CPU.ActiveCfg = Debug|Any CPU
		{E6F14E2B-8045-4D36-BDDD-FEF36CA9632F}.Debug|Any CPU.Build.0 = Debug|Any CPU
		{E6F14E2B-8045-4D36-BDDD-FEF36CA9632F}.Release|Any CPU.ActiveCfg = Release|Any CPU
		{E6F14E2B-8045-4D36-BDDD-FEF36CA9632F}.Release|Any CPU.Build.0 = Release|Any CPU
		{CCB216F6-48BF-49F2-BDBC-67A784ADA706}.Debug|Any CPU.ActiveCfg = Debug|Any CPU
		{CCB216F6-48BF-49F2-BDBC-67A784ADA706}.Debug|Any CPU.Build.0 = Debug|Any CPU
		{CCB216F6-48BF-49F2-BDBC-67A784ADA706}.Release|Any CPU.ActiveCfg = Release|Any CPU
		{CCB216F6-48BF-49F2-BDBC-67A784ADA706}.Release|Any CPU.Build.0 = Release|Any CPU
		{1BE53A08-E72C-4D8B-93A7-FB9FECCCEC3A}.Debug|Any CPU.ActiveCfg = Debug|Any CPU
		{1BE53A08-E72C-4D8B-93A7-FB9FECCCEC3A}.Debug|Any CPU.Build.0 = Debug|Any CPU
		{1BE53A08-E72C-4D8B-93A7-FB9FECCCEC3A}.Release|Any CPU.ActiveCfg = Release|Any CPU
		{1BE53A08-E72C-4D8B-93A7-FB9FECCCEC3A}.Release|Any CPU.Build.0 = Release|Any CPU
		{1097492B-BC57-49AF-974A-5E838E442E52}.Debug|Any CPU.ActiveCfg = Debug|Any CPU
		{1097492B-BC57-49AF-974A-5E838E442E52}.Debug|Any CPU.Build.0 = Debug|Any CPU
		{1097492B-BC57-49AF-974A-5E838E442E52}.Release|Any CPU.ActiveCfg = Release|Any CPU
		{1097492B-BC57-49AF-974A-5E838E442E52}.Release|Any CPU.Build.0 = Release|Any CPU
		{FAD35A1E-454E-407E-95A1-ECC0641396E1}.Debug|Any CPU.ActiveCfg = Debug|Any CPU
		{FAD35A1E-454E-407E-95A1-ECC0641396E1}.Debug|Any CPU.Build.0 = Debug|Any CPU
		{FAD35A1E-454E-407E-95A1-ECC0641396E1}.Release|Any CPU.ActiveCfg = Release|Any CPU
		{FAD35A1E-454E-407E-95A1-ECC0641396E1}.Release|Any CPU.Build.0 = Release|Any CPU
		{34322C4B-638B-40C3-A292-003D5168398A}.Debug|Any CPU.ActiveCfg = Debug|Any CPU
		{34322C4B-638B-40C3-A292-003D5168398A}.Debug|Any CPU.Build.0 = Debug|Any CPU
		{34322C4B-638B-40C3-A292-003D5168398A}.Release|Any CPU.ActiveCfg = Release|Any CPU
		{34322C4B-638B-40C3-A292-003D5168398A}.Release|Any CPU.Build.0 = Release|Any CPU
		{81B72140-7EF8-4163-B302-2FE384E00051}.Debug|Any CPU.ActiveCfg = Debug|Any CPU
		{81B72140-7EF8-4163-B302-2FE384E00051}.Debug|Any CPU.Build.0 = Debug|Any CPU
		{81B72140-7EF8-4163-B302-2FE384E00051}.Release|Any CPU.ActiveCfg = Release|Any CPU
		{81B72140-7EF8-4163-B302-2FE384E00051}.Release|Any CPU.Build.0 = Release|Any CPU
		{AC4C756E-7B8F-4927-B876-AB17477D2765}.Debug|Any CPU.ActiveCfg = Debug|Any CPU
		{AC4C756E-7B8F-4927-B876-AB17477D2765}.Debug|Any CPU.Build.0 = Debug|Any CPU
		{AC4C756E-7B8F-4927-B876-AB17477D2765}.Release|Any CPU.ActiveCfg = Release|Any CPU
		{AC4C756E-7B8F-4927-B876-AB17477D2765}.Release|Any CPU.Build.0 = Release|Any CPU
		{5E0F8D95-1E28-4326-A371-76D84B99E38D}.Debug|Any CPU.ActiveCfg = Debug|Any CPU
		{5E0F8D95-1E28-4326-A371-76D84B99E38D}.Debug|Any CPU.Build.0 = Debug|Any CPU
		{5E0F8D95-1E28-4326-A371-76D84B99E38D}.Release|Any CPU.ActiveCfg = Release|Any CPU
		{5E0F8D95-1E28-4326-A371-76D84B99E38D}.Release|Any CPU.Build.0 = Release|Any CPU
		{1D0E7947-9AB9-4760-AE8C-CD2B199E9931}.Debug|Any CPU.ActiveCfg = Debug|Any CPU
		{1D0E7947-9AB9-4760-AE8C-CD2B199E9931}.Debug|Any CPU.Build.0 = Debug|Any CPU
		{1D0E7947-9AB9-4760-AE8C-CD2B199E9931}.Release|Any CPU.ActiveCfg = Release|Any CPU
		{1D0E7947-9AB9-4760-AE8C-CD2B199E9931}.Release|Any CPU.Build.0 = Release|Any CPU
		{D49CC2A2-4EEC-4154-95B5-2DAF1446124D}.Debug|Any CPU.ActiveCfg = Debug|Any CPU
		{D49CC2A2-4EEC-4154-95B5-2DAF1446124D}.Debug|Any CPU.Build.0 = Debug|Any CPU
		{D49CC2A2-4EEC-4154-95B5-2DAF1446124D}.Release|Any CPU.ActiveCfg = Release|Any CPU
		{D49CC2A2-4EEC-4154-95B5-2DAF1446124D}.Release|Any CPU.Build.0 = Release|Any CPU
		{EE7798CF-7C70-4BD7-A8EB-2C449DD5C19D}.Debug|Any CPU.ActiveCfg = Debug|Any CPU
		{EE7798CF-7C70-4BD7-A8EB-2C449DD5C19D}.Debug|Any CPU.Build.0 = Debug|Any CPU
		{EE7798CF-7C70-4BD7-A8EB-2C449DD5C19D}.Release|Any CPU.ActiveCfg = Release|Any CPU
		{EE7798CF-7C70-4BD7-A8EB-2C449DD5C19D}.Release|Any CPU.Build.0 = Release|Any CPU
		{95DC31E4-077E-4A39-9EDA-79EB42353306}.Debug|Any CPU.ActiveCfg = Debug|Any CPU
		{95DC31E4-077E-4A39-9EDA-79EB42353306}.Debug|Any CPU.Build.0 = Debug|Any CPU
		{95DC31E4-077E-4A39-9EDA-79EB42353306}.Release|Any CPU.ActiveCfg = Release|Any CPU
		{95DC31E4-077E-4A39-9EDA-79EB42353306}.Release|Any CPU.Build.0 = Release|Any CPU
		{0B0DA2D8-8FF4-458C-A43A-955829BC8680}.Debug|Any CPU.ActiveCfg = Debug|Any CPU
		{0B0DA2D8-8FF4-458C-A43A-955829BC8680}.Debug|Any CPU.Build.0 = Debug|Any CPU
		{0B0DA2D8-8FF4-458C-A43A-955829BC8680}.Release|Any CPU.ActiveCfg = Release|Any CPU
		{0B0DA2D8-8FF4-458C-A43A-955829BC8680}.Release|Any CPU.Build.0 = Release|Any CPU
		{35717AF4-88C1-4596-867C-D3BFAF6A9FCF}.Debug|Any CPU.ActiveCfg = Debug|Any CPU
		{35717AF4-88C1-4596-867C-D3BFAF6A9FCF}.Debug|Any CPU.Build.0 = Debug|Any CPU
		{35717AF4-88C1-4596-867C-D3BFAF6A9FCF}.Release|Any CPU.ActiveCfg = Release|Any CPU
		{35717AF4-88C1-4596-867C-D3BFAF6A9FCF}.Release|Any CPU.Build.0 = Release|Any CPU
		{C2FC45CA-4E3D-4019-9856-D13B18929A7D}.Debug|Any CPU.ActiveCfg = Debug|Any CPU
		{C2FC45CA-4E3D-4019-9856-D13B18929A7D}.Debug|Any CPU.Build.0 = Debug|Any CPU
		{C2FC45CA-4E3D-4019-9856-D13B18929A7D}.Release|Any CPU.ActiveCfg = Release|Any CPU
		{C2FC45CA-4E3D-4019-9856-D13B18929A7D}.Release|Any CPU.Build.0 = Release|Any CPU
		{F7ABF957-DD29-4A08-A0C7-6B806AA9FA68}.Debug|Any CPU.ActiveCfg = Debug|Any CPU
		{F7ABF957-DD29-4A08-A0C7-6B806AA9FA68}.Debug|Any CPU.Build.0 = Debug|Any CPU
		{F7ABF957-DD29-4A08-A0C7-6B806AA9FA68}.Release|Any CPU.ActiveCfg = Release|Any CPU
		{F7ABF957-DD29-4A08-A0C7-6B806AA9FA68}.Release|Any CPU.Build.0 = Release|Any CPU
		{7620D583-77FE-4F61-AA01-050E1BDB7732}.Debug|Any CPU.ActiveCfg = Debug|Any CPU
		{7620D583-77FE-4F61-AA01-050E1BDB7732}.Debug|Any CPU.Build.0 = Debug|Any CPU
		{7620D583-77FE-4F61-AA01-050E1BDB7732}.Release|Any CPU.ActiveCfg = Release|Any CPU
		{7620D583-77FE-4F61-AA01-050E1BDB7732}.Release|Any CPU.Build.0 = Release|Any CPU
		{9410BD7C-D1ED-4BBA-8A5E-1FA2C73928F7}.Debug|Any CPU.ActiveCfg = Debug|Any CPU
		{9410BD7C-D1ED-4BBA-8A5E-1FA2C73928F7}.Debug|Any CPU.Build.0 = Debug|Any CPU
		{9410BD7C-D1ED-4BBA-8A5E-1FA2C73928F7}.Release|Any CPU.ActiveCfg = Release|Any CPU
		{9410BD7C-D1ED-4BBA-8A5E-1FA2C73928F7}.Release|Any CPU.Build.0 = Release|Any CPU
		{5EBB0DE4-183F-4F1B-8DB4-06B531595D74}.Debug|Any CPU.ActiveCfg = Debug|Any CPU
		{5EBB0DE4-183F-4F1B-8DB4-06B531595D74}.Debug|Any CPU.Build.0 = Debug|Any CPU
		{5EBB0DE4-183F-4F1B-8DB4-06B531595D74}.Release|Any CPU.ActiveCfg = Release|Any CPU
		{5EBB0DE4-183F-4F1B-8DB4-06B531595D74}.Release|Any CPU.Build.0 = Release|Any CPU
		{C0F4B65E-6F48-4533-AE59-FE9973F8F24F}.Debug|Any CPU.ActiveCfg = Debug|Any CPU
		{C0F4B65E-6F48-4533-AE59-FE9973F8F24F}.Debug|Any CPU.Build.0 = Debug|Any CPU
		{C0F4B65E-6F48-4533-AE59-FE9973F8F24F}.Release|Any CPU.ActiveCfg = Release|Any CPU
		{C0F4B65E-6F48-4533-AE59-FE9973F8F24F}.Release|Any CPU.Build.0 = Release|Any CPU
		{331AAB1E-3B07-43E6-9AE3-9D136DC0BA7E}.Debug|Any CPU.ActiveCfg = Debug|Any CPU
		{331AAB1E-3B07-43E6-9AE3-9D136DC0BA7E}.Debug|Any CPU.Build.0 = Debug|Any CPU
		{331AAB1E-3B07-43E6-9AE3-9D136DC0BA7E}.Release|Any CPU.ActiveCfg = Release|Any CPU
		{331AAB1E-3B07-43E6-9AE3-9D136DC0BA7E}.Release|Any CPU.Build.0 = Release|Any CPU
		{0771B739-9FE8-4D07-8B2A-A81067D272D0}.Debug|Any CPU.ActiveCfg = Debug|Any CPU
		{0771B739-9FE8-4D07-8B2A-A81067D272D0}.Debug|Any CPU.Build.0 = Debug|Any CPU
		{0771B739-9FE8-4D07-8B2A-A81067D272D0}.Release|Any CPU.ActiveCfg = Release|Any CPU
		{0771B739-9FE8-4D07-8B2A-A81067D272D0}.Release|Any CPU.Build.0 = Release|Any CPU
		{0ED43548-2A4E-4AC2-85F8-C4DD843236E0}.Debug|Any CPU.ActiveCfg = Debug|Any CPU
		{0ED43548-2A4E-4AC2-85F8-C4DD843236E0}.Debug|Any CPU.Build.0 = Debug|Any CPU
		{0ED43548-2A4E-4AC2-85F8-C4DD843236E0}.Release|Any CPU.ActiveCfg = Release|Any CPU
		{0ED43548-2A4E-4AC2-85F8-C4DD843236E0}.Release|Any CPU.Build.0 = Release|Any CPU
		{6900E172-9041-4FC3-9EC2-F61068524B40}.Debug|Any CPU.ActiveCfg = Debug|Any CPU
		{6900E172-9041-4FC3-9EC2-F61068524B40}.Debug|Any CPU.Build.0 = Debug|Any CPU
		{6900E172-9041-4FC3-9EC2-F61068524B40}.Release|Any CPU.ActiveCfg = Release|Any CPU
		{6900E172-9041-4FC3-9EC2-F61068524B40}.Release|Any CPU.Build.0 = Release|Any CPU
		{A0ACC8D4-6C5D-409B-87F4-5B656278A550}.Debug|Any CPU.ActiveCfg = Debug|Any CPU
		{A0ACC8D4-6C5D-409B-87F4-5B656278A550}.Debug|Any CPU.Build.0 = Debug|Any CPU
		{A0ACC8D4-6C5D-409B-87F4-5B656278A550}.Release|Any CPU.ActiveCfg = Release|Any CPU
		{A0ACC8D4-6C5D-409B-87F4-5B656278A550}.Release|Any CPU.Build.0 = Release|Any CPU
		{3748526B-08E9-4C16-9B81-4D90D9961B2D}.Debug|Any CPU.ActiveCfg = Debug|Any CPU
		{3748526B-08E9-4C16-9B81-4D90D9961B2D}.Debug|Any CPU.Build.0 = Debug|Any CPU
		{3748526B-08E9-4C16-9B81-4D90D9961B2D}.Release|Any CPU.ActiveCfg = Release|Any CPU
		{3748526B-08E9-4C16-9B81-4D90D9961B2D}.Release|Any CPU.Build.0 = Release|Any CPU
		{7520DDF5-B686-4B35-A24B-ADC067C7747D}.Debug|Any CPU.ActiveCfg = Debug|Any CPU
		{7520DDF5-B686-4B35-A24B-ADC067C7747D}.Debug|Any CPU.Build.0 = Debug|Any CPU
		{7520DDF5-B686-4B35-A24B-ADC067C7747D}.Release|Any CPU.ActiveCfg = Release|Any CPU
		{7520DDF5-B686-4B35-A24B-ADC067C7747D}.Release|Any CPU.Build.0 = Release|Any CPU
		{2B028CE8-8D6B-4DB9-BC07-F7BDAF50114B}.Debug|Any CPU.ActiveCfg = Debug|Any CPU
		{2B028CE8-8D6B-4DB9-BC07-F7BDAF50114B}.Debug|Any CPU.Build.0 = Debug|Any CPU
		{2B028CE8-8D6B-4DB9-BC07-F7BDAF50114B}.Release|Any CPU.ActiveCfg = Release|Any CPU
		{2B028CE8-8D6B-4DB9-BC07-F7BDAF50114B}.Release|Any CPU.Build.0 = Release|Any CPU
		{1A01C4D2-6CCD-43DE-AFDD-AC31B27C0C70}.Debug|Any CPU.ActiveCfg = Debug|Any CPU
		{1A01C4D2-6CCD-43DE-AFDD-AC31B27C0C70}.Debug|Any CPU.Build.0 = Debug|Any CPU
		{1A01C4D2-6CCD-43DE-AFDD-AC31B27C0C70}.Release|Any CPU.ActiveCfg = Release|Any CPU
		{1A01C4D2-6CCD-43DE-AFDD-AC31B27C0C70}.Release|Any CPU.Build.0 = Release|Any CPU
		{F7FBA8F7-BFC1-4125-9463-4CF71F2F71A3}.Debug|Any CPU.ActiveCfg = Debug|Any CPU
		{F7FBA8F7-BFC1-4125-9463-4CF71F2F71A3}.Debug|Any CPU.Build.0 = Debug|Any CPU
		{F7FBA8F7-BFC1-4125-9463-4CF71F2F71A3}.Release|Any CPU.ActiveCfg = Release|Any CPU
		{F7FBA8F7-BFC1-4125-9463-4CF71F2F71A3}.Release|Any CPU.Build.0 = Release|Any CPU
		{2FE5D7D0-D20C-4966-A3B3-E855A44DE191}.Debug|Any CPU.ActiveCfg = Debug|Any CPU
		{2FE5D7D0-D20C-4966-A3B3-E855A44DE191}.Debug|Any CPU.Build.0 = Debug|Any CPU
		{2FE5D7D0-D20C-4966-A3B3-E855A44DE191}.Release|Any CPU.ActiveCfg = Release|Any CPU
		{2FE5D7D0-D20C-4966-A3B3-E855A44DE191}.Release|Any CPU.Build.0 = Release|Any CPU
		{68598492-1EE3-403B-8E5F-3F5478C22159}.Debug|Any CPU.ActiveCfg = Debug|Any CPU
		{68598492-1EE3-403B-8E5F-3F5478C22159}.Debug|Any CPU.Build.0 = Debug|Any CPU
		{68598492-1EE3-403B-8E5F-3F5478C22159}.Release|Any CPU.ActiveCfg = Release|Any CPU
		{68598492-1EE3-403B-8E5F-3F5478C22159}.Release|Any CPU.Build.0 = Release|Any CPU
		{1D7C1E84-5778-468D-A220-C5C2983CD50B}.Debug|Any CPU.ActiveCfg = Debug|Any CPU
		{1D7C1E84-5778-468D-A220-C5C2983CD50B}.Debug|Any CPU.Build.0 = Debug|Any CPU
		{1D7C1E84-5778-468D-A220-C5C2983CD50B}.Release|Any CPU.ActiveCfg = Release|Any CPU
		{1D7C1E84-5778-468D-A220-C5C2983CD50B}.Release|Any CPU.Build.0 = Release|Any CPU
		{4B00F296-947F-45CA-A79D-622B118B134E}.Debug|Any CPU.ActiveCfg = Debug|Any CPU
		{4B00F296-947F-45CA-A79D-622B118B134E}.Debug|Any CPU.Build.0 = Debug|Any CPU
		{4B00F296-947F-45CA-A79D-622B118B134E}.Release|Any CPU.ActiveCfg = Release|Any CPU
		{4B00F296-947F-45CA-A79D-622B118B134E}.Release|Any CPU.Build.0 = Release|Any CPU
		{1A34EA4D-9829-4B2C-AB5E-35A984B92D32}.Debug|Any CPU.ActiveCfg = Debug|Any CPU
		{1A34EA4D-9829-4B2C-AB5E-35A984B92D32}.Debug|Any CPU.Build.0 = Debug|Any CPU
		{1A34EA4D-9829-4B2C-AB5E-35A984B92D32}.Release|Any CPU.ActiveCfg = Release|Any CPU
		{1A34EA4D-9829-4B2C-AB5E-35A984B92D32}.Release|Any CPU.Build.0 = Release|Any CPU
		{BE28A970-F2F2-40DF-897C-808E6A0E4A8B}.Debug|Any CPU.ActiveCfg = Debug|Any CPU
		{BE28A970-F2F2-40DF-897C-808E6A0E4A8B}.Debug|Any CPU.Build.0 = Debug|Any CPU
		{BE28A970-F2F2-40DF-897C-808E6A0E4A8B}.Release|Any CPU.ActiveCfg = Release|Any CPU
		{BE28A970-F2F2-40DF-897C-808E6A0E4A8B}.Release|Any CPU.Build.0 = Release|Any CPU
		{CD9763B1-A838-47E0-BD43-F390EDF876CE}.Debug|Any CPU.ActiveCfg = Debug|Any CPU
		{CD9763B1-A838-47E0-BD43-F390EDF876CE}.Debug|Any CPU.Build.0 = Debug|Any CPU
		{CD9763B1-A838-47E0-BD43-F390EDF876CE}.Release|Any CPU.ActiveCfg = Release|Any CPU
		{CD9763B1-A838-47E0-BD43-F390EDF876CE}.Release|Any CPU.Build.0 = Release|Any CPU
		{5C566782-FA3C-4216-8598-4B225F277245}.Debug|Any CPU.ActiveCfg = Debug|Any CPU
		{5C566782-FA3C-4216-8598-4B225F277245}.Debug|Any CPU.Build.0 = Debug|Any CPU
		{5C566782-FA3C-4216-8598-4B225F277245}.Release|Any CPU.ActiveCfg = Release|Any CPU
		{5C566782-FA3C-4216-8598-4B225F277245}.Release|Any CPU.Build.0 = Release|Any CPU
		{C57AC1B5-0A88-4D50-B0FE-1915316A54D4}.Debug|Any CPU.ActiveCfg = Debug|Any CPU
		{C57AC1B5-0A88-4D50-B0FE-1915316A54D4}.Debug|Any CPU.Build.0 = Debug|Any CPU
		{C57AC1B5-0A88-4D50-B0FE-1915316A54D4}.Release|Any CPU.ActiveCfg = Release|Any CPU
		{C57AC1B5-0A88-4D50-B0FE-1915316A54D4}.Release|Any CPU.Build.0 = Release|Any CPU
		{9430544B-23EA-47A9-B623-95FE9B86B4B9}.Debug|Any CPU.ActiveCfg = Debug|Any CPU
		{9430544B-23EA-47A9-B623-95FE9B86B4B9}.Debug|Any CPU.Build.0 = Debug|Any CPU
		{9430544B-23EA-47A9-B623-95FE9B86B4B9}.Release|Any CPU.ActiveCfg = Release|Any CPU
		{9430544B-23EA-47A9-B623-95FE9B86B4B9}.Release|Any CPU.Build.0 = Release|Any CPU
		{188F803D-46CE-4722-856D-B0613DA8BF00}.Debug|Any CPU.ActiveCfg = Debug|Any CPU
		{188F803D-46CE-4722-856D-B0613DA8BF00}.Debug|Any CPU.Build.0 = Debug|Any CPU
		{188F803D-46CE-4722-856D-B0613DA8BF00}.Release|Any CPU.ActiveCfg = Release|Any CPU
		{188F803D-46CE-4722-856D-B0613DA8BF00}.Release|Any CPU.Build.0 = Release|Any CPU
		{7B02CADC-B99F-4FA5-B6D6-EF5EA2457C60}.Debug|Any CPU.ActiveCfg = Debug|Any CPU
		{7B02CADC-B99F-4FA5-B6D6-EF5EA2457C60}.Debug|Any CPU.Build.0 = Debug|Any CPU
		{7B02CADC-B99F-4FA5-B6D6-EF5EA2457C60}.Release|Any CPU.ActiveCfg = Release|Any CPU
		{7B02CADC-B99F-4FA5-B6D6-EF5EA2457C60}.Release|Any CPU.Build.0 = Release|Any CPU
		{23B24FCB-8952-47FE-B9BB-EBE4BC3E3D85}.Debug|Any CPU.ActiveCfg = Debug|Any CPU
		{23B24FCB-8952-47FE-B9BB-EBE4BC3E3D85}.Debug|Any CPU.Build.0 = Debug|Any CPU
		{23B24FCB-8952-47FE-B9BB-EBE4BC3E3D85}.Release|Any CPU.ActiveCfg = Release|Any CPU
		{23B24FCB-8952-47FE-B9BB-EBE4BC3E3D85}.Release|Any CPU.Build.0 = Release|Any CPU
		{C39EFFBA-10C7-4AB9-B19E-EDE6E33A9CE4}.Debug|Any CPU.ActiveCfg = Debug|Any CPU
		{C39EFFBA-10C7-4AB9-B19E-EDE6E33A9CE4}.Debug|Any CPU.Build.0 = Debug|Any CPU
		{C39EFFBA-10C7-4AB9-B19E-EDE6E33A9CE4}.Release|Any CPU.ActiveCfg = Release|Any CPU
		{C39EFFBA-10C7-4AB9-B19E-EDE6E33A9CE4}.Release|Any CPU.Build.0 = Release|Any CPU
		{81826195-ECBA-4916-B0DD-3BA121CA097D}.Debug|Any CPU.ActiveCfg = Debug|Any CPU
		{81826195-ECBA-4916-B0DD-3BA121CA097D}.Debug|Any CPU.Build.0 = Debug|Any CPU
		{81826195-ECBA-4916-B0DD-3BA121CA097D}.Release|Any CPU.ActiveCfg = Release|Any CPU
		{81826195-ECBA-4916-B0DD-3BA121CA097D}.Release|Any CPU.Build.0 = Release|Any CPU
		{156FFE79-D24F-404E-90A2-3F281EE9C0BA}.Debug|Any CPU.ActiveCfg = Debug|Any CPU
		{156FFE79-D24F-404E-90A2-3F281EE9C0BA}.Debug|Any CPU.Build.0 = Debug|Any CPU
		{156FFE79-D24F-404E-90A2-3F281EE9C0BA}.Release|Any CPU.ActiveCfg = Release|Any CPU
		{156FFE79-D24F-404E-90A2-3F281EE9C0BA}.Release|Any CPU.Build.0 = Release|Any CPU
		{A4022D5D-8CDB-4B64-A1A3-5482D43299C9}.Debug|Any CPU.ActiveCfg = Debug|Any CPU
		{A4022D5D-8CDB-4B64-A1A3-5482D43299C9}.Debug|Any CPU.Build.0 = Debug|Any CPU
		{A4022D5D-8CDB-4B64-A1A3-5482D43299C9}.Release|Any CPU.ActiveCfg = Release|Any CPU
		{A4022D5D-8CDB-4B64-A1A3-5482D43299C9}.Release|Any CPU.Build.0 = Release|Any CPU
		{C7137981-AA55-4047-A774-979F3A4F82C9}.Debug|Any CPU.ActiveCfg = Debug|Any CPU
		{C7137981-AA55-4047-A774-979F3A4F82C9}.Debug|Any CPU.Build.0 = Debug|Any CPU
		{C7137981-AA55-4047-A774-979F3A4F82C9}.Release|Any CPU.ActiveCfg = Release|Any CPU
		{C7137981-AA55-4047-A774-979F3A4F82C9}.Release|Any CPU.Build.0 = Release|Any CPU
		{A0384C50-9734-4354-B08F-FBF7D938307C}.Debug|Any CPU.ActiveCfg = Debug|Any CPU
		{A0384C50-9734-4354-B08F-FBF7D938307C}.Debug|Any CPU.Build.0 = Debug|Any CPU
		{A0384C50-9734-4354-B08F-FBF7D938307C}.Release|Any CPU.ActiveCfg = Release|Any CPU
		{A0384C50-9734-4354-B08F-FBF7D938307C}.Release|Any CPU.Build.0 = Release|Any CPU
		{65B2BBD8-981E-48B7-A872-6ED9D86D95EF}.Debug|Any CPU.ActiveCfg = Debug|Any CPU
		{65B2BBD8-981E-48B7-A872-6ED9D86D95EF}.Debug|Any CPU.Build.0 = Debug|Any CPU
		{65B2BBD8-981E-48B7-A872-6ED9D86D95EF}.Release|Any CPU.ActiveCfg = Release|Any CPU
		{65B2BBD8-981E-48B7-A872-6ED9D86D95EF}.Release|Any CPU.Build.0 = Release|Any CPU
		{9F04606B-E2FA-4549-A78D-169F8F5A4915}.Debug|Any CPU.ActiveCfg = Debug|Any CPU
		{9F04606B-E2FA-4549-A78D-169F8F5A4915}.Debug|Any CPU.Build.0 = Debug|Any CPU
		{9F04606B-E2FA-4549-A78D-169F8F5A4915}.Release|Any CPU.ActiveCfg = Release|Any CPU
		{9F04606B-E2FA-4549-A78D-169F8F5A4915}.Release|Any CPU.Build.0 = Release|Any CPU
		{429F3643-BA03-4FC0-AC9E-73879F756B93}.Debug|Any CPU.ActiveCfg = Debug|Any CPU
		{429F3643-BA03-4FC0-AC9E-73879F756B93}.Debug|Any CPU.Build.0 = Debug|Any CPU
		{429F3643-BA03-4FC0-AC9E-73879F756B93}.Release|Any CPU.ActiveCfg = Release|Any CPU
		{429F3643-BA03-4FC0-AC9E-73879F756B93}.Release|Any CPU.Build.0 = Release|Any CPU
		{5222BA35-8855-4501-8752-416154FB47E0}.Debug|Any CPU.ActiveCfg = Debug|Any CPU
		{5222BA35-8855-4501-8752-416154FB47E0}.Debug|Any CPU.Build.0 = Debug|Any CPU
		{5222BA35-8855-4501-8752-416154FB47E0}.Release|Any CPU.ActiveCfg = Release|Any CPU
		{5222BA35-8855-4501-8752-416154FB47E0}.Release|Any CPU.Build.0 = Release|Any CPU
		{8B56C9D8-BE03-40C3-84FA-ADCF4C183902}.Debug|Any CPU.ActiveCfg = Debug|Any CPU
		{8B56C9D8-BE03-40C3-84FA-ADCF4C183902}.Debug|Any CPU.Build.0 = Debug|Any CPU
		{8B56C9D8-BE03-40C3-84FA-ADCF4C183902}.Release|Any CPU.ActiveCfg = Release|Any CPU
		{8B56C9D8-BE03-40C3-84FA-ADCF4C183902}.Release|Any CPU.Build.0 = Release|Any CPU
		{207DF99B-A6B6-4E25-BB56-D204A617DDE7}.Debug|Any CPU.ActiveCfg = Debug|Any CPU
		{207DF99B-A6B6-4E25-BB56-D204A617DDE7}.Debug|Any CPU.Build.0 = Debug|Any CPU
		{207DF99B-A6B6-4E25-BB56-D204A617DDE7}.Release|Any CPU.ActiveCfg = Release|Any CPU
		{207DF99B-A6B6-4E25-BB56-D204A617DDE7}.Release|Any CPU.Build.0 = Release|Any CPU
		{0B6445C1-5AFE-4E8A-BC8C-6F199A4FA87B}.Debug|Any CPU.ActiveCfg = Debug|Any CPU
		{0B6445C1-5AFE-4E8A-BC8C-6F199A4FA87B}.Debug|Any CPU.Build.0 = Debug|Any CPU
		{0B6445C1-5AFE-4E8A-BC8C-6F199A4FA87B}.Release|Any CPU.ActiveCfg = Release|Any CPU
		{0B6445C1-5AFE-4E8A-BC8C-6F199A4FA87B}.Release|Any CPU.Build.0 = Release|Any CPU
		{A8D098DF-8A23-41C7-A0C7-E81622D00008}.Debug|Any CPU.ActiveCfg = Debug|Any CPU
		{A8D098DF-8A23-41C7-A0C7-E81622D00008}.Debug|Any CPU.Build.0 = Debug|Any CPU
		{A8D098DF-8A23-41C7-A0C7-E81622D00008}.Release|Any CPU.ActiveCfg = Release|Any CPU
		{A8D098DF-8A23-41C7-A0C7-E81622D00008}.Release|Any CPU.Build.0 = Release|Any CPU
		{A348D73B-9892-4EF1-8966-A9A91D2A08CB}.Debug|Any CPU.ActiveCfg = Debug|Any CPU
		{A348D73B-9892-4EF1-8966-A9A91D2A08CB}.Debug|Any CPU.Build.0 = Debug|Any CPU
		{A348D73B-9892-4EF1-8966-A9A91D2A08CB}.Release|Any CPU.ActiveCfg = Release|Any CPU
		{A348D73B-9892-4EF1-8966-A9A91D2A08CB}.Release|Any CPU.Build.0 = Release|Any CPU
		{84EDC660-E878-466F-98D9-A850C26387BF}.Debug|Any CPU.ActiveCfg = Debug|Any CPU
		{84EDC660-E878-466F-98D9-A850C26387BF}.Debug|Any CPU.Build.0 = Debug|Any CPU
		{84EDC660-E878-466F-98D9-A850C26387BF}.Release|Any CPU.ActiveCfg = Release|Any CPU
		{84EDC660-E878-466F-98D9-A850C26387BF}.Release|Any CPU.Build.0 = Release|Any CPU
		{B0BFFD5C-6EDF-4D2D-A7C1-D6D1EBD08794}.Debug|Any CPU.ActiveCfg = Debug|Any CPU
		{B0BFFD5C-6EDF-4D2D-A7C1-D6D1EBD08794}.Debug|Any CPU.Build.0 = Debug|Any CPU
		{B0BFFD5C-6EDF-4D2D-A7C1-D6D1EBD08794}.Release|Any CPU.ActiveCfg = Release|Any CPU
		{B0BFFD5C-6EDF-4D2D-A7C1-D6D1EBD08794}.Release|Any CPU.Build.0 = Release|Any CPU
		{CCE3752E-0331-4CA9-8685-DA17B284FE22}.Debug|Any CPU.ActiveCfg = Debug|Any CPU
		{CCE3752E-0331-4CA9-8685-DA17B284FE22}.Debug|Any CPU.Build.0 = Debug|Any CPU
		{CCE3752E-0331-4CA9-8685-DA17B284FE22}.Release|Any CPU.ActiveCfg = Release|Any CPU
		{CCE3752E-0331-4CA9-8685-DA17B284FE22}.Release|Any CPU.Build.0 = Release|Any CPU
		{226EF6D3-B288-4FF5-BCC5-8A58C08E2165}.Debug|Any CPU.ActiveCfg = Debug|Any CPU
		{226EF6D3-B288-4FF5-BCC5-8A58C08E2165}.Debug|Any CPU.Build.0 = Debug|Any CPU
		{226EF6D3-B288-4FF5-BCC5-8A58C08E2165}.Release|Any CPU.ActiveCfg = Release|Any CPU
		{226EF6D3-B288-4FF5-BCC5-8A58C08E2165}.Release|Any CPU.Build.0 = Release|Any CPU
		{FEBA61CD-FDB5-41C2-B0BB-BA17E4096CB9}.Debug|Any CPU.ActiveCfg = Debug|Any CPU
		{FEBA61CD-FDB5-41C2-B0BB-BA17E4096CB9}.Debug|Any CPU.Build.0 = Debug|Any CPU
		{FEBA61CD-FDB5-41C2-B0BB-BA17E4096CB9}.Release|Any CPU.ActiveCfg = Release|Any CPU
		{FEBA61CD-FDB5-41C2-B0BB-BA17E4096CB9}.Release|Any CPU.Build.0 = Release|Any CPU
		{DF654391-118C-42D2-8933-7D03D339F8F9}.Debug|Any CPU.ActiveCfg = Debug|Any CPU
		{DF654391-118C-42D2-8933-7D03D339F8F9}.Debug|Any CPU.Build.0 = Debug|Any CPU
		{DF654391-118C-42D2-8933-7D03D339F8F9}.Release|Any CPU.ActiveCfg = Release|Any CPU
		{DF654391-118C-42D2-8933-7D03D339F8F9}.Release|Any CPU.Build.0 = Release|Any CPU
		{50197B65-7F1C-49FF-BE76-CF994F37B6AD}.Debug|Any CPU.ActiveCfg = Debug|Any CPU
		{50197B65-7F1C-49FF-BE76-CF994F37B6AD}.Debug|Any CPU.Build.0 = Debug|Any CPU
		{50197B65-7F1C-49FF-BE76-CF994F37B6AD}.Release|Any CPU.ActiveCfg = Release|Any CPU
		{50197B65-7F1C-49FF-BE76-CF994F37B6AD}.Release|Any CPU.Build.0 = Release|Any CPU
		{F2329E48-E3CE-4CE3-AC50-0EF9CE20598E}.Debug|Any CPU.ActiveCfg = Debug|Any CPU
		{F2329E48-E3CE-4CE3-AC50-0EF9CE20598E}.Debug|Any CPU.Build.0 = Debug|Any CPU
		{F2329E48-E3CE-4CE3-AC50-0EF9CE20598E}.Release|Any CPU.ActiveCfg = Release|Any CPU
		{F2329E48-E3CE-4CE3-AC50-0EF9CE20598E}.Release|Any CPU.Build.0 = Release|Any CPU
		{86CA70B9-E1B8-4953-BB74-B79ADBA2AE02}.Debug|Any CPU.ActiveCfg = Debug|Any CPU
		{86CA70B9-E1B8-4953-BB74-B79ADBA2AE02}.Debug|Any CPU.Build.0 = Debug|Any CPU
		{86CA70B9-E1B8-4953-BB74-B79ADBA2AE02}.Release|Any CPU.ActiveCfg = Release|Any CPU
		{86CA70B9-E1B8-4953-BB74-B79ADBA2AE02}.Release|Any CPU.Build.0 = Release|Any CPU
		{1000ECB1-74D2-4127-B3EB-84394B10271A}.Debug|Any CPU.ActiveCfg = Debug|Any CPU
		{1000ECB1-74D2-4127-B3EB-84394B10271A}.Debug|Any CPU.Build.0 = Debug|Any CPU
		{1000ECB1-74D2-4127-B3EB-84394B10271A}.Release|Any CPU.ActiveCfg = Release|Any CPU
		{1000ECB1-74D2-4127-B3EB-84394B10271A}.Release|Any CPU.Build.0 = Release|Any CPU
		{BFDA335A-BA72-4AF8-8577-E24CC08041BA}.Debug|Any CPU.ActiveCfg = Debug|Any CPU
		{BFDA335A-BA72-4AF8-8577-E24CC08041BA}.Debug|Any CPU.Build.0 = Debug|Any CPU
		{BFDA335A-BA72-4AF8-8577-E24CC08041BA}.Release|Any CPU.ActiveCfg = Release|Any CPU
		{BFDA335A-BA72-4AF8-8577-E24CC08041BA}.Release|Any CPU.Build.0 = Release|Any CPU
		{7782E35B-D047-423F-B268-F27A2F33BA0D}.Debug|Any CPU.ActiveCfg = Debug|Any CPU
		{7782E35B-D047-423F-B268-F27A2F33BA0D}.Debug|Any CPU.Build.0 = Debug|Any CPU
		{7782E35B-D047-423F-B268-F27A2F33BA0D}.Release|Any CPU.ActiveCfg = Release|Any CPU
		{7782E35B-D047-423F-B268-F27A2F33BA0D}.Release|Any CPU.Build.0 = Release|Any CPU
		{8AF2DF76-7C04-463D-85FC-7B3C84DB1250}.Debug|Any CPU.ActiveCfg = Debug|Any CPU
		{8AF2DF76-7C04-463D-85FC-7B3C84DB1250}.Debug|Any CPU.Build.0 = Debug|Any CPU
		{8AF2DF76-7C04-463D-85FC-7B3C84DB1250}.Release|Any CPU.ActiveCfg = Release|Any CPU
		{8AF2DF76-7C04-463D-85FC-7B3C84DB1250}.Release|Any CPU.Build.0 = Release|Any CPU
		{C02531C6-7C3A-4EBC-B473-55B127449D15}.Debug|Any CPU.ActiveCfg = Debug|Any CPU
		{C02531C6-7C3A-4EBC-B473-55B127449D15}.Debug|Any CPU.Build.0 = Debug|Any CPU
		{C02531C6-7C3A-4EBC-B473-55B127449D15}.Release|Any CPU.ActiveCfg = Release|Any CPU
		{C02531C6-7C3A-4EBC-B473-55B127449D15}.Release|Any CPU.Build.0 = Release|Any CPU
		{D92FA66E-665E-4133-A9D4-3FB17E492FE9}.Debug|Any CPU.ActiveCfg = Debug|Any CPU
		{D92FA66E-665E-4133-A9D4-3FB17E492FE9}.Debug|Any CPU.Build.0 = Debug|Any CPU
		{D92FA66E-665E-4133-A9D4-3FB17E492FE9}.Release|Any CPU.ActiveCfg = Release|Any CPU
		{D92FA66E-665E-4133-A9D4-3FB17E492FE9}.Release|Any CPU.Build.0 = Release|Any CPU
		{993B934A-934B-4249-B79B-32DD788EE4F5}.Debug|Any CPU.ActiveCfg = Debug|Any CPU
		{993B934A-934B-4249-B79B-32DD788EE4F5}.Debug|Any CPU.Build.0 = Debug|Any CPU
		{993B934A-934B-4249-B79B-32DD788EE4F5}.Release|Any CPU.ActiveCfg = Release|Any CPU
		{993B934A-934B-4249-B79B-32DD788EE4F5}.Release|Any CPU.Build.0 = Release|Any CPU
		{B0BF74BE-A23F-401D-B2F1-2AE96CCD07D1}.Debug|Any CPU.ActiveCfg = Debug|Any CPU
		{B0BF74BE-A23F-401D-B2F1-2AE96CCD07D1}.Debug|Any CPU.Build.0 = Debug|Any CPU
		{B0BF74BE-A23F-401D-B2F1-2AE96CCD07D1}.Release|Any CPU.ActiveCfg = Release|Any CPU
		{B0BF74BE-A23F-401D-B2F1-2AE96CCD07D1}.Release|Any CPU.Build.0 = Release|Any CPU
		{4E781798-C5C5-405A-B8BD-B5DB9D45C2E5}.Debug|Any CPU.ActiveCfg = Debug|Any CPU
		{4E781798-C5C5-405A-B8BD-B5DB9D45C2E5}.Debug|Any CPU.Build.0 = Debug|Any CPU
		{4E781798-C5C5-405A-B8BD-B5DB9D45C2E5}.Release|Any CPU.ActiveCfg = Release|Any CPU
		{4E781798-C5C5-405A-B8BD-B5DB9D45C2E5}.Release|Any CPU.Build.0 = Release|Any CPU
		{FC37E1CD-BE4B-4E56-8637-5D7DF9C86BC4}.Debug|Any CPU.ActiveCfg = Debug|Any CPU
		{FC37E1CD-BE4B-4E56-8637-5D7DF9C86BC4}.Debug|Any CPU.Build.0 = Debug|Any CPU
		{FC37E1CD-BE4B-4E56-8637-5D7DF9C86BC4}.Release|Any CPU.ActiveCfg = Release|Any CPU
		{FC37E1CD-BE4B-4E56-8637-5D7DF9C86BC4}.Release|Any CPU.Build.0 = Release|Any CPU
		{D85BCF70-61CA-495D-AF3A-9DCB821CAE42}.Debug|Any CPU.ActiveCfg = Debug|Any CPU
		{D85BCF70-61CA-495D-AF3A-9DCB821CAE42}.Debug|Any CPU.Build.0 = Debug|Any CPU
		{D85BCF70-61CA-495D-AF3A-9DCB821CAE42}.Release|Any CPU.ActiveCfg = Release|Any CPU
		{D85BCF70-61CA-495D-AF3A-9DCB821CAE42}.Release|Any CPU.Build.0 = Release|Any CPU
		{EB2F8180-B392-4255-9A1D-E936FDE4816F}.Debug|Any CPU.ActiveCfg = Debug|Any CPU
		{EB2F8180-B392-4255-9A1D-E936FDE4816F}.Debug|Any CPU.Build.0 = Debug|Any CPU
		{EB2F8180-B392-4255-9A1D-E936FDE4816F}.Release|Any CPU.ActiveCfg = Release|Any CPU
		{EB2F8180-B392-4255-9A1D-E936FDE4816F}.Release|Any CPU.Build.0 = Release|Any CPU
		{865A8005-4245-4649-916B-B554161DF25D}.Debug|Any CPU.ActiveCfg = Debug|Any CPU
		{865A8005-4245-4649-916B-B554161DF25D}.Debug|Any CPU.Build.0 = Debug|Any CPU
		{865A8005-4245-4649-916B-B554161DF25D}.Release|Any CPU.ActiveCfg = Release|Any CPU
		{865A8005-4245-4649-916B-B554161DF25D}.Release|Any CPU.Build.0 = Release|Any CPU
	EndGlobalSection
	GlobalSection(SolutionProperties) = preSolution
		HideSolutionNode = FALSE
	EndGlobalSection
	GlobalSection(NestedProjects) = preSolution
		{454E693F-333D-471A-8B8B-A5DEC41749E2} = {4EC3C9B3-7417-4BF9-A9A0-3259BD6A0D5B}
		{8DC90666-132A-4B5B-90A5-090FE1E9283D} = {4EC3C9B3-7417-4BF9-A9A0-3259BD6A0D5B}
		{BBDA882F-6294-4D55-B82A-E4A3DAC8263C} = {4EC3C9B3-7417-4BF9-A9A0-3259BD6A0D5B}
		{36BAB6A7-4173-4524-AC24-69AA37096431} = {4EC3C9B3-7417-4BF9-A9A0-3259BD6A0D5B}
		{873E2C97-23BC-40AF-91CA-09921391D3A0} = {4EC3C9B3-7417-4BF9-A9A0-3259BD6A0D5B}
		{0EE61CD6-64BD-4CE1-84B8-15012D1A6393} = {4EC3C9B3-7417-4BF9-A9A0-3259BD6A0D5B}
		{0F3B4FB9-1CD1-405D-A849-3F20A62BC6E4} = {4EC3C9B3-7417-4BF9-A9A0-3259BD6A0D5B}
		{E6F14E2B-8045-4D36-BDDD-FEF36CA9632F} = {8DC90666-132A-4B5B-90A5-090FE1E9283D}
		{CCB216F6-48BF-49F2-BDBC-67A784ADA706} = {8DC90666-132A-4B5B-90A5-090FE1E9283D}
		{1BE53A08-E72C-4D8B-93A7-FB9FECCCEC3A} = {8DC90666-132A-4B5B-90A5-090FE1E9283D}
		{1097492B-BC57-49AF-974A-5E838E442E52} = {8DC90666-132A-4B5B-90A5-090FE1E9283D}
		{FAD35A1E-454E-407E-95A1-ECC0641396E1} = {BBDA882F-6294-4D55-B82A-E4A3DAC8263C}
		{34322C4B-638B-40C3-A292-003D5168398A} = {BBDA882F-6294-4D55-B82A-E4A3DAC8263C}
		{81B72140-7EF8-4163-B302-2FE384E00051} = {36BAB6A7-4173-4524-AC24-69AA37096431}
		{AC4C756E-7B8F-4927-B876-AB17477D2765} = {454E693F-333D-471A-8B8B-A5DEC41749E2}
		{5E0F8D95-1E28-4326-A371-76D84B99E38D} = {454E693F-333D-471A-8B8B-A5DEC41749E2}
		{1D0E7947-9AB9-4760-AE8C-CD2B199E9931} = {454E693F-333D-471A-8B8B-A5DEC41749E2}
		{D49CC2A2-4EEC-4154-95B5-2DAF1446124D} = {454E693F-333D-471A-8B8B-A5DEC41749E2}
		{EE7798CF-7C70-4BD7-A8EB-2C449DD5C19D} = {454E693F-333D-471A-8B8B-A5DEC41749E2}
		{95DC31E4-077E-4A39-9EDA-79EB42353306} = {454E693F-333D-471A-8B8B-A5DEC41749E2}
		{0B0DA2D8-8FF4-458C-A43A-955829BC8680} = {454E693F-333D-471A-8B8B-A5DEC41749E2}
		{35717AF4-88C1-4596-867C-D3BFAF6A9FCF} = {873E2C97-23BC-40AF-91CA-09921391D3A0}
		{C2FC45CA-4E3D-4019-9856-D13B18929A7D} = {873E2C97-23BC-40AF-91CA-09921391D3A0}
		{F7ABF957-DD29-4A08-A0C7-6B806AA9FA68} = {873E2C97-23BC-40AF-91CA-09921391D3A0}
		{7620D583-77FE-4F61-AA01-050E1BDB7732} = {0EE61CD6-64BD-4CE1-84B8-15012D1A6393}
		{9410BD7C-D1ED-4BBA-8A5E-1FA2C73928F7} = {0EE61CD6-64BD-4CE1-84B8-15012D1A6393}
		{5EBB0DE4-183F-4F1B-8DB4-06B531595D74} = {0EE61CD6-64BD-4CE1-84B8-15012D1A6393}
		{C0F4B65E-6F48-4533-AE59-FE9973F8F24F} = {0EE61CD6-64BD-4CE1-84B8-15012D1A6393}
		{331AAB1E-3B07-43E6-9AE3-9D136DC0BA7E} = {0F3B4FB9-1CD1-405D-A849-3F20A62BC6E4}
		{0771B739-9FE8-4D07-8B2A-A81067D272D0} = {6BC5963E-FAA8-4102-A000-BF24DE0D9B37}
		{0ED43548-2A4E-4AC2-85F8-C4DD843236E0} = {442923F7-F406-476D-B7C2-52892078172C}
		{6900E172-9041-4FC3-9EC2-F61068524B40} = {442923F7-F406-476D-B7C2-52892078172C}
		{A0ACC8D4-6C5D-409B-87F4-5B656278A550} = {847E94ED-FF4A-43EE-9D0F-28A5219E3E01}
		{3748526B-08E9-4C16-9B81-4D90D9961B2D} = {0EE61CD6-64BD-4CE1-84B8-15012D1A6393}
		{7520DDF5-B686-4B35-A24B-ADC067C7747D} = {873E2C97-23BC-40AF-91CA-09921391D3A0}
		{2B028CE8-8D6B-4DB9-BC07-F7BDAF50114B} = {454E693F-333D-471A-8B8B-A5DEC41749E2}
		{1A01C4D2-6CCD-43DE-AFDD-AC31B27C0C70} = {454E693F-333D-471A-8B8B-A5DEC41749E2}
		{F7FBA8F7-BFC1-4125-9463-4CF71F2F71A3} = {454E693F-333D-471A-8B8B-A5DEC41749E2}
		{2FE5D7D0-D20C-4966-A3B3-E855A44DE191} = {0EE61CD6-64BD-4CE1-84B8-15012D1A6393}
		{F1475C67-4B35-4454-827B-822B0358EDB6} = {4EC3C9B3-7417-4BF9-A9A0-3259BD6A0D5B}
		{68598492-1EE3-403B-8E5F-3F5478C22159} = {F1475C67-4B35-4454-827B-822B0358EDB6}
		{1D7C1E84-5778-468D-A220-C5C2983CD50B} = {F1475C67-4B35-4454-827B-822B0358EDB6}
		{4B00F296-947F-45CA-A79D-622B118B134E} = {F1475C67-4B35-4454-827B-822B0358EDB6}
		{1A34EA4D-9829-4B2C-AB5E-35A984B92D32} = {454E693F-333D-471A-8B8B-A5DEC41749E2}
		{BE28A970-F2F2-40DF-897C-808E6A0E4A8B} = {AEAE34B4-E310-4938-B746-EA97918262C5}
		{CD9763B1-A838-47E0-BD43-F390EDF876CE} = {52A7AD31-E62D-4305-8689-395560BD7DA1}
		{52A7AD31-E62D-4305-8689-395560BD7DA1} = {8429F2B1-6A9A-434C-923A-7ED5D361F710}
		{AEAE34B4-E310-4938-B746-EA97918262C5} = {8429F2B1-6A9A-434C-923A-7ED5D361F710}
		{5C566782-FA3C-4216-8598-4B225F277245} = {454E693F-333D-471A-8B8B-A5DEC41749E2}
		{C57AC1B5-0A88-4D50-B0FE-1915316A54D4} = {0F3B4FB9-1CD1-405D-A849-3F20A62BC6E4}
		{9430544B-23EA-47A9-B623-95FE9B86B4B9} = {0F3B4FB9-1CD1-405D-A849-3F20A62BC6E4}
		{188F803D-46CE-4722-856D-B0613DA8BF00} = {F1475C67-4B35-4454-827B-822B0358EDB6}
		{7B02CADC-B99F-4FA5-B6D6-EF5EA2457C60} = {F1475C67-4B35-4454-827B-822B0358EDB6}
		{23B24FCB-8952-47FE-B9BB-EBE4BC3E3D85} = {F1475C67-4B35-4454-827B-822B0358EDB6}
		{C39EFFBA-10C7-4AB9-B19E-EDE6E33A9CE4} = {F1475C67-4B35-4454-827B-822B0358EDB6}
		{81826195-ECBA-4916-B0DD-3BA121CA097D} = {F1475C67-4B35-4454-827B-822B0358EDB6}
		{156FFE79-D24F-404E-90A2-3F281EE9C0BA} = {F1475C67-4B35-4454-827B-822B0358EDB6}
		{A4022D5D-8CDB-4B64-A1A3-5482D43299C9} = {454E693F-333D-471A-8B8B-A5DEC41749E2}
		{C7137981-AA55-4047-A774-979F3A4F82C9} = {454E693F-333D-471A-8B8B-A5DEC41749E2}
		{A0384C50-9734-4354-B08F-FBF7D938307C} = {454E693F-333D-471A-8B8B-A5DEC41749E2}
		{65B2BBD8-981E-48B7-A872-6ED9D86D95EF} = {454E693F-333D-471A-8B8B-A5DEC41749E2}
		{9F04606B-E2FA-4549-A78D-169F8F5A4915} = {4877EED1-EB59-42C9-ABC3-7B4EB9B6BF29}
		{429F3643-BA03-4FC0-AC9E-73879F756B93} = {4877EED1-EB59-42C9-ABC3-7B4EB9B6BF29}
		{4877EED1-EB59-42C9-ABC3-7B4EB9B6BF29} = {4EC3C9B3-7417-4BF9-A9A0-3259BD6A0D5B}
		{5222BA35-8855-4501-8752-416154FB47E0} = {AEAE34B4-E310-4938-B746-EA97918262C5}
		{8B56C9D8-BE03-40C3-84FA-ADCF4C183902} = {442923F7-F406-476D-B7C2-52892078172C}
		{207DF99B-A6B6-4E25-BB56-D204A617DDE7} = {6BC5963E-FAA8-4102-A000-BF24DE0D9B37}
		{0236DC8A-90BC-4FA8-B53D-887EAC749B2E} = {4EC3C9B3-7417-4BF9-A9A0-3259BD6A0D5B}
		{0B6445C1-5AFE-4E8A-BC8C-6F199A4FA87B} = {0236DC8A-90BC-4FA8-B53D-887EAC749B2E}
		{A8D098DF-8A23-41C7-A0C7-E81622D00008} = {0236DC8A-90BC-4FA8-B53D-887EAC749B2E}
		{A348D73B-9892-4EF1-8966-A9A91D2A08CB} = {4EC3C9B3-7417-4BF9-A9A0-3259BD6A0D5B}
		{84EDC660-E878-466F-98D9-A850C26387BF} = {63E73B65-5DCB-4ACD-A382-36B6DA32F23C}
		{B0BFFD5C-6EDF-4D2D-A7C1-D6D1EBD08794} = {34CA2543-5D47-4536-8F14-E1D0D5C84464}
		{63E73B65-5DCB-4ACD-A382-36B6DA32F23C} = {46443992-2A56-4DF1-92B7-6E4C7EA093FA}
		{CCE3752E-0331-4CA9-8685-DA17B284FE22} = {63E73B65-5DCB-4ACD-A382-36B6DA32F23C}
		{226EF6D3-B288-4FF5-BCC5-8A58C08E2165} = {63E73B65-5DCB-4ACD-A382-36B6DA32F23C}
		{FEBA61CD-FDB5-41C2-B0BB-BA17E4096CB9} = {63E73B65-5DCB-4ACD-A382-36B6DA32F23C}
		{DF654391-118C-42D2-8933-7D03D339F8F9} = {63E73B65-5DCB-4ACD-A382-36B6DA32F23C}
		{3F1F3012-66FF-4A94-AC3D-F18734FADEF7} = {46443992-2A56-4DF1-92B7-6E4C7EA093FA}
		{50197B65-7F1C-49FF-BE76-CF994F37B6AD} = {2ED8E95B-8A26-49E5-A590-001153F20A5F}
		{F2329E48-E3CE-4CE3-AC50-0EF9CE20598E} = {3F1F3012-66FF-4A94-AC3D-F18734FADEF7}
		{2ED8E95B-8A26-49E5-A590-001153F20A5F} = {736DB7E1-6AA9-466A-8470-EFC582B219FA}
		{34CA2543-5D47-4536-8F14-E1D0D5C84464} = {736DB7E1-6AA9-466A-8470-EFC582B219FA}
		{86CA70B9-E1B8-4953-BB74-B79ADBA2AE02} = {2ED8E95B-8A26-49E5-A590-001153F20A5F}
		{1000ECB1-74D2-4127-B3EB-84394B10271A} = {2ED8E95B-8A26-49E5-A590-001153F20A5F}
		{BFDA335A-BA72-4AF8-8577-E24CC08041BA} = {0236DC8A-90BC-4FA8-B53D-887EAC749B2E}
		{7782E35B-D047-423F-B268-F27A2F33BA0D} = {0236DC8A-90BC-4FA8-B53D-887EAC749B2E}
		{8AF2DF76-7C04-463D-85FC-7B3C84DB1250} = {3F1F3012-66FF-4A94-AC3D-F18734FADEF7}
		{C02531C6-7C3A-4EBC-B473-55B127449D15} = {3F1F3012-66FF-4A94-AC3D-F18734FADEF7}
		{D92FA66E-665E-4133-A9D4-3FB17E492FE9} = {3F1F3012-66FF-4A94-AC3D-F18734FADEF7}
		{993B934A-934B-4249-B79B-32DD788EE4F5} = {3F1F3012-66FF-4A94-AC3D-F18734FADEF7}
		{B0BF74BE-A23F-401D-B2F1-2AE96CCD07D1} = {34CA2543-5D47-4536-8F14-E1D0D5C84464}
		{6BC5963E-FAA8-4102-A000-BF24DE0D9B37} = {442923F7-F406-476D-B7C2-52892078172C}
		{4E781798-C5C5-405A-B8BD-B5DB9D45C2E5} = {6BC5963E-FAA8-4102-A000-BF24DE0D9B37}
		{FC37E1CD-BE4B-4E56-8637-5D7DF9C86BC4} = {6BC5963E-FAA8-4102-A000-BF24DE0D9B37}
		{9A02616B-4D01-41E4-835D-CD40635EFA28} = {442923F7-F406-476D-B7C2-52892078172C}
		{D85BCF70-61CA-495D-AF3A-9DCB821CAE42} = {9A02616B-4D01-41E4-835D-CD40635EFA28}
		{EB2F8180-B392-4255-9A1D-E936FDE4816F} = {0F3B4FB9-1CD1-405D-A849-3F20A62BC6E4}
		{865A8005-4245-4649-916B-B554161DF25D} = {0F3B4FB9-1CD1-405D-A849-3F20A62BC6E4}
	EndGlobalSection
	GlobalSection(ExtensibilityGlobals) = postSolution
		SolutionGuid = {4E1AD5C7-B8BE-4890-9985-F2BDCAD9425F}
	EndGlobalSection
EndGlobal
