
Microsoft Visual Studio Solution File, Format Version 12.00
# Visual Studio 15
VisualStudioVersion = 15.0.27703.2018
MinimumVisualStudioVersion = 10.0.40219.1
Project("{FAE04EC0-301F-11D3-BF4B-00C04F79EFBC}") = "WordAccessManagementAddin", "WordAccessManagementAddin.csproj", "{B05A4AB2-3137-4C09-9AA1-40F5C50B3400}"
EndProject
Project("{2150E333-8FDC-42A3-9474-1A3956D46DE8}") = "01. Other Layer", "01. Other Layer", "{53614C3E-EECE-4B67-A281-AEFC13C050DF}"
EndProject
Project("{2150E333-8FDC-42A3-9474-1A3956D46DE8}") = "02. Core Layer", "02. Core Layer", "{7E1F6F72-A1C9-45BE-821B-1AD8543A76D1}"
EndProject
Project("{2150E333-8FDC-42A3-9474-1A3956D46DE8}") = "04. Startup Layer", "04. Startup Layer", "{B10C8810-6ABE-416A-9690-83279FFDBA9D}"
EndProject
Project("{9A19103F-16F7-4668-BE54-9A1E7A4F7556}") = "SimpleIdentityServer.Client", "..\..\..\..\..\..\IdServer\SimpleIdentityServer\src\Apis\SimpleIdServer\SimpleIdentityServer.Client\SimpleIdentityServer.Client.csproj", "{3D5C5FD0-62F4-4CC6-8DB5-14D2198C4831}"
EndProject
Project("{9A19103F-16F7-4668-BE54-9A1E7A4F7556}") = "SimpleIdentityServer.Core.Jwt", "..\..\..\..\..\..\IdServer\SimpleIdentityServer\src\Apis\SimpleIdServer\SimpleIdentityServer.Core.Jwt\SimpleIdentityServer.Core.Jwt.csproj", "{C1ADB19E-BF98-48B5-B758-055E6FABD558}"
EndProject
Project("{9A19103F-16F7-4668-BE54-9A1E7A4F7556}") = "SimpleIdentityServer.Core.Common", "..\..\..\..\..\..\IdServer\SimpleIdentityServer\src\Apis\SimpleIdServer\SimpleIdentityServer.Core.Common\SimpleIdentityServer.Core.Common.csproj", "{31EF5813-D2DE-4E34-8020-A970CCE8075F}"
EndProject
Project("{9A19103F-16F7-4668-BE54-9A1E7A4F7556}") = "System.Security.Cryptography.Algorithms.Extensions", "..\..\..\..\..\..\IdServer\SimpleIdentityServer\src\Lib\System.Security.Cryptography.Algorithms.Extensions\System.Security.Cryptography.Algorithms.Extensions.csproj", "{B59DF624-CCFB-44D9-80BE-28A12A4ACCDE}"
EndProject
Project("{9A19103F-16F7-4668-BE54-9A1E7A4F7556}") = "SimpleIdentityServer.DocumentManagement.Core", "..\..\SimpleIdentityServer.DocumentManagement.Core\SimpleIdentityServer.DocumentManagement.Core.csproj", "{90503359-DB8E-42CD-A883-5F640984B017}"
EndProject
Project("{9A19103F-16F7-4668-BE54-9A1E7A4F7556}") = "SimpleIdentityServer.DocumentManagement.Api", "..\..\SimpleIdentityServer.DocumentManagement.Api\SimpleIdentityServer.DocumentManagement.Api.csproj", "{47EAA76E-0242-4E09-BE30-2939049E1F0C}"
EndProject
Project("{2150E333-8FDC-42A3-9474-1A3956D46DE8}") = "03. Data Layer", "03. Data Layer", "{C7034B8E-F5D6-495D-8EE8-BCCB47FC9F7F}"
EndProject
Project("{9A19103F-16F7-4668-BE54-9A1E7A4F7556}") = "SimpleIdentityServer.DocumentManagement.Startup", "..\..\SimpleIdentityServer.DocumentManagement.Startup\SimpleIdentityServer.DocumentManagement.Startup.csproj", "{F09F7423-F792-4E69-8E65-98D12EE683C7}"
EndProject
Project("{9A19103F-16F7-4668-BE54-9A1E7A4F7556}") = "SimpleIdentityServer.DocumentManagement.EF", "..\..\SimpleIdentityServer.DocumentManagement.EF\SimpleIdentityServer.DocumentManagement.EF.csproj", "{7CCC2B08-EC51-4F51-BD1D-A5435C512DCF}"
EndProject
Project("{9A19103F-16F7-4668-BE54-9A1E7A4F7556}") = "SimpleIdentityServer.DocumentManagement.EF.InMemory", "..\..\SimpleIdentityServer.DocumentManagement.EF.InMemory\SimpleIdentityServer.DocumentManagement.EF.InMemory.csproj", "{780D149D-6397-426E-8391-F10D6BE8828E}"
EndProject
Global
	GlobalSection(SolutionConfigurationPlatforms) = preSolution
		Debug|Any CPU = Debug|Any CPU
		Release|Any CPU = Release|Any CPU
	EndGlobalSection
	GlobalSection(ProjectConfigurationPlatforms) = postSolution
		{B05A4AB2-3137-4C09-9AA1-40F5C50B3400}.Debug|Any CPU.ActiveCfg = Debug|Any CPU
		{B05A4AB2-3137-4C09-9AA1-40F5C50B3400}.Debug|Any CPU.Build.0 = Debug|Any CPU
		{B05A4AB2-3137-4C09-9AA1-40F5C50B3400}.Release|Any CPU.ActiveCfg = Release|Any CPU
		{B05A4AB2-3137-4C09-9AA1-40F5C50B3400}.Release|Any CPU.Build.0 = Release|Any CPU
		{3D5C5FD0-62F4-4CC6-8DB5-14D2198C4831}.Debug|Any CPU.ActiveCfg = Debug|Any CPU
		{3D5C5FD0-62F4-4CC6-8DB5-14D2198C4831}.Debug|Any CPU.Build.0 = Debug|Any CPU
		{3D5C5FD0-62F4-4CC6-8DB5-14D2198C4831}.Release|Any CPU.ActiveCfg = Release|Any CPU
		{3D5C5FD0-62F4-4CC6-8DB5-14D2198C4831}.Release|Any CPU.Build.0 = Release|Any CPU
		{C1ADB19E-BF98-48B5-B758-055E6FABD558}.Debug|Any CPU.ActiveCfg = Debug|Any CPU
		{C1ADB19E-BF98-48B5-B758-055E6FABD558}.Debug|Any CPU.Build.0 = Debug|Any CPU
		{C1ADB19E-BF98-48B5-B758-055E6FABD558}.Release|Any CPU.ActiveCfg = Release|Any CPU
		{C1ADB19E-BF98-48B5-B758-055E6FABD558}.Release|Any CPU.Build.0 = Release|Any CPU
		{31EF5813-D2DE-4E34-8020-A970CCE8075F}.Debug|Any CPU.ActiveCfg = Debug|Any CPU
		{31EF5813-D2DE-4E34-8020-A970CCE8075F}.Debug|Any CPU.Build.0 = Debug|Any CPU
		{31EF5813-D2DE-4E34-8020-A970CCE8075F}.Release|Any CPU.ActiveCfg = Release|Any CPU
		{31EF5813-D2DE-4E34-8020-A970CCE8075F}.Release|Any CPU.Build.0 = Release|Any CPU
		{B59DF624-CCFB-44D9-80BE-28A12A4ACCDE}.Debug|Any CPU.ActiveCfg = Debug|Any CPU
		{B59DF624-CCFB-44D9-80BE-28A12A4ACCDE}.Debug|Any CPU.Build.0 = Debug|Any CPU
		{B59DF624-CCFB-44D9-80BE-28A12A4ACCDE}.Release|Any CPU.ActiveCfg = Release|Any CPU
		{B59DF624-CCFB-44D9-80BE-28A12A4ACCDE}.Release|Any CPU.Build.0 = Release|Any CPU
		{90503359-DB8E-42CD-A883-5F640984B017}.Debug|Any CPU.ActiveCfg = Debug|Any CPU
		{90503359-DB8E-42CD-A883-5F640984B017}.Debug|Any CPU.Build.0 = Debug|Any CPU
		{90503359-DB8E-42CD-A883-5F640984B017}.Release|Any CPU.ActiveCfg = Release|Any CPU
		{90503359-DB8E-42CD-A883-5F640984B017}.Release|Any CPU.Build.0 = Release|Any CPU
		{47EAA76E-0242-4E09-BE30-2939049E1F0C}.Debug|Any CPU.ActiveCfg = Debug|Any CPU
		{47EAA76E-0242-4E09-BE30-2939049E1F0C}.Debug|Any CPU.Build.0 = Debug|Any CPU
		{47EAA76E-0242-4E09-BE30-2939049E1F0C}.Release|Any CPU.ActiveCfg = Release|Any CPU
		{47EAA76E-0242-4E09-BE30-2939049E1F0C}.Release|Any CPU.Build.0 = Release|Any CPU
		{F09F7423-F792-4E69-8E65-98D12EE683C7}.Debug|Any CPU.ActiveCfg = Debug|Any CPU
		{F09F7423-F792-4E69-8E65-98D12EE683C7}.Debug|Any CPU.Build.0 = Debug|Any CPU
		{F09F7423-F792-4E69-8E65-98D12EE683C7}.Release|Any CPU.ActiveCfg = Release|Any CPU
		{F09F7423-F792-4E69-8E65-98D12EE683C7}.Release|Any CPU.Build.0 = Release|Any CPU
		{7CCC2B08-EC51-4F51-BD1D-A5435C512DCF}.Debug|Any CPU.ActiveCfg = Debug|Any CPU
		{7CCC2B08-EC51-4F51-BD1D-A5435C512DCF}.Debug|Any CPU.Build.0 = Debug|Any CPU
		{7CCC2B08-EC51-4F51-BD1D-A5435C512DCF}.Release|Any CPU.ActiveCfg = Release|Any CPU
		{7CCC2B08-EC51-4F51-BD1D-A5435C512DCF}.Release|Any CPU.Build.0 = Release|Any CPU
		{780D149D-6397-426E-8391-F10D6BE8828E}.Debug|Any CPU.ActiveCfg = Debug|Any CPU
		{780D149D-6397-426E-8391-F10D6BE8828E}.Debug|Any CPU.Build.0 = Debug|Any CPU
		{780D149D-6397-426E-8391-F10D6BE8828E}.Release|Any CPU.ActiveCfg = Release|Any CPU
		{780D149D-6397-426E-8391-F10D6BE8828E}.Release|Any CPU.Build.0 = Release|Any CPU
	EndGlobalSection
	GlobalSection(SolutionProperties) = preSolution
		HideSolutionNode = FALSE
	EndGlobalSection
	GlobalSection(NestedProjects) = preSolution
		{B05A4AB2-3137-4C09-9AA1-40F5C50B3400} = {B10C8810-6ABE-416A-9690-83279FFDBA9D}
		{3D5C5FD0-62F4-4CC6-8DB5-14D2198C4831} = {53614C3E-EECE-4B67-A281-AEFC13C050DF}
		{C1ADB19E-BF98-48B5-B758-055E6FABD558} = {53614C3E-EECE-4B67-A281-AEFC13C050DF}
		{31EF5813-D2DE-4E34-8020-A970CCE8075F} = {53614C3E-EECE-4B67-A281-AEFC13C050DF}
		{B59DF624-CCFB-44D9-80BE-28A12A4ACCDE} = {53614C3E-EECE-4B67-A281-AEFC13C050DF}
		{90503359-DB8E-42CD-A883-5F640984B017} = {7E1F6F72-A1C9-45BE-821B-1AD8543A76D1}
		{47EAA76E-0242-4E09-BE30-2939049E1F0C} = {7E1F6F72-A1C9-45BE-821B-1AD8543A76D1}
		{F09F7423-F792-4E69-8E65-98D12EE683C7} = {7E1F6F72-A1C9-45BE-821B-1AD8543A76D1}
		{7CCC2B08-EC51-4F51-BD1D-A5435C512DCF} = {C7034B8E-F5D6-495D-8EE8-BCCB47FC9F7F}
		{780D149D-6397-426E-8391-F10D6BE8828E} = {C7034B8E-F5D6-495D-8EE8-BCCB47FC9F7F}
	EndGlobalSection
	GlobalSection(ExtensibilityGlobals) = postSolution
		SolutionGuid = {9B229C89-2BC1-48C9-A25F-C03E59BF6EBB}
	EndGlobalSection
EndGlobal
